
Microsoft Visual Studio Solution File, Format Version 12.00
# Visual Studio Version 16
VisualStudioVersion = 16.0.30204.135
MinimumVisualStudioVersion = 10.0.40219.1
Project("{2150E333-8FDC-42A3-9474-1A3956D46DE8}") = "Tests", "Tests", "{E5ECBEAD-F934-46D0-8B0A-DFD7921195FE}"
EndProject
Project("{2150E333-8FDC-42A3-9474-1A3956D46DE8}") = "Plug-ins", "Plug-ins", "{73B4E9E2-4534-4F37-940F-CD74CE8229D6}"
EndProject
Project("{2150E333-8FDC-42A3-9474-1A3956D46DE8}") = "Sysinternals", "Sysinternals", "{BD16F09F-0A5F-4280-889C-A2DC9C03F823}"
EndProject
Project("{2150E333-8FDC-42A3-9474-1A3956D46DE8}") = "Azure", "Azure", "{62459631-E182-4541-9C9E-FEBA1F619A18}"
EndProject
Project("{FAE04EC0-301F-11D3-BF4B-00C04F79EFBC}") = "logjoint.regex", "logjoint.regex\logjoint.regex.csproj", "{BD86CFB6-6F33-49C4-9D37-B8B7C98AA045}"
EndProject
Project("{FAE04EC0-301F-11D3-BF4B-00C04F79EFBC}") = "logjoint", "logjoint.winforms\logjoint.csproj", "{929F7C79-E2BB-4E6C-AF17-F21E5025265A}"
EndProject
Project("{FAE04EC0-301F-11D3-BF4B-00C04F79EFBC}") = "logjoint.updater", "logjoint.updater\logjoint.updater.csproj", "{BE661D5D-8A37-47A5-BB6E-2EB743C99A45}"
EndProject
Project("{FAE04EC0-301F-11D3-BF4B-00C04F79EFBC}") = "logjoint.azure.model.tests", "..\..\extensions\azure\platforms\windows\logjoint.azure.model.tests\logjoint.azure.model.tests.csproj", "{57872D23-1C9A-4185-8FC7-823EDC17523D}"
EndProject
Project("{FAE04EC0-301F-11D3-BF4B-00C04F79EFBC}") = "logjoint.azure.plugin", "..\..\extensions\azure\platforms\windows\logjoint.azure.plugin\logjoint.azure.plugin.csproj", "{09F1AEF4-B2F1-4E79-A138-D3E54C5EA561}"
EndProject
Project("{FAE04EC0-301F-11D3-BF4B-00C04F79EFBC}") = "logjoint.azure.model", "..\..\extensions\azure\platforms\windows\logjoint.azure.model\logjoint.azure.model.csproj", "{1BA8AC55-DFD6-4184-8E2D-A63133CEA115}"
EndProject
Project("{FAE04EC0-301F-11D3-BF4B-00C04F79EFBC}") = "logjoint.sysinternals.plugin.model", "..\..\extensions\sysinternals\platforms\windows\logjoint.sysinternals.plugin.model\logjoint.sysinternals.plugin.model.csproj", "{8D7F3DB3-D15D-4EE0-97A3-CD42889AD5EA}"
EndProject
Project("{FAE04EC0-301F-11D3-BF4B-00C04F79EFBC}") = "logjoint.sysinternals.plugin", "..\..\extensions\sysinternals\platforms\windows\logjoint.sysinternals.plugin\logjoint.sysinternals.plugin.csproj", "{16FBDD8B-1442-4752-9F27-655D36DE3342}"
EndProject
Project("{2150E333-8FDC-42A3-9474-1A3956D46DE8}") = "Chromium", "Chromium", "{CEABF9D9-BEF3-4421-ACA7-477BB356197A}"
EndProject
Project("{FAE04EC0-301F-11D3-BF4B-00C04F79EFBC}") = "logjoint.updatetool", "logjoint.updatetool\logjoint.updatetool.csproj", "{37291EB6-75CE-4708-BF88-D4E9B7EE976A}"
EndProject
Project("{FAE04EC0-301F-11D3-BF4B-00C04F79EFBC}") = "logjoint.web.installer", "logjoint.web.installer\logjoint.web.installer.csproj", "{C6E3265F-DB48-4566-8617-A9EBC4133C5D}"
EndProject
Project("{2150E333-8FDC-42A3-9474-1A3956D46DE8}") = "Tools", "Tools", "{E77958ED-BAD9-4F26-8BC0-6CDF0F88B77C}"
EndProject
Project("{FAE04EC0-301F-11D3-BF4B-00C04F79EFBC}") = "logjoint.test.logging.app", "logjoint.test.logging.app\logjoint.test.logging.app.csproj", "{4E3A38C0-3AE7-4140-AEC3-C7A34566979B}"
EndProject
Project("{2150E333-8FDC-42A3-9474-1A3956D46DE8}") = "PacketAnalysis", "PacketAnalysis", "{09B349A1-3052-4DC3-A2C5-70506B5FE2A2}"
EndProject
Project("{FAE04EC0-301F-11D3-BF4B-00C04F79EFBC}") = "logjoint.packet-analysis.plugin", "..\..\extensions\packet-analysis\platforms\windows\logjoint.packet-analysis.plugin\logjoint.packet-analysis.plugin.csproj", "{E84CB001-5D95-437B-BF2C-B72E1441A173}"
EndProject
Project("{2150E333-8FDC-42A3-9474-1A3956D46DE8}") = "sdk", "sdk", "{54ED413E-138D-4FC9-853B-29C3476F9ECB}"
EndProject
Project("{FAE04EC0-301F-11D3-BF4B-00C04F79EFBC}") = "logjoint.sdk", "sdk\logjoint.sdk\logjoint.sdk.csproj", "{4726350D-E0C1-43A2-A491-6C4558115A62}"
EndProject
Project("{9A19103F-16F7-4668-BE54-9A1E7A4F7556}") = "logjoint.model.sdk", "..\..\sdk\model\logjoint.model.sdk.csproj", "{AEABDCA0-469B-4B49-9904-B04699E88858}"
EndProject
Project("{9A19103F-16F7-4668-BE54-9A1E7A4F7556}") = "logjoint.presentation.sdk", "..\..\sdk\presentation\logjoint.presentation.sdk.csproj", "{E5D1D49D-FDFA-42DF-B2D1-1E97B3658B9D}"
EndProject
Project("{9A19103F-16F7-4668-BE54-9A1E7A4F7556}") = "logjoint.chromium.plugin.model.sdk", "..\..\extensions\chromium\model.sdk\logjoint.chromium.plugin.model.sdk.csproj", "{28BA2B03-97D0-4A56-807C-81EAD4B1EFBA}"
EndProject
Project("{9A19103F-16F7-4668-BE54-9A1E7A4F7556}") = "logjoint.chromium.plugin.model", "..\..\extensions\chromium\model\logjoint.chromium.plugin.model.csproj", "{5380585C-795F-45BF-86AC-3E634992E709}"
EndProject
Project("{9A19103F-16F7-4668-BE54-9A1E7A4F7556}") = "logjoint.chromium.plugin.presentation", "..\..\extensions\chromium\presentation\logjoint.chromium.plugin.presentation.csproj", "{B9D611E2-03E2-48F1-AC5F-3745033091E4}"
EndProject
Project("{9A19103F-16F7-4668-BE54-9A1E7A4F7556}") = "logjoint.chromium.plugin", "..\..\extensions\chromium\plugin\logjoint.chromium.plugin.csproj", "{CC560C2A-CDE8-45B1-BEC6-FED6DDEB1346}"
EndProject
Project("{9A19103F-16F7-4668-BE54-9A1E7A4F7556}") = "logjoint.packet-analysis.plugin.model", "..\..\extensions\packet-analysis\model\logjoint.packet-analysis.plugin.model.csproj", "{73894319-DF61-4686-9F03-2E20DA252459}"
EndProject
Project("{9A19103F-16F7-4668-BE54-9A1E7A4F7556}") = "logjoint.packet-analysis.plugin.presentation", "..\..\extensions\packet-analysis\presentation\logjoint.packet-analysis.plugin.presentation.csproj", "{107111DD-CB76-467D-AE8A-AC63A4FD8E5B}"
EndProject
Project("{9A19103F-16F7-4668-BE54-9A1E7A4F7556}") = "logjoint.model", "..\..\model\logjoint.model.csproj", "{A46E3F7F-86DE-43B5-AE56-641CBA2F6D0E}"
EndProject
Project("{9A19103F-16F7-4668-BE54-9A1E7A4F7556}") = "logjoint.presenters", "..\..\presenters\logjoint.presenters.csproj", "{B5575D95-EDF2-4404-AEFD-AC75687BE7E4}"
EndProject
Project("{9A19103F-16F7-4668-BE54-9A1E7A4F7556}") = "logjoint.model.tests", "..\..\tests\model\logjoint.model.tests.csproj", "{D81F9F5B-BF80-4D64-B8D6-20224332A9BF}"
EndProject
Project("{9A19103F-16F7-4668-BE54-9A1E7A4F7556}") = "logjoint.presentation.tests", "..\..\tests\presentation\logjoint.presentation.tests.csproj", "{A19AE1C4-8BAE-4074-B880-15FBAFBE34CE}"
EndProject
Project("{9A19103F-16F7-4668-BE54-9A1E7A4F7556}") = "logjoint.integration.tests", "..\..\tests\integration\logjoint.integration.tests.csproj", "{F65929F3-86D5-479A-8DBE-FC00C1C2BB69}"
EndProject
Project("{2150E333-8FDC-42A3-9474-1A3956D46DE8}") = "Tests", "Tests", "{217E5336-2FA6-46FF-BE65-163D6519ACCB}"
EndProject
Project("{9A19103F-16F7-4668-BE54-9A1E7A4F7556}") = "logjoint.chromium.plugin.integration", "..\..\extensions\chromium\tests\integration\logjoint.chromium.plugin.integration.csproj", "{E4F53EB9-B947-482D-AF92-ED73B58AE3EE}"
EndProject
Project("{2150E333-8FDC-42A3-9474-1A3956D46DE8}") = "Tests", "Tests", "{26ACA903-32CE-4029-AA91-ACCCFB533D60}"
EndProject
Project("{9A19103F-16F7-4668-BE54-9A1E7A4F7556}") = "logjoint.packet-analysis.plugin.integration", "..\..\extensions\packet-analysis\tests\integration\logjoint.packet-analysis.plugin.integration.csproj", "{956959C8-9031-4532-9FA7-10D11239F7CA}"
EndProject
Project("{9A19103F-16F7-4668-BE54-9A1E7A4F7556}") = "logjoint.plugintool", "..\..\sdk\tools\logjoint.plugintool\logjoint.plugintool.csproj", "{1FCFA8A8-639A-43B5-A94E-BD525FE92C68}"
EndProject
Project("{9A19103F-16F7-4668-BE54-9A1E7A4F7556}") = "logjoint.testing.sdk", "..\..\sdk\testing\logjoint.testing.sdk.csproj", "{7B2E2170-501E-456E-BCC0-8EBBB721C217}"
EndProject
Project("{9A19103F-16F7-4668-BE54-9A1E7A4F7556}") = "logjoint.wasm", "..\blazor\logjoint.wasm\logjoint.wasm.csproj", "{A35F73DA-623A-4864-8A3D-58DBFFE3FC03}"
EndProject
Global
	GlobalSection(SolutionConfigurationPlatforms) = preSolution
		Debug|Any CPU = Debug|Any CPU
		Debug|Mixed Platforms = Debug|Mixed Platforms
		Release|Any CPU = Release|Any CPU
		Release|Mixed Platforms = Release|Mixed Platforms
	EndGlobalSection
	GlobalSection(ProjectConfigurationPlatforms) = postSolution
		{BD86CFB6-6F33-49C4-9D37-B8B7C98AA045}.Debug|Any CPU.ActiveCfg = Debug|Any CPU
		{BD86CFB6-6F33-49C4-9D37-B8B7C98AA045}.Debug|Any CPU.Build.0 = Debug|Any CPU
		{BD86CFB6-6F33-49C4-9D37-B8B7C98AA045}.Debug|Mixed Platforms.ActiveCfg = Debug|Any CPU
		{BD86CFB6-6F33-49C4-9D37-B8B7C98AA045}.Debug|Mixed Platforms.Build.0 = Debug|Any CPU
		{BD86CFB6-6F33-49C4-9D37-B8B7C98AA045}.Release|Any CPU.ActiveCfg = Release|Any CPU
		{BD86CFB6-6F33-49C4-9D37-B8B7C98AA045}.Release|Any CPU.Build.0 = Release|Any CPU
		{BD86CFB6-6F33-49C4-9D37-B8B7C98AA045}.Release|Mixed Platforms.ActiveCfg = Release|Any CPU
		{BD86CFB6-6F33-49C4-9D37-B8B7C98AA045}.Release|Mixed Platforms.Build.0 = Release|Any CPU
		{929F7C79-E2BB-4E6C-AF17-F21E5025265A}.Debug|Any CPU.ActiveCfg = Debug|Any CPU
		{929F7C79-E2BB-4E6C-AF17-F21E5025265A}.Debug|Any CPU.Build.0 = Debug|Any CPU
		{929F7C79-E2BB-4E6C-AF17-F21E5025265A}.Debug|Mixed Platforms.ActiveCfg = Debug|Any CPU
		{929F7C79-E2BB-4E6C-AF17-F21E5025265A}.Debug|Mixed Platforms.Build.0 = Debug|Any CPU
		{929F7C79-E2BB-4E6C-AF17-F21E5025265A}.Release|Any CPU.ActiveCfg = Release|Any CPU
		{929F7C79-E2BB-4E6C-AF17-F21E5025265A}.Release|Any CPU.Build.0 = Release|Any CPU
		{929F7C79-E2BB-4E6C-AF17-F21E5025265A}.Release|Mixed Platforms.ActiveCfg = Release|Any CPU
		{929F7C79-E2BB-4E6C-AF17-F21E5025265A}.Release|Mixed Platforms.Build.0 = Release|Any CPU
		{BE661D5D-8A37-47A5-BB6E-2EB743C99A45}.Debug|Any CPU.ActiveCfg = Debug|Any CPU
		{BE661D5D-8A37-47A5-BB6E-2EB743C99A45}.Debug|Any CPU.Build.0 = Debug|Any CPU
		{BE661D5D-8A37-47A5-BB6E-2EB743C99A45}.Debug|Mixed Platforms.ActiveCfg = Debug|Any CPU
		{BE661D5D-8A37-47A5-BB6E-2EB743C99A45}.Debug|Mixed Platforms.Build.0 = Debug|Any CPU
		{BE661D5D-8A37-47A5-BB6E-2EB743C99A45}.Release|Any CPU.ActiveCfg = Release|Any CPU
		{BE661D5D-8A37-47A5-BB6E-2EB743C99A45}.Release|Any CPU.Build.0 = Release|Any CPU
		{BE661D5D-8A37-47A5-BB6E-2EB743C99A45}.Release|Mixed Platforms.ActiveCfg = Release|Any CPU
		{BE661D5D-8A37-47A5-BB6E-2EB743C99A45}.Release|Mixed Platforms.Build.0 = Release|Any CPU
		{57872D23-1C9A-4185-8FC7-823EDC17523D}.Debug|Any CPU.ActiveCfg = Debug|Any CPU
		{57872D23-1C9A-4185-8FC7-823EDC17523D}.Debug|Any CPU.Build.0 = Debug|Any CPU
		{57872D23-1C9A-4185-8FC7-823EDC17523D}.Debug|Mixed Platforms.ActiveCfg = Debug|Any CPU
		{57872D23-1C9A-4185-8FC7-823EDC17523D}.Debug|Mixed Platforms.Build.0 = Debug|Any CPU
		{57872D23-1C9A-4185-8FC7-823EDC17523D}.Release|Any CPU.ActiveCfg = Release|Any CPU
		{57872D23-1C9A-4185-8FC7-823EDC17523D}.Release|Any CPU.Build.0 = Release|Any CPU
		{57872D23-1C9A-4185-8FC7-823EDC17523D}.Release|Mixed Platforms.ActiveCfg = Release|Any CPU
		{57872D23-1C9A-4185-8FC7-823EDC17523D}.Release|Mixed Platforms.Build.0 = Release|Any CPU
		{09F1AEF4-B2F1-4E79-A138-D3E54C5EA561}.Debug|Any CPU.ActiveCfg = Debug|Any CPU
		{09F1AEF4-B2F1-4E79-A138-D3E54C5EA561}.Debug|Any CPU.Build.0 = Debug|Any CPU
		{09F1AEF4-B2F1-4E79-A138-D3E54C5EA561}.Debug|Mixed Platforms.ActiveCfg = Debug|Any CPU
		{09F1AEF4-B2F1-4E79-A138-D3E54C5EA561}.Debug|Mixed Platforms.Build.0 = Debug|Any CPU
		{09F1AEF4-B2F1-4E79-A138-D3E54C5EA561}.Release|Any CPU.ActiveCfg = Release|Any CPU
		{09F1AEF4-B2F1-4E79-A138-D3E54C5EA561}.Release|Any CPU.Build.0 = Release|Any CPU
		{09F1AEF4-B2F1-4E79-A138-D3E54C5EA561}.Release|Mixed Platforms.ActiveCfg = Release|Any CPU
		{09F1AEF4-B2F1-4E79-A138-D3E54C5EA561}.Release|Mixed Platforms.Build.0 = Release|Any CPU
		{1BA8AC55-DFD6-4184-8E2D-A63133CEA115}.Debug|Any CPU.ActiveCfg = Debug|Any CPU
		{1BA8AC55-DFD6-4184-8E2D-A63133CEA115}.Debug|Any CPU.Build.0 = Debug|Any CPU
		{1BA8AC55-DFD6-4184-8E2D-A63133CEA115}.Debug|Mixed Platforms.ActiveCfg = Debug|Any CPU
		{1BA8AC55-DFD6-4184-8E2D-A63133CEA115}.Debug|Mixed Platforms.Build.0 = Debug|Any CPU
		{1BA8AC55-DFD6-4184-8E2D-A63133CEA115}.Release|Any CPU.ActiveCfg = Release|Any CPU
		{1BA8AC55-DFD6-4184-8E2D-A63133CEA115}.Release|Any CPU.Build.0 = Release|Any CPU
		{1BA8AC55-DFD6-4184-8E2D-A63133CEA115}.Release|Mixed Platforms.ActiveCfg = Release|Any CPU
		{1BA8AC55-DFD6-4184-8E2D-A63133CEA115}.Release|Mixed Platforms.Build.0 = Release|Any CPU
		{8D7F3DB3-D15D-4EE0-97A3-CD42889AD5EA}.Debug|Any CPU.ActiveCfg = Debug|Any CPU
		{8D7F3DB3-D15D-4EE0-97A3-CD42889AD5EA}.Debug|Any CPU.Build.0 = Debug|Any CPU
		{8D7F3DB3-D15D-4EE0-97A3-CD42889AD5EA}.Debug|Mixed Platforms.ActiveCfg = Debug|Any CPU
		{8D7F3DB3-D15D-4EE0-97A3-CD42889AD5EA}.Debug|Mixed Platforms.Build.0 = Debug|Any CPU
		{8D7F3DB3-D15D-4EE0-97A3-CD42889AD5EA}.Release|Any CPU.ActiveCfg = Release|Any CPU
		{8D7F3DB3-D15D-4EE0-97A3-CD42889AD5EA}.Release|Any CPU.Build.0 = Release|Any CPU
		{8D7F3DB3-D15D-4EE0-97A3-CD42889AD5EA}.Release|Mixed Platforms.ActiveCfg = Release|Any CPU
		{8D7F3DB3-D15D-4EE0-97A3-CD42889AD5EA}.Release|Mixed Platforms.Build.0 = Release|Any CPU
		{16FBDD8B-1442-4752-9F27-655D36DE3342}.Debug|Any CPU.ActiveCfg = Debug|Any CPU
		{16FBDD8B-1442-4752-9F27-655D36DE3342}.Debug|Any CPU.Build.0 = Debug|Any CPU
		{16FBDD8B-1442-4752-9F27-655D36DE3342}.Debug|Mixed Platforms.ActiveCfg = Debug|Any CPU
		{16FBDD8B-1442-4752-9F27-655D36DE3342}.Debug|Mixed Platforms.Build.0 = Debug|Any CPU
		{16FBDD8B-1442-4752-9F27-655D36DE3342}.Release|Any CPU.ActiveCfg = Release|Any CPU
		{16FBDD8B-1442-4752-9F27-655D36DE3342}.Release|Any CPU.Build.0 = Release|Any CPU
		{16FBDD8B-1442-4752-9F27-655D36DE3342}.Release|Mixed Platforms.ActiveCfg = Release|Any CPU
		{16FBDD8B-1442-4752-9F27-655D36DE3342}.Release|Mixed Platforms.Build.0 = Release|Any CPU
		{37291EB6-75CE-4708-BF88-D4E9B7EE976A}.Debug|Any CPU.ActiveCfg = Debug|Any CPU
		{37291EB6-75CE-4708-BF88-D4E9B7EE976A}.Debug|Any CPU.Build.0 = Debug|Any CPU
		{37291EB6-75CE-4708-BF88-D4E9B7EE976A}.Debug|Mixed Platforms.ActiveCfg = Debug|Any CPU
		{37291EB6-75CE-4708-BF88-D4E9B7EE976A}.Debug|Mixed Platforms.Build.0 = Debug|Any CPU
		{37291EB6-75CE-4708-BF88-D4E9B7EE976A}.Release|Any CPU.ActiveCfg = Release|Any CPU
		{37291EB6-75CE-4708-BF88-D4E9B7EE976A}.Release|Any CPU.Build.0 = Release|Any CPU
		{37291EB6-75CE-4708-BF88-D4E9B7EE976A}.Release|Mixed Platforms.ActiveCfg = Release|Any CPU
		{37291EB6-75CE-4708-BF88-D4E9B7EE976A}.Release|Mixed Platforms.Build.0 = Release|Any CPU
		{C6E3265F-DB48-4566-8617-A9EBC4133C5D}.Debug|Any CPU.ActiveCfg = Debug|Any CPU
		{C6E3265F-DB48-4566-8617-A9EBC4133C5D}.Debug|Any CPU.Build.0 = Debug|Any CPU
		{C6E3265F-DB48-4566-8617-A9EBC4133C5D}.Debug|Mixed Platforms.ActiveCfg = Debug|Any CPU
		{C6E3265F-DB48-4566-8617-A9EBC4133C5D}.Debug|Mixed Platforms.Build.0 = Debug|Any CPU
		{C6E3265F-DB48-4566-8617-A9EBC4133C5D}.Release|Any CPU.ActiveCfg = Release|Any CPU
		{C6E3265F-DB48-4566-8617-A9EBC4133C5D}.Release|Any CPU.Build.0 = Release|Any CPU
		{C6E3265F-DB48-4566-8617-A9EBC4133C5D}.Release|Mixed Platforms.ActiveCfg = Release|Any CPU
		{C6E3265F-DB48-4566-8617-A9EBC4133C5D}.Release|Mixed Platforms.Build.0 = Release|Any CPU
		{4E3A38C0-3AE7-4140-AEC3-C7A34566979B}.Debug|Any CPU.ActiveCfg = Debug|Any CPU
		{4E3A38C0-3AE7-4140-AEC3-C7A34566979B}.Debug|Any CPU.Build.0 = Debug|Any CPU
		{4E3A38C0-3AE7-4140-AEC3-C7A34566979B}.Debug|Mixed Platforms.ActiveCfg = Debug|Any CPU
		{4E3A38C0-3AE7-4140-AEC3-C7A34566979B}.Debug|Mixed Platforms.Build.0 = Debug|Any CPU
		{4E3A38C0-3AE7-4140-AEC3-C7A34566979B}.Release|Any CPU.ActiveCfg = Release|Any CPU
		{4E3A38C0-3AE7-4140-AEC3-C7A34566979B}.Release|Any CPU.Build.0 = Release|Any CPU
		{4E3A38C0-3AE7-4140-AEC3-C7A34566979B}.Release|Mixed Platforms.ActiveCfg = Release|Any CPU
		{4E3A38C0-3AE7-4140-AEC3-C7A34566979B}.Release|Mixed Platforms.Build.0 = Release|Any CPU
		{E84CB001-5D95-437B-BF2C-B72E1441A173}.Debug|Any CPU.ActiveCfg = Debug|Any CPU
		{E84CB001-5D95-437B-BF2C-B72E1441A173}.Debug|Any CPU.Build.0 = Debug|Any CPU
		{E84CB001-5D95-437B-BF2C-B72E1441A173}.Debug|Mixed Platforms.ActiveCfg = Debug|Any CPU
		{E84CB001-5D95-437B-BF2C-B72E1441A173}.Debug|Mixed Platforms.Build.0 = Debug|Any CPU
		{E84CB001-5D95-437B-BF2C-B72E1441A173}.Release|Any CPU.ActiveCfg = Release|Any CPU
		{E84CB001-5D95-437B-BF2C-B72E1441A173}.Release|Any CPU.Build.0 = Release|Any CPU
		{E84CB001-5D95-437B-BF2C-B72E1441A173}.Release|Mixed Platforms.ActiveCfg = Release|Any CPU
		{E84CB001-5D95-437B-BF2C-B72E1441A173}.Release|Mixed Platforms.Build.0 = Release|Any CPU
		{4726350D-E0C1-43A2-A491-6C4558115A62}.Debug|Any CPU.ActiveCfg = Debug|Any CPU
		{4726350D-E0C1-43A2-A491-6C4558115A62}.Debug|Any CPU.Build.0 = Debug|Any CPU
		{4726350D-E0C1-43A2-A491-6C4558115A62}.Debug|Mixed Platforms.ActiveCfg = Debug|Any CPU
		{4726350D-E0C1-43A2-A491-6C4558115A62}.Debug|Mixed Platforms.Build.0 = Debug|Any CPU
		{4726350D-E0C1-43A2-A491-6C4558115A62}.Release|Any CPU.ActiveCfg = Release|Any CPU
		{4726350D-E0C1-43A2-A491-6C4558115A62}.Release|Any CPU.Build.0 = Release|Any CPU
		{4726350D-E0C1-43A2-A491-6C4558115A62}.Release|Mixed Platforms.ActiveCfg = Release|Any CPU
		{4726350D-E0C1-43A2-A491-6C4558115A62}.Release|Mixed Platforms.Build.0 = Release|Any CPU
		{AEABDCA0-469B-4B49-9904-B04699E88858}.Debug|Any CPU.ActiveCfg = Debug|Any CPU
		{AEABDCA0-469B-4B49-9904-B04699E88858}.Debug|Any CPU.Build.0 = Debug|Any CPU
		{AEABDCA0-469B-4B49-9904-B04699E88858}.Debug|Mixed Platforms.ActiveCfg = Debug|Any CPU
		{AEABDCA0-469B-4B49-9904-B04699E88858}.Debug|Mixed Platforms.Build.0 = Debug|Any CPU
		{AEABDCA0-469B-4B49-9904-B04699E88858}.Release|Any CPU.ActiveCfg = Release|Any CPU
		{AEABDCA0-469B-4B49-9904-B04699E88858}.Release|Any CPU.Build.0 = Release|Any CPU
		{AEABDCA0-469B-4B49-9904-B04699E88858}.Release|Mixed Platforms.ActiveCfg = Release|Any CPU
		{AEABDCA0-469B-4B49-9904-B04699E88858}.Release|Mixed Platforms.Build.0 = Release|Any CPU
		{E5D1D49D-FDFA-42DF-B2D1-1E97B3658B9D}.Debug|Any CPU.ActiveCfg = Debug|Any CPU
		{E5D1D49D-FDFA-42DF-B2D1-1E97B3658B9D}.Debug|Any CPU.Build.0 = Debug|Any CPU
		{E5D1D49D-FDFA-42DF-B2D1-1E97B3658B9D}.Debug|Mixed Platforms.ActiveCfg = Debug|Any CPU
		{E5D1D49D-FDFA-42DF-B2D1-1E97B3658B9D}.Debug|Mixed Platforms.Build.0 = Debug|Any CPU
		{E5D1D49D-FDFA-42DF-B2D1-1E97B3658B9D}.Release|Any CPU.ActiveCfg = Release|Any CPU
		{E5D1D49D-FDFA-42DF-B2D1-1E97B3658B9D}.Release|Any CPU.Build.0 = Release|Any CPU
		{E5D1D49D-FDFA-42DF-B2D1-1E97B3658B9D}.Release|Mixed Platforms.ActiveCfg = Release|Any CPU
		{E5D1D49D-FDFA-42DF-B2D1-1E97B3658B9D}.Release|Mixed Platforms.Build.0 = Release|Any CPU
		{28BA2B03-97D0-4A56-807C-81EAD4B1EFBA}.Debug|Any CPU.ActiveCfg = Debug|Any CPU
		{28BA2B03-97D0-4A56-807C-81EAD4B1EFBA}.Debug|Any CPU.Build.0 = Debug|Any CPU
		{28BA2B03-97D0-4A56-807C-81EAD4B1EFBA}.Debug|Mixed Platforms.ActiveCfg = Debug|Any CPU
		{28BA2B03-97D0-4A56-807C-81EAD4B1EFBA}.Debug|Mixed Platforms.Build.0 = Debug|Any CPU
		{28BA2B03-97D0-4A56-807C-81EAD4B1EFBA}.Release|Any CPU.ActiveCfg = Release|Any CPU
		{28BA2B03-97D0-4A56-807C-81EAD4B1EFBA}.Release|Any CPU.Build.0 = Release|Any CPU
		{28BA2B03-97D0-4A56-807C-81EAD4B1EFBA}.Release|Mixed Platforms.ActiveCfg = Release|Any CPU
		{28BA2B03-97D0-4A56-807C-81EAD4B1EFBA}.Release|Mixed Platforms.Build.0 = Release|Any CPU
		{5380585C-795F-45BF-86AC-3E634992E709}.Debug|Any CPU.ActiveCfg = Debug|Any CPU
		{5380585C-795F-45BF-86AC-3E634992E709}.Debug|Any CPU.Build.0 = Debug|Any CPU
		{5380585C-795F-45BF-86AC-3E634992E709}.Debug|Mixed Platforms.ActiveCfg = Debug|Any CPU
		{5380585C-795F-45BF-86AC-3E634992E709}.Debug|Mixed Platforms.Build.0 = Debug|Any CPU
		{5380585C-795F-45BF-86AC-3E634992E709}.Release|Any CPU.ActiveCfg = Release|Any CPU
		{5380585C-795F-45BF-86AC-3E634992E709}.Release|Any CPU.Build.0 = Release|Any CPU
		{5380585C-795F-45BF-86AC-3E634992E709}.Release|Mixed Platforms.ActiveCfg = Release|Any CPU
		{5380585C-795F-45BF-86AC-3E634992E709}.Release|Mixed Platforms.Build.0 = Release|Any CPU
		{B9D611E2-03E2-48F1-AC5F-3745033091E4}.Debug|Any CPU.ActiveCfg = Debug|Any CPU
		{B9D611E2-03E2-48F1-AC5F-3745033091E4}.Debug|Any CPU.Build.0 = Debug|Any CPU
		{B9D611E2-03E2-48F1-AC5F-3745033091E4}.Debug|Mixed Platforms.ActiveCfg = Debug|Any CPU
		{B9D611E2-03E2-48F1-AC5F-3745033091E4}.Debug|Mixed Platforms.Build.0 = Debug|Any CPU
		{B9D611E2-03E2-48F1-AC5F-3745033091E4}.Release|Any CPU.ActiveCfg = Release|Any CPU
		{B9D611E2-03E2-48F1-AC5F-3745033091E4}.Release|Any CPU.Build.0 = Release|Any CPU
		{B9D611E2-03E2-48F1-AC5F-3745033091E4}.Release|Mixed Platforms.ActiveCfg = Release|Any CPU
		{B9D611E2-03E2-48F1-AC5F-3745033091E4}.Release|Mixed Platforms.Build.0 = Release|Any CPU
		{CC560C2A-CDE8-45B1-BEC6-FED6DDEB1346}.Debug|Any CPU.ActiveCfg = Debug|Any CPU
		{CC560C2A-CDE8-45B1-BEC6-FED6DDEB1346}.Debug|Any CPU.Build.0 = Debug|Any CPU
		{CC560C2A-CDE8-45B1-BEC6-FED6DDEB1346}.Debug|Mixed Platforms.ActiveCfg = Debug|Any CPU
		{CC560C2A-CDE8-45B1-BEC6-FED6DDEB1346}.Debug|Mixed Platforms.Build.0 = Debug|Any CPU
		{CC560C2A-CDE8-45B1-BEC6-FED6DDEB1346}.Release|Any CPU.ActiveCfg = Release|Any CPU
		{CC560C2A-CDE8-45B1-BEC6-FED6DDEB1346}.Release|Any CPU.Build.0 = Release|Any CPU
		{CC560C2A-CDE8-45B1-BEC6-FED6DDEB1346}.Release|Mixed Platforms.ActiveCfg = Release|Any CPU
		{CC560C2A-CDE8-45B1-BEC6-FED6DDEB1346}.Release|Mixed Platforms.Build.0 = Release|Any CPU
		{73894319-DF61-4686-9F03-2E20DA252459}.Debug|Any CPU.ActiveCfg = Debug|Any CPU
		{73894319-DF61-4686-9F03-2E20DA252459}.Debug|Any CPU.Build.0 = Debug|Any CPU
		{73894319-DF61-4686-9F03-2E20DA252459}.Debug|Mixed Platforms.ActiveCfg = Debug|Any CPU
		{73894319-DF61-4686-9F03-2E20DA252459}.Debug|Mixed Platforms.Build.0 = Debug|Any CPU
		{73894319-DF61-4686-9F03-2E20DA252459}.Release|Any CPU.ActiveCfg = Release|Any CPU
		{73894319-DF61-4686-9F03-2E20DA252459}.Release|Any CPU.Build.0 = Release|Any CPU
		{73894319-DF61-4686-9F03-2E20DA252459}.Release|Mixed Platforms.ActiveCfg = Release|Any CPU
		{73894319-DF61-4686-9F03-2E20DA252459}.Release|Mixed Platforms.Build.0 = Release|Any CPU
		{107111DD-CB76-467D-AE8A-AC63A4FD8E5B}.Debug|Any CPU.ActiveCfg = Debug|Any CPU
		{107111DD-CB76-467D-AE8A-AC63A4FD8E5B}.Debug|Any CPU.Build.0 = Debug|Any CPU
		{107111DD-CB76-467D-AE8A-AC63A4FD8E5B}.Debug|Mixed Platforms.ActiveCfg = Debug|Any CPU
		{107111DD-CB76-467D-AE8A-AC63A4FD8E5B}.Debug|Mixed Platforms.Build.0 = Debug|Any CPU
		{107111DD-CB76-467D-AE8A-AC63A4FD8E5B}.Release|Any CPU.ActiveCfg = Release|Any CPU
		{107111DD-CB76-467D-AE8A-AC63A4FD8E5B}.Release|Any CPU.Build.0 = Release|Any CPU
		{107111DD-CB76-467D-AE8A-AC63A4FD8E5B}.Release|Mixed Platforms.ActiveCfg = Release|Any CPU
		{107111DD-CB76-467D-AE8A-AC63A4FD8E5B}.Release|Mixed Platforms.Build.0 = Release|Any CPU
		{A46E3F7F-86DE-43B5-AE56-641CBA2F6D0E}.Debug|Any CPU.ActiveCfg = Debug|Any CPU
		{A46E3F7F-86DE-43B5-AE56-641CBA2F6D0E}.Debug|Any CPU.Build.0 = Debug|Any CPU
		{A46E3F7F-86DE-43B5-AE56-641CBA2F6D0E}.Debug|Mixed Platforms.ActiveCfg = Debug|Any CPU
		{A46E3F7F-86DE-43B5-AE56-641CBA2F6D0E}.Debug|Mixed Platforms.Build.0 = Debug|Any CPU
		{A46E3F7F-86DE-43B5-AE56-641CBA2F6D0E}.Release|Any CPU.ActiveCfg = Release|Any CPU
		{A46E3F7F-86DE-43B5-AE56-641CBA2F6D0E}.Release|Any CPU.Build.0 = Release|Any CPU
		{A46E3F7F-86DE-43B5-AE56-641CBA2F6D0E}.Release|Mixed Platforms.ActiveCfg = Release|Any CPU
		{A46E3F7F-86DE-43B5-AE56-641CBA2F6D0E}.Release|Mixed Platforms.Build.0 = Release|Any CPU
		{B5575D95-EDF2-4404-AEFD-AC75687BE7E4}.Debug|Any CPU.ActiveCfg = Debug|Any CPU
		{B5575D95-EDF2-4404-AEFD-AC75687BE7E4}.Debug|Any CPU.Build.0 = Debug|Any CPU
		{B5575D95-EDF2-4404-AEFD-AC75687BE7E4}.Debug|Mixed Platforms.ActiveCfg = Debug|Any CPU
		{B5575D95-EDF2-4404-AEFD-AC75687BE7E4}.Debug|Mixed Platforms.Build.0 = Debug|Any CPU
		{B5575D95-EDF2-4404-AEFD-AC75687BE7E4}.Release|Any CPU.ActiveCfg = Release|Any CPU
		{B5575D95-EDF2-4404-AEFD-AC75687BE7E4}.Release|Any CPU.Build.0 = Release|Any CPU
		{B5575D95-EDF2-4404-AEFD-AC75687BE7E4}.Release|Mixed Platforms.ActiveCfg = Release|Any CPU
		{B5575D95-EDF2-4404-AEFD-AC75687BE7E4}.Release|Mixed Platforms.Build.0 = Release|Any CPU
		{D81F9F5B-BF80-4D64-B8D6-20224332A9BF}.Debug|Any CPU.ActiveCfg = Debug|Any CPU
		{D81F9F5B-BF80-4D64-B8D6-20224332A9BF}.Debug|Any CPU.Build.0 = Debug|Any CPU
		{D81F9F5B-BF80-4D64-B8D6-20224332A9BF}.Debug|Mixed Platforms.ActiveCfg = Debug|Any CPU
		{D81F9F5B-BF80-4D64-B8D6-20224332A9BF}.Debug|Mixed Platforms.Build.0 = Debug|Any CPU
		{D81F9F5B-BF80-4D64-B8D6-20224332A9BF}.Release|Any CPU.ActiveCfg = Release|Any CPU
		{D81F9F5B-BF80-4D64-B8D6-20224332A9BF}.Release|Any CPU.Build.0 = Release|Any CPU
		{D81F9F5B-BF80-4D64-B8D6-20224332A9BF}.Release|Mixed Platforms.ActiveCfg = Release|Any CPU
		{D81F9F5B-BF80-4D64-B8D6-20224332A9BF}.Release|Mixed Platforms.Build.0 = Release|Any CPU
		{A19AE1C4-8BAE-4074-B880-15FBAFBE34CE}.Debug|Any CPU.ActiveCfg = Debug|Any CPU
		{A19AE1C4-8BAE-4074-B880-15FBAFBE34CE}.Debug|Any CPU.Build.0 = Debug|Any CPU
		{A19AE1C4-8BAE-4074-B880-15FBAFBE34CE}.Debug|Mixed Platforms.ActiveCfg = Debug|Any CPU
		{A19AE1C4-8BAE-4074-B880-15FBAFBE34CE}.Debug|Mixed Platforms.Build.0 = Debug|Any CPU
		{A19AE1C4-8BAE-4074-B880-15FBAFBE34CE}.Release|Any CPU.ActiveCfg = Release|Any CPU
		{A19AE1C4-8BAE-4074-B880-15FBAFBE34CE}.Release|Any CPU.Build.0 = Release|Any CPU
		{A19AE1C4-8BAE-4074-B880-15FBAFBE34CE}.Release|Mixed Platforms.ActiveCfg = Release|Any CPU
		{A19AE1C4-8BAE-4074-B880-15FBAFBE34CE}.Release|Mixed Platforms.Build.0 = Release|Any CPU
		{F65929F3-86D5-479A-8DBE-FC00C1C2BB69}.Debug|Any CPU.ActiveCfg = DebugWithWinHost|Any CPU
		{F65929F3-86D5-479A-8DBE-FC00C1C2BB69}.Debug|Any CPU.Build.0 = DebugWithWinHost|Any CPU
		{F65929F3-86D5-479A-8DBE-FC00C1C2BB69}.Debug|Mixed Platforms.ActiveCfg = Debug|Any CPU
		{F65929F3-86D5-479A-8DBE-FC00C1C2BB69}.Debug|Mixed Platforms.Build.0 = Debug|Any CPU
		{F65929F3-86D5-479A-8DBE-FC00C1C2BB69}.Release|Any CPU.ActiveCfg = Release|Any CPU
		{F65929F3-86D5-479A-8DBE-FC00C1C2BB69}.Release|Any CPU.Build.0 = Release|Any CPU
		{F65929F3-86D5-479A-8DBE-FC00C1C2BB69}.Release|Mixed Platforms.ActiveCfg = Release|Any CPU
		{F65929F3-86D5-479A-8DBE-FC00C1C2BB69}.Release|Mixed Platforms.Build.0 = Release|Any CPU
		{E4F53EB9-B947-482D-AF92-ED73B58AE3EE}.Debug|Any CPU.ActiveCfg = Debug|Any CPU
		{E4F53EB9-B947-482D-AF92-ED73B58AE3EE}.Debug|Any CPU.Build.0 = Debug|Any CPU
		{E4F53EB9-B947-482D-AF92-ED73B58AE3EE}.Debug|Mixed Platforms.ActiveCfg = Debug|Any CPU
		{E4F53EB9-B947-482D-AF92-ED73B58AE3EE}.Debug|Mixed Platforms.Build.0 = Debug|Any CPU
		{E4F53EB9-B947-482D-AF92-ED73B58AE3EE}.Release|Any CPU.ActiveCfg = Release|Any CPU
		{E4F53EB9-B947-482D-AF92-ED73B58AE3EE}.Release|Any CPU.Build.0 = Release|Any CPU
		{E4F53EB9-B947-482D-AF92-ED73B58AE3EE}.Release|Mixed Platforms.ActiveCfg = Release|Any CPU
		{E4F53EB9-B947-482D-AF92-ED73B58AE3EE}.Release|Mixed Platforms.Build.0 = Release|Any CPU
		{956959C8-9031-4532-9FA7-10D11239F7CA}.Debug|Any CPU.ActiveCfg = Debug|Any CPU
		{956959C8-9031-4532-9FA7-10D11239F7CA}.Debug|Any CPU.Build.0 = Debug|Any CPU
		{956959C8-9031-4532-9FA7-10D11239F7CA}.Debug|Mixed Platforms.ActiveCfg = Debug|Any CPU
		{956959C8-9031-4532-9FA7-10D11239F7CA}.Debug|Mixed Platforms.Build.0 = Debug|Any CPU
		{956959C8-9031-4532-9FA7-10D11239F7CA}.Release|Any CPU.ActiveCfg = Release|Any CPU
		{956959C8-9031-4532-9FA7-10D11239F7CA}.Release|Any CPU.Build.0 = Release|Any CPU
		{956959C8-9031-4532-9FA7-10D11239F7CA}.Release|Mixed Platforms.ActiveCfg = Release|Any CPU
		{956959C8-9031-4532-9FA7-10D11239F7CA}.Release|Mixed Platforms.Build.0 = Release|Any CPU
		{1FCFA8A8-639A-43B5-A94E-BD525FE92C68}.Debug|Any CPU.ActiveCfg = Debug|Any CPU
		{1FCFA8A8-639A-43B5-A94E-BD525FE92C68}.Debug|Any CPU.Build.0 = Debug|Any CPU
		{1FCFA8A8-639A-43B5-A94E-BD525FE92C68}.Debug|Mixed Platforms.ActiveCfg = Debug|Any CPU
		{1FCFA8A8-639A-43B5-A94E-BD525FE92C68}.Debug|Mixed Platforms.Build.0 = Debug|Any CPU
		{1FCFA8A8-639A-43B5-A94E-BD525FE92C68}.Release|Any CPU.ActiveCfg = Release|Any CPU
		{1FCFA8A8-639A-43B5-A94E-BD525FE92C68}.Release|Any CPU.Build.0 = Release|Any CPU
		{1FCFA8A8-639A-43B5-A94E-BD525FE92C68}.Release|Mixed Platforms.ActiveCfg = Release|Any CPU
		{1FCFA8A8-639A-43B5-A94E-BD525FE92C68}.Release|Mixed Platforms.Build.0 = Release|Any CPU
		{7B2E2170-501E-456E-BCC0-8EBBB721C217}.Debug|Any CPU.ActiveCfg = Debug|Any CPU
		{7B2E2170-501E-456E-BCC0-8EBBB721C217}.Debug|Any CPU.Build.0 = Debug|Any CPU
		{7B2E2170-501E-456E-BCC0-8EBBB721C217}.Debug|Mixed Platforms.ActiveCfg = Debug|Any CPU
		{7B2E2170-501E-456E-BCC0-8EBBB721C217}.Debug|Mixed Platforms.Build.0 = Debug|Any CPU
		{7B2E2170-501E-456E-BCC0-8EBBB721C217}.Release|Any CPU.ActiveCfg = Release|Any CPU
		{7B2E2170-501E-456E-BCC0-8EBBB721C217}.Release|Any CPU.Build.0 = Release|Any CPU
		{7B2E2170-501E-456E-BCC0-8EBBB721C217}.Release|Mixed Platforms.ActiveCfg = Release|Any CPU
		{7B2E2170-501E-456E-BCC0-8EBBB721C217}.Release|Mixed Platforms.Build.0 = Release|Any CPU
		{A35F73DA-623A-4864-8A3D-58DBFFE3FC03}.Debug|Any CPU.ActiveCfg = Debug|Any CPU
		{A35F73DA-623A-4864-8A3D-58DBFFE3FC03}.Debug|Any CPU.Build.0 = Debug|Any CPU
		{A35F73DA-623A-4864-8A3D-58DBFFE3FC03}.Debug|Mixed Platforms.ActiveCfg = Debug|Any CPU
		{A35F73DA-623A-4864-8A3D-58DBFFE3FC03}.Debug|Mixed Platforms.Build.0 = Debug|Any CPU
		{A35F73DA-623A-4864-8A3D-58DBFFE3FC03}.Release|Any CPU.ActiveCfg = Release|Any CPU
		{A35F73DA-623A-4864-8A3D-58DBFFE3FC03}.Release|Any CPU.Build.0 = Release|Any CPU
		{A35F73DA-623A-4864-8A3D-58DBFFE3FC03}.Release|Mixed Platforms.ActiveCfg = Release|Any CPU
		{A35F73DA-623A-4864-8A3D-58DBFFE3FC03}.Release|Mixed Platforms.Build.0 = Release|Any CPU
	EndGlobalSection
	GlobalSection(SolutionProperties) = preSolution
		HideSolutionNode = FALSE
	EndGlobalSection
	GlobalSection(NestedProjects) = preSolution
		{BD16F09F-0A5F-4280-889C-A2DC9C03F823} = {73B4E9E2-4534-4F37-940F-CD74CE8229D6}
		{62459631-E182-4541-9C9E-FEBA1F619A18} = {73B4E9E2-4534-4F37-940F-CD74CE8229D6}
		{57872D23-1C9A-4185-8FC7-823EDC17523D} = {62459631-E182-4541-9C9E-FEBA1F619A18}
		{09F1AEF4-B2F1-4E79-A138-D3E54C5EA561} = {62459631-E182-4541-9C9E-FEBA1F619A18}
		{1BA8AC55-DFD6-4184-8E2D-A63133CEA115} = {62459631-E182-4541-9C9E-FEBA1F619A18}
		{8D7F3DB3-D15D-4EE0-97A3-CD42889AD5EA} = {BD16F09F-0A5F-4280-889C-A2DC9C03F823}
		{16FBDD8B-1442-4752-9F27-655D36DE3342} = {BD16F09F-0A5F-4280-889C-A2DC9C03F823}
		{CEABF9D9-BEF3-4421-ACA7-477BB356197A} = {73B4E9E2-4534-4F37-940F-CD74CE8229D6}
		{4E3A38C0-3AE7-4140-AEC3-C7A34566979B} = {E77958ED-BAD9-4F26-8BC0-6CDF0F88B77C}
		{09B349A1-3052-4DC3-A2C5-70506B5FE2A2} = {73B4E9E2-4534-4F37-940F-CD74CE8229D6}
		{E84CB001-5D95-437B-BF2C-B72E1441A173} = {09B349A1-3052-4DC3-A2C5-70506B5FE2A2}
		{4726350D-E0C1-43A2-A491-6C4558115A62} = {54ED413E-138D-4FC9-853B-29C3476F9ECB}
		{AEABDCA0-469B-4B49-9904-B04699E88858} = {54ED413E-138D-4FC9-853B-29C3476F9ECB}
		{E5D1D49D-FDFA-42DF-B2D1-1E97B3658B9D} = {54ED413E-138D-4FC9-853B-29C3476F9ECB}
		{28BA2B03-97D0-4A56-807C-81EAD4B1EFBA} = {CEABF9D9-BEF3-4421-ACA7-477BB356197A}
		{5380585C-795F-45BF-86AC-3E634992E709} = {CEABF9D9-BEF3-4421-ACA7-477BB356197A}
		{B9D611E2-03E2-48F1-AC5F-3745033091E4} = {CEABF9D9-BEF3-4421-ACA7-477BB356197A}
		{CC560C2A-CDE8-45B1-BEC6-FED6DDEB1346} = {CEABF9D9-BEF3-4421-ACA7-477BB356197A}
		{73894319-DF61-4686-9F03-2E20DA252459} = {09B349A1-3052-4DC3-A2C5-70506B5FE2A2}
		{107111DD-CB76-467D-AE8A-AC63A4FD8E5B} = {09B349A1-3052-4DC3-A2C5-70506B5FE2A2}
		{D81F9F5B-BF80-4D64-B8D6-20224332A9BF} = {E5ECBEAD-F934-46D0-8B0A-DFD7921195FE}
		{A19AE1C4-8BAE-4074-B880-15FBAFBE34CE} = {E5ECBEAD-F934-46D0-8B0A-DFD7921195FE}
		{F65929F3-86D5-479A-8DBE-FC00C1C2BB69} = {E5ECBEAD-F934-46D0-8B0A-DFD7921195FE}
		{217E5336-2FA6-46FF-BE65-163D6519ACCB} = {CEABF9D9-BEF3-4421-ACA7-477BB356197A}
		{E4F53EB9-B947-482D-AF92-ED73B58AE3EE} = {217E5336-2FA6-46FF-BE65-163D6519ACCB}
		{26ACA903-32CE-4029-AA91-ACCCFB533D60} = {09B349A1-3052-4DC3-A2C5-70506B5FE2A2}
		{956959C8-9031-4532-9FA7-10D11239F7CA} = {26ACA903-32CE-4029-AA91-ACCCFB533D60}
		{1FCFA8A8-639A-43B5-A94E-BD525FE92C68} = {54ED413E-138D-4FC9-853B-29C3476F9ECB}
		{7B2E2170-501E-456E-BCC0-8EBBB721C217} = {54ED413E-138D-4FC9-853B-29C3476F9ECB}
	EndGlobalSection
	GlobalSection(ExtensibilityGlobals) = postSolution
		SolutionGuid = {F60C2567-FE95-48E5-95F5-0AB036505E21}
	EndGlobalSection
	GlobalSection(TestCaseManagementSettings) = postSolution
		CategoryFile = logjoint.vsmdi
	EndGlobalSection
EndGlobal
