
Microsoft Visual Studio Solution File, Format Version 12.00
# Visual Studio 14
VisualStudioVersion = 14.0.25420.1
MinimumVisualStudioVersion = 10.0.40219.1
Project("{2150E333-8FDC-42A3-9474-1A3956D46DE8}") = "Tests", "Tests", "{E5ECBEAD-F934-46D0-8B0A-DFD7921195FE}"
EndProject
Project("{2150E333-8FDC-42A3-9474-1A3956D46DE8}") = "Plug-ins", "Plug-ins", "{73B4E9E2-4534-4F37-940F-CD74CE8229D6}"
EndProject
Project("{2150E333-8FDC-42A3-9474-1A3956D46DE8}") = "Sysinternals", "Sysinternals", "{BD16F09F-0A5F-4280-889C-A2DC9C03F823}"
EndProject
Project("{2150E333-8FDC-42A3-9474-1A3956D46DE8}") = "Azure", "Azure", "{62459631-E182-4541-9C9E-FEBA1F619A18}"
EndProject
Project("{2150E333-8FDC-42A3-9474-1A3956D46DE8}") = "analytics", "analytics", "{E4AFD1A9-9A9B-4025-9968-92CE4B2B3826}"
EndProject
Project("{FAE04EC0-301F-11D3-BF4B-00C04F79EFBC}") = "logjoint.analytics", "analytics\logjoint.analytics\logjoint.analytics.csproj", "{13757F5D-5BC1-40AD-95BF-65C63549CDCC}"
EndProject
Project("{FAE04EC0-301F-11D3-BF4B-00C04F79EFBC}") = "logjoint.analytics.tests", "analytics\logjoint.analytics.tests\logjoint.analytics.tests.csproj", "{F70A6488-2E6C-4464-B94B-BF34B92C0388}"
EndProject
Project("{FAE04EC0-301F-11D3-BF4B-00C04F79EFBC}") = "logjoint.regex", "logjoint.regex\logjoint.regex.csproj", "{BD86CFB6-6F33-49C4-9D37-B8B7C98AA045}"
EndProject
Project("{FAE04EC0-301F-11D3-BF4B-00C04F79EFBC}") = "logjoint.model", "logjoint.model\logjoint.model.csproj", "{A1048F3E-CB94-4217-890E-14E1037D8510}"
EndProject
Project("{FAE04EC0-301F-11D3-BF4B-00C04F79EFBC}") = "logjoint.presenters", "logjoint.presenters\logjoint.presenters.csproj", "{DBB4D413-3A1F-4595-864C-B534BC756284}"
EndProject
Project("{FAE04EC0-301F-11D3-BF4B-00C04F79EFBC}") = "logjoint", "logjoint.winforms\logjoint.csproj", "{929F7C79-E2BB-4E6C-AF17-F21E5025265A}"
EndProject
Project("{FAE04EC0-301F-11D3-BF4B-00C04F79EFBC}") = "logjoint.updater", "logjoint.updater\logjoint.updater.csproj", "{BE661D5D-8A37-47A5-BB6E-2EB743C99A45}"
EndProject
Project("{FAE04EC0-301F-11D3-BF4B-00C04F79EFBC}") = "logjoint.azure.model.tests", "..\..\extensions\azure\platforms\windows\logjoint.azure.model.tests\logjoint.azure.model.tests.csproj", "{57872D23-1C9A-4185-8FC7-823EDC17523D}"
EndProject
Project("{FAE04EC0-301F-11D3-BF4B-00C04F79EFBC}") = "logjoint.azure.plugin", "..\..\extensions\azure\platforms\windows\logjoint.azure.plugin\logjoint.azure.plugin.csproj", "{09F1AEF4-B2F1-4E79-A138-D3E54C5EA561}"
EndProject
Project("{FAE04EC0-301F-11D3-BF4B-00C04F79EFBC}") = "logjoint.azure.model", "..\..\extensions\azure\platforms\windows\logjoint.azure.model\logjoint.azure.model.csproj", "{1BA8AC55-DFD6-4184-8E2D-A63133CEA115}"
EndProject
Project("{FAE04EC0-301F-11D3-BF4B-00C04F79EFBC}") = "logjoint.sysinternals.plugin.model", "..\..\extensions\sysinternals\platforms\windows\logjoint.sysinternals.plugin.model\logjoint.sysinternals.plugin.model.csproj", "{8D7F3DB3-D15D-4EE0-97A3-CD42889AD5EA}"
EndProject
Project("{FAE04EC0-301F-11D3-BF4B-00C04F79EFBC}") = "logjoint.sysinternals.plugin", "..\..\extensions\sysinternals\platforms\windows\logjoint.sysinternals.plugin\logjoint.sysinternals.plugin.csproj", "{16FBDD8B-1442-4752-9F27-655D36DE3342}"
EndProject
Project("{2150E333-8FDC-42A3-9474-1A3956D46DE8}") = "Chromium", "Chromium", "{CEABF9D9-BEF3-4421-ACA7-477BB356197A}"
EndProject
Project("{FAE04EC0-301F-11D3-BF4B-00C04F79EFBC}") = "logjoint.chromium.plugin.model", "..\..\extensions\chromium\platforms\windows\logjoint.chromium.plugin.model\logjoint.chromium.plugin.model.csproj", "{5C3545DB-36B8-4DE2-A2CA-B816910D389B}"
EndProject
Project("{FAE04EC0-301F-11D3-BF4B-00C04F79EFBC}") = "logjoint.chromium.plugin", "..\..\extensions\chromium\platforms\windows\logjoint.chromium.plugin\logjoint.chromium.plugin.csproj", "{16824BF1-AE6A-4EE6-BCB5-FEF0A177A9EB}"
EndProject
Project("{FAE04EC0-301F-11D3-BF4B-00C04F79EFBC}") = "logjoint.updatetool", "logjoint.updatetool\logjoint.updatetool.csproj", "{37291EB6-75CE-4708-BF88-D4E9B7EE976A}"
EndProject
Project("{FAE04EC0-301F-11D3-BF4B-00C04F79EFBC}") = "logjoint.web.installer", "logjoint.web.installer\logjoint.web.installer.csproj", "{C6E3265F-DB48-4566-8617-A9EBC4133C5D}"
EndProject
Project("{FAE04EC0-301F-11D3-BF4B-00C04F79EFBC}") = "logjoint.model.tests", "logjoint.model.tests\logjoint.model.tests.csproj", "{FAB05787-2D40-4AAA-8B8B-D63459709110}"
EndProject
Project("{FAE04EC0-301F-11D3-BF4B-00C04F79EFBC}") = "logjoint.presenters.tests", "logjoint.presenters.tests\logjoint.presenters.tests.csproj", "{AAF9ABC9-DA69-4007-BC8A-B6A361C55064}"
EndProject
Global
	GlobalSection(SolutionConfigurationPlatforms) = preSolution
		Debug|Any CPU = Debug|Any CPU
		Debug|Mixed Platforms = Debug|Mixed Platforms
		Release|Any CPU = Release|Any CPU
		Release|Mixed Platforms = Release|Mixed Platforms
	EndGlobalSection
	GlobalSection(ProjectConfigurationPlatforms) = postSolution
		{13757F5D-5BC1-40AD-95BF-65C63549CDCC}.Debug|Any CPU.ActiveCfg = Debug|Any CPU
		{13757F5D-5BC1-40AD-95BF-65C63549CDCC}.Debug|Any CPU.Build.0 = Debug|Any CPU
		{13757F5D-5BC1-40AD-95BF-65C63549CDCC}.Debug|Mixed Platforms.ActiveCfg = Debug|Any CPU
		{13757F5D-5BC1-40AD-95BF-65C63549CDCC}.Debug|Mixed Platforms.Build.0 = Debug|Any CPU
		{13757F5D-5BC1-40AD-95BF-65C63549CDCC}.Release|Any CPU.ActiveCfg = Release|Any CPU
		{13757F5D-5BC1-40AD-95BF-65C63549CDCC}.Release|Any CPU.Build.0 = Release|Any CPU
		{13757F5D-5BC1-40AD-95BF-65C63549CDCC}.Release|Mixed Platforms.ActiveCfg = Release|Any CPU
		{13757F5D-5BC1-40AD-95BF-65C63549CDCC}.Release|Mixed Platforms.Build.0 = Release|Any CPU
		{F70A6488-2E6C-4464-B94B-BF34B92C0388}.Debug|Any CPU.ActiveCfg = Debug|Any CPU
		{F70A6488-2E6C-4464-B94B-BF34B92C0388}.Debug|Any CPU.Build.0 = Debug|Any CPU
		{F70A6488-2E6C-4464-B94B-BF34B92C0388}.Debug|Mixed Platforms.ActiveCfg = Debug|Any CPU
		{F70A6488-2E6C-4464-B94B-BF34B92C0388}.Debug|Mixed Platforms.Build.0 = Debug|Any CPU
		{F70A6488-2E6C-4464-B94B-BF34B92C0388}.Release|Any CPU.ActiveCfg = Release|Any CPU
		{F70A6488-2E6C-4464-B94B-BF34B92C0388}.Release|Any CPU.Build.0 = Release|Any CPU
		{F70A6488-2E6C-4464-B94B-BF34B92C0388}.Release|Mixed Platforms.ActiveCfg = Release|Any CPU
		{F70A6488-2E6C-4464-B94B-BF34B92C0388}.Release|Mixed Platforms.Build.0 = Release|Any CPU
		{BD86CFB6-6F33-49C4-9D37-B8B7C98AA045}.Debug|Any CPU.ActiveCfg = Debug|Any CPU
		{BD86CFB6-6F33-49C4-9D37-B8B7C98AA045}.Debug|Any CPU.Build.0 = Debug|Any CPU
		{BD86CFB6-6F33-49C4-9D37-B8B7C98AA045}.Debug|Mixed Platforms.ActiveCfg = Debug|Any CPU
		{BD86CFB6-6F33-49C4-9D37-B8B7C98AA045}.Debug|Mixed Platforms.Build.0 = Debug|Any CPU
		{BD86CFB6-6F33-49C4-9D37-B8B7C98AA045}.Release|Any CPU.ActiveCfg = Release|Any CPU
		{BD86CFB6-6F33-49C4-9D37-B8B7C98AA045}.Release|Any CPU.Build.0 = Release|Any CPU
		{BD86CFB6-6F33-49C4-9D37-B8B7C98AA045}.Release|Mixed Platforms.ActiveCfg = Release|Any CPU
		{BD86CFB6-6F33-49C4-9D37-B8B7C98AA045}.Release|Mixed Platforms.Build.0 = Release|Any CPU
		{A1048F3E-CB94-4217-890E-14E1037D8510}.Debug|Any CPU.ActiveCfg = Debug|Any CPU
		{A1048F3E-CB94-4217-890E-14E1037D8510}.Debug|Any CPU.Build.0 = Debug|Any CPU
		{A1048F3E-CB94-4217-890E-14E1037D8510}.Debug|Mixed Platforms.ActiveCfg = Debug|Any CPU
		{A1048F3E-CB94-4217-890E-14E1037D8510}.Debug|Mixed Platforms.Build.0 = Debug|Any CPU
		{A1048F3E-CB94-4217-890E-14E1037D8510}.Release|Any CPU.ActiveCfg = Release|Any CPU
		{A1048F3E-CB94-4217-890E-14E1037D8510}.Release|Any CPU.Build.0 = Release|Any CPU
		{A1048F3E-CB94-4217-890E-14E1037D8510}.Release|Mixed Platforms.ActiveCfg = Release|Any CPU
		{A1048F3E-CB94-4217-890E-14E1037D8510}.Release|Mixed Platforms.Build.0 = Release|Any CPU
		{DBB4D413-3A1F-4595-864C-B534BC756284}.Debug|Any CPU.ActiveCfg = Debug|Any CPU
		{DBB4D413-3A1F-4595-864C-B534BC756284}.Debug|Any CPU.Build.0 = Debug|Any CPU
		{DBB4D413-3A1F-4595-864C-B534BC756284}.Debug|Mixed Platforms.ActiveCfg = Debug|Any CPU
		{DBB4D413-3A1F-4595-864C-B534BC756284}.Debug|Mixed Platforms.Build.0 = Debug|Any CPU
		{DBB4D413-3A1F-4595-864C-B534BC756284}.Release|Any CPU.ActiveCfg = Release|Any CPU
		{DBB4D413-3A1F-4595-864C-B534BC756284}.Release|Any CPU.Build.0 = Release|Any CPU
		{DBB4D413-3A1F-4595-864C-B534BC756284}.Release|Mixed Platforms.ActiveCfg = Release|Any CPU
		{DBB4D413-3A1F-4595-864C-B534BC756284}.Release|Mixed Platforms.Build.0 = Release|Any CPU
		{929F7C79-E2BB-4E6C-AF17-F21E5025265A}.Debug|Any CPU.ActiveCfg = Debug|Any CPU
		{929F7C79-E2BB-4E6C-AF17-F21E5025265A}.Debug|Any CPU.Build.0 = Debug|Any CPU
		{929F7C79-E2BB-4E6C-AF17-F21E5025265A}.Debug|Mixed Platforms.ActiveCfg = Debug|Any CPU
		{929F7C79-E2BB-4E6C-AF17-F21E5025265A}.Debug|Mixed Platforms.Build.0 = Debug|Any CPU
		{929F7C79-E2BB-4E6C-AF17-F21E5025265A}.Release|Any CPU.ActiveCfg = Release|Any CPU
		{929F7C79-E2BB-4E6C-AF17-F21E5025265A}.Release|Any CPU.Build.0 = Release|Any CPU
		{929F7C79-E2BB-4E6C-AF17-F21E5025265A}.Release|Mixed Platforms.ActiveCfg = Release|Any CPU
		{929F7C79-E2BB-4E6C-AF17-F21E5025265A}.Release|Mixed Platforms.Build.0 = Release|Any CPU
		{BE661D5D-8A37-47A5-BB6E-2EB743C99A45}.Debug|Any CPU.ActiveCfg = Debug|Any CPU
		{BE661D5D-8A37-47A5-BB6E-2EB743C99A45}.Debug|Any CPU.Build.0 = Debug|Any CPU
		{BE661D5D-8A37-47A5-BB6E-2EB743C99A45}.Debug|Mixed Platforms.ActiveCfg = Debug|Any CPU
		{BE661D5D-8A37-47A5-BB6E-2EB743C99A45}.Debug|Mixed Platforms.Build.0 = Debug|Any CPU
		{BE661D5D-8A37-47A5-BB6E-2EB743C99A45}.Release|Any CPU.ActiveCfg = Release|Any CPU
		{BE661D5D-8A37-47A5-BB6E-2EB743C99A45}.Release|Any CPU.Build.0 = Release|Any CPU
		{BE661D5D-8A37-47A5-BB6E-2EB743C99A45}.Release|Mixed Platforms.ActiveCfg = Release|Any CPU
		{BE661D5D-8A37-47A5-BB6E-2EB743C99A45}.Release|Mixed Platforms.Build.0 = Release|Any CPU
		{57872D23-1C9A-4185-8FC7-823EDC17523D}.Debug|Any CPU.ActiveCfg = Debug|Any CPU
		{57872D23-1C9A-4185-8FC7-823EDC17523D}.Debug|Any CPU.Build.0 = Debug|Any CPU
		{57872D23-1C9A-4185-8FC7-823EDC17523D}.Debug|Mixed Platforms.ActiveCfg = Debug|Any CPU
		{57872D23-1C9A-4185-8FC7-823EDC17523D}.Debug|Mixed Platforms.Build.0 = Debug|Any CPU
		{57872D23-1C9A-4185-8FC7-823EDC17523D}.Release|Any CPU.ActiveCfg = Release|Any CPU
		{57872D23-1C9A-4185-8FC7-823EDC17523D}.Release|Any CPU.Build.0 = Release|Any CPU
		{57872D23-1C9A-4185-8FC7-823EDC17523D}.Release|Mixed Platforms.ActiveCfg = Release|Any CPU
		{57872D23-1C9A-4185-8FC7-823EDC17523D}.Release|Mixed Platforms.Build.0 = Release|Any CPU
		{09F1AEF4-B2F1-4E79-A138-D3E54C5EA561}.Debug|Any CPU.ActiveCfg = Debug|Any CPU
		{09F1AEF4-B2F1-4E79-A138-D3E54C5EA561}.Debug|Any CPU.Build.0 = Debug|Any CPU
		{09F1AEF4-B2F1-4E79-A138-D3E54C5EA561}.Debug|Mixed Platforms.ActiveCfg = Debug|Any CPU
		{09F1AEF4-B2F1-4E79-A138-D3E54C5EA561}.Debug|Mixed Platforms.Build.0 = Debug|Any CPU
		{09F1AEF4-B2F1-4E79-A138-D3E54C5EA561}.Release|Any CPU.ActiveCfg = Release|Any CPU
		{09F1AEF4-B2F1-4E79-A138-D3E54C5EA561}.Release|Any CPU.Build.0 = Release|Any CPU
		{09F1AEF4-B2F1-4E79-A138-D3E54C5EA561}.Release|Mixed Platforms.ActiveCfg = Release|Any CPU
		{09F1AEF4-B2F1-4E79-A138-D3E54C5EA561}.Release|Mixed Platforms.Build.0 = Release|Any CPU
		{1BA8AC55-DFD6-4184-8E2D-A63133CEA115}.Debug|Any CPU.ActiveCfg = Debug|Any CPU
		{1BA8AC55-DFD6-4184-8E2D-A63133CEA115}.Debug|Any CPU.Build.0 = Debug|Any CPU
		{1BA8AC55-DFD6-4184-8E2D-A63133CEA115}.Debug|Mixed Platforms.ActiveCfg = Debug|Any CPU
		{1BA8AC55-DFD6-4184-8E2D-A63133CEA115}.Debug|Mixed Platforms.Build.0 = Debug|Any CPU
		{1BA8AC55-DFD6-4184-8E2D-A63133CEA115}.Release|Any CPU.ActiveCfg = Release|Any CPU
		{1BA8AC55-DFD6-4184-8E2D-A63133CEA115}.Release|Any CPU.Build.0 = Release|Any CPU
		{1BA8AC55-DFD6-4184-8E2D-A63133CEA115}.Release|Mixed Platforms.ActiveCfg = Release|Any CPU
		{1BA8AC55-DFD6-4184-8E2D-A63133CEA115}.Release|Mixed Platforms.Build.0 = Release|Any CPU
		{8D7F3DB3-D15D-4EE0-97A3-CD42889AD5EA}.Debug|Any CPU.ActiveCfg = Debug|Any CPU
		{8D7F3DB3-D15D-4EE0-97A3-CD42889AD5EA}.Debug|Any CPU.Build.0 = Debug|Any CPU
		{8D7F3DB3-D15D-4EE0-97A3-CD42889AD5EA}.Debug|Mixed Platforms.ActiveCfg = Debug|Any CPU
		{8D7F3DB3-D15D-4EE0-97A3-CD42889AD5EA}.Debug|Mixed Platforms.Build.0 = Debug|Any CPU
		{8D7F3DB3-D15D-4EE0-97A3-CD42889AD5EA}.Release|Any CPU.ActiveCfg = Release|Any CPU
		{8D7F3DB3-D15D-4EE0-97A3-CD42889AD5EA}.Release|Any CPU.Build.0 = Release|Any CPU
		{8D7F3DB3-D15D-4EE0-97A3-CD42889AD5EA}.Release|Mixed Platforms.ActiveCfg = Release|Any CPU
		{8D7F3DB3-D15D-4EE0-97A3-CD42889AD5EA}.Release|Mixed Platforms.Build.0 = Release|Any CPU
		{16FBDD8B-1442-4752-9F27-655D36DE3342}.Debug|Any CPU.ActiveCfg = Debug|Any CPU
		{16FBDD8B-1442-4752-9F27-655D36DE3342}.Debug|Any CPU.Build.0 = Debug|Any CPU
		{16FBDD8B-1442-4752-9F27-655D36DE3342}.Debug|Mixed Platforms.ActiveCfg = Debug|Any CPU
		{16FBDD8B-1442-4752-9F27-655D36DE3342}.Debug|Mixed Platforms.Build.0 = Debug|Any CPU
		{16FBDD8B-1442-4752-9F27-655D36DE3342}.Release|Any CPU.ActiveCfg = Release|Any CPU
		{16FBDD8B-1442-4752-9F27-655D36DE3342}.Release|Any CPU.Build.0 = Release|Any CPU
		{16FBDD8B-1442-4752-9F27-655D36DE3342}.Release|Mixed Platforms.ActiveCfg = Release|Any CPU
		{16FBDD8B-1442-4752-9F27-655D36DE3342}.Release|Mixed Platforms.Build.0 = Release|Any CPU
		{5C3545DB-36B8-4DE2-A2CA-B816910D389B}.Debug|Any CPU.ActiveCfg = Debug|Any CPU
		{5C3545DB-36B8-4DE2-A2CA-B816910D389B}.Debug|Any CPU.Build.0 = Debug|Any CPU
		{5C3545DB-36B8-4DE2-A2CA-B816910D389B}.Debug|Mixed Platforms.ActiveCfg = Debug|Any CPU
		{5C3545DB-36B8-4DE2-A2CA-B816910D389B}.Debug|Mixed Platforms.Build.0 = Debug|Any CPU
		{5C3545DB-36B8-4DE2-A2CA-B816910D389B}.Release|Any CPU.ActiveCfg = Release|Any CPU
		{5C3545DB-36B8-4DE2-A2CA-B816910D389B}.Release|Any CPU.Build.0 = Release|Any CPU
		{5C3545DB-36B8-4DE2-A2CA-B816910D389B}.Release|Mixed Platforms.ActiveCfg = Release|Any CPU
		{5C3545DB-36B8-4DE2-A2CA-B816910D389B}.Release|Mixed Platforms.Build.0 = Release|Any CPU
		{16824BF1-AE6A-4EE6-BCB5-FEF0A177A9EB}.Debug|Any CPU.ActiveCfg = Debug|Any CPU
		{16824BF1-AE6A-4EE6-BCB5-FEF0A177A9EB}.Debug|Any CPU.Build.0 = Debug|Any CPU
		{16824BF1-AE6A-4EE6-BCB5-FEF0A177A9EB}.Debug|Mixed Platforms.ActiveCfg = Debug|Any CPU
		{16824BF1-AE6A-4EE6-BCB5-FEF0A177A9EB}.Debug|Mixed Platforms.Build.0 = Debug|Any CPU
		{16824BF1-AE6A-4EE6-BCB5-FEF0A177A9EB}.Release|Any CPU.ActiveCfg = Release|Any CPU
		{16824BF1-AE6A-4EE6-BCB5-FEF0A177A9EB}.Release|Any CPU.Build.0 = Release|Any CPU
		{16824BF1-AE6A-4EE6-BCB5-FEF0A177A9EB}.Release|Mixed Platforms.ActiveCfg = Release|Any CPU
		{16824BF1-AE6A-4EE6-BCB5-FEF0A177A9EB}.Release|Mixed Platforms.Build.0 = Release|Any CPU
		{37291EB6-75CE-4708-BF88-D4E9B7EE976A}.Debug|Any CPU.ActiveCfg = Debug|Any CPU
		{37291EB6-75CE-4708-BF88-D4E9B7EE976A}.Debug|Any CPU.Build.0 = Debug|Any CPU
		{37291EB6-75CE-4708-BF88-D4E9B7EE976A}.Debug|Mixed Platforms.ActiveCfg = Debug|Any CPU
		{37291EB6-75CE-4708-BF88-D4E9B7EE976A}.Debug|Mixed Platforms.Build.0 = Debug|Any CPU
		{37291EB6-75CE-4708-BF88-D4E9B7EE976A}.Release|Any CPU.ActiveCfg = Release|Any CPU
		{37291EB6-75CE-4708-BF88-D4E9B7EE976A}.Release|Any CPU.Build.0 = Release|Any CPU
		{37291EB6-75CE-4708-BF88-D4E9B7EE976A}.Release|Mixed Platforms.ActiveCfg = Release|Any CPU
		{37291EB6-75CE-4708-BF88-D4E9B7EE976A}.Release|Mixed Platforms.Build.0 = Release|Any CPU
		{C6E3265F-DB48-4566-8617-A9EBC4133C5D}.Debug|Any CPU.ActiveCfg = Debug|Any CPU
		{C6E3265F-DB48-4566-8617-A9EBC4133C5D}.Debug|Any CPU.Build.0 = Debug|Any CPU
		{C6E3265F-DB48-4566-8617-A9EBC4133C5D}.Debug|Mixed Platforms.ActiveCfg = Debug|Any CPU
		{C6E3265F-DB48-4566-8617-A9EBC4133C5D}.Debug|Mixed Platforms.Build.0 = Debug|Any CPU
		{C6E3265F-DB48-4566-8617-A9EBC4133C5D}.Release|Any CPU.ActiveCfg = Release|Any CPU
		{C6E3265F-DB48-4566-8617-A9EBC4133C5D}.Release|Any CPU.Build.0 = Release|Any CPU
		{C6E3265F-DB48-4566-8617-A9EBC4133C5D}.Release|Mixed Platforms.ActiveCfg = Release|Any CPU
		{C6E3265F-DB48-4566-8617-A9EBC4133C5D}.Release|Mixed Platforms.Build.0 = Release|Any CPU
		{FAB05787-2D40-4AAA-8B8B-D63459709110}.Debug|Any CPU.ActiveCfg = Debug|Any CPU
		{FAB05787-2D40-4AAA-8B8B-D63459709110}.Debug|Any CPU.Build.0 = Debug|Any CPU
		{FAB05787-2D40-4AAA-8B8B-D63459709110}.Debug|Mixed Platforms.ActiveCfg = Debug|Any CPU
		{FAB05787-2D40-4AAA-8B8B-D63459709110}.Debug|Mixed Platforms.Build.0 = Debug|Any CPU
		{FAB05787-2D40-4AAA-8B8B-D63459709110}.Release|Any CPU.ActiveCfg = Release|Any CPU
		{FAB05787-2D40-4AAA-8B8B-D63459709110}.Release|Any CPU.Build.0 = Release|Any CPU
		{FAB05787-2D40-4AAA-8B8B-D63459709110}.Release|Mixed Platforms.ActiveCfg = Release|Any CPU
		{FAB05787-2D40-4AAA-8B8B-D63459709110}.Release|Mixed Platforms.Build.0 = Release|Any CPU
		{AAF9ABC9-DA69-4007-BC8A-B6A361C55064}.Debug|Any CPU.ActiveCfg = Debug|Any CPU
		{AAF9ABC9-DA69-4007-BC8A-B6A361C55064}.Debug|Any CPU.Build.0 = Debug|Any CPU
		{AAF9ABC9-DA69-4007-BC8A-B6A361C55064}.Debug|Mixed Platforms.ActiveCfg = Debug|Any CPU
		{AAF9ABC9-DA69-4007-BC8A-B6A361C55064}.Debug|Mixed Platforms.Build.0 = Debug|Any CPU
		{AAF9ABC9-DA69-4007-BC8A-B6A361C55064}.Release|Any CPU.ActiveCfg = Release|Any CPU
		{AAF9ABC9-DA69-4007-BC8A-B6A361C55064}.Release|Any CPU.Build.0 = Release|Any CPU
		{AAF9ABC9-DA69-4007-BC8A-B6A361C55064}.Release|Mixed Platforms.ActiveCfg = Release|Any CPU
		{AAF9ABC9-DA69-4007-BC8A-B6A361C55064}.Release|Mixed Platforms.Build.0 = Release|Any CPU
	EndGlobalSection
	GlobalSection(SolutionProperties) = preSolution
		HideSolutionNode = FALSE
	EndGlobalSection
	GlobalSection(NestedProjects) = preSolution
		{BD16F09F-0A5F-4280-889C-A2DC9C03F823} = {73B4E9E2-4534-4F37-940F-CD74CE8229D6}
		{62459631-E182-4541-9C9E-FEBA1F619A18} = {73B4E9E2-4534-4F37-940F-CD74CE8229D6}
		{13757F5D-5BC1-40AD-95BF-65C63549CDCC} = {E4AFD1A9-9A9B-4025-9968-92CE4B2B3826}
		{F70A6488-2E6C-4464-B94B-BF34B92C0388} = {E4AFD1A9-9A9B-4025-9968-92CE4B2B3826}
		{57872D23-1C9A-4185-8FC7-823EDC17523D} = {62459631-E182-4541-9C9E-FEBA1F619A18}
		{09F1AEF4-B2F1-4E79-A138-D3E54C5EA561} = {62459631-E182-4541-9C9E-FEBA1F619A18}
		{1BA8AC55-DFD6-4184-8E2D-A63133CEA115} = {62459631-E182-4541-9C9E-FEBA1F619A18}
		{8D7F3DB3-D15D-4EE0-97A3-CD42889AD5EA} = {BD16F09F-0A5F-4280-889C-A2DC9C03F823}
		{16FBDD8B-1442-4752-9F27-655D36DE3342} = {BD16F09F-0A5F-4280-889C-A2DC9C03F823}
		{CEABF9D9-BEF3-4421-ACA7-477BB356197A} = {73B4E9E2-4534-4F37-940F-CD74CE8229D6}
		{5C3545DB-36B8-4DE2-A2CA-B816910D389B} = {CEABF9D9-BEF3-4421-ACA7-477BB356197A}
		{16824BF1-AE6A-4EE6-BCB5-FEF0A177A9EB} = {CEABF9D9-BEF3-4421-ACA7-477BB356197A}
		{FAB05787-2D40-4AAA-8B8B-D63459709110} = {E5ECBEAD-F934-46D0-8B0A-DFD7921195FE}
		{AAF9ABC9-DA69-4007-BC8A-B6A361C55064} = {E5ECBEAD-F934-46D0-8B0A-DFD7921195FE}
	EndGlobalSection
	GlobalSection(TestCaseManagementSettings) = postSolution
		CategoryFile = logjoint.vsmdi
	EndGlobalSection
EndGlobal
