
Microsoft Visual Studio Solution File, Format Version 12.00
# Visual Studio 15
VisualStudioVersion = 15.0.28307.329
MinimumVisualStudioVersion = 10.0.40219.1
Project("{2150E333-8FDC-42A3-9474-1A3956D46DE8}") = "Tests", "Tests", "{E5ECBEAD-F934-46D0-8B0A-DFD7921195FE}"
EndProject
Project("{2150E333-8FDC-42A3-9474-1A3956D46DE8}") = "Plug-ins", "Plug-ins", "{73B4E9E2-4534-4F37-940F-CD74CE8229D6}"
EndProject
Project("{2150E333-8FDC-42A3-9474-1A3956D46DE8}") = "Sysinternals", "Sysinternals", "{BD16F09F-0A5F-4280-889C-A2DC9C03F823}"
EndProject
Project("{2150E333-8FDC-42A3-9474-1A3956D46DE8}") = "Azure", "Azure", "{62459631-E182-4541-9C9E-FEBA1F619A18}"
EndProject
Project("{FAE04EC0-301F-11D3-BF4B-00C04F79EFBC}") = "logjoint.regex", "logjoint.regex\logjoint.regex.csproj", "{BD86CFB6-6F33-49C4-9D37-B8B7C98AA045}"
EndProject
Project("{FAE04EC0-301F-11D3-BF4B-00C04F79EFBC}") = "logjoint.model", "logjoint.model\logjoint.model.csproj", "{A1048F3E-CB94-4217-890E-14E1037D8510}"
EndProject
Project("{FAE04EC0-301F-11D3-BF4B-00C04F79EFBC}") = "logjoint.presenters", "logjoint.presenters\logjoint.presenters.csproj", "{DBB4D413-3A1F-4595-864C-B534BC756284}"
EndProject
Project("{FAE04EC0-301F-11D3-BF4B-00C04F79EFBC}") = "logjoint", "logjoint.winforms\logjoint.csproj", "{929F7C79-E2BB-4E6C-AF17-F21E5025265A}"
EndProject
Project("{FAE04EC0-301F-11D3-BF4B-00C04F79EFBC}") = "logjoint.updater", "logjoint.updater\logjoint.updater.csproj", "{BE661D5D-8A37-47A5-BB6E-2EB743C99A45}"
EndProject
Project("{FAE04EC0-301F-11D3-BF4B-00C04F79EFBC}") = "logjoint.azure.model.tests", "..\..\extensions\azure\platforms\windows\logjoint.azure.model.tests\logjoint.azure.model.tests.csproj", "{57872D23-1C9A-4185-8FC7-823EDC17523D}"
EndProject
Project("{FAE04EC0-301F-11D3-BF4B-00C04F79EFBC}") = "logjoint.azure.plugin", "..\..\extensions\azure\platforms\windows\logjoint.azure.plugin\logjoint.azure.plugin.csproj", "{09F1AEF4-B2F1-4E79-A138-D3E54C5EA561}"
EndProject
Project("{FAE04EC0-301F-11D3-BF4B-00C04F79EFBC}") = "logjoint.azure.model", "..\..\extensions\azure\platforms\windows\logjoint.azure.model\logjoint.azure.model.csproj", "{1BA8AC55-DFD6-4184-8E2D-A63133CEA115}"
EndProject
Project("{FAE04EC0-301F-11D3-BF4B-00C04F79EFBC}") = "logjoint.sysinternals.plugin.model", "..\..\extensions\sysinternals\platforms\windows\logjoint.sysinternals.plugin.model\logjoint.sysinternals.plugin.model.csproj", "{8D7F3DB3-D15D-4EE0-97A3-CD42889AD5EA}"
EndProject
Project("{FAE04EC0-301F-11D3-BF4B-00C04F79EFBC}") = "logjoint.sysinternals.plugin", "..\..\extensions\sysinternals\platforms\windows\logjoint.sysinternals.plugin\logjoint.sysinternals.plugin.csproj", "{16FBDD8B-1442-4752-9F27-655D36DE3342}"
EndProject
Project("{2150E333-8FDC-42A3-9474-1A3956D46DE8}") = "Chromium", "Chromium", "{CEABF9D9-BEF3-4421-ACA7-477BB356197A}"
EndProject
Project("{FAE04EC0-301F-11D3-BF4B-00C04F79EFBC}") = "logjoint.updatetool", "logjoint.updatetool\logjoint.updatetool.csproj", "{37291EB6-75CE-4708-BF88-D4E9B7EE976A}"
EndProject
Project("{FAE04EC0-301F-11D3-BF4B-00C04F79EFBC}") = "logjoint.web.installer", "logjoint.web.installer\logjoint.web.installer.csproj", "{C6E3265F-DB48-4566-8617-A9EBC4133C5D}"
EndProject
Project("{FAE04EC0-301F-11D3-BF4B-00C04F79EFBC}") = "logjoint.model.tests", "logjoint.model.tests\logjoint.model.tests.csproj", "{FAB05787-2D40-4AAA-8B8B-D63459709110}"
EndProject
Project("{FAE04EC0-301F-11D3-BF4B-00C04F79EFBC}") = "logjoint.presenters.tests", "logjoint.presenters.tests\logjoint.presenters.tests.csproj", "{AAF9ABC9-DA69-4007-BC8A-B6A361C55064}"
EndProject
Project("{FAE04EC0-301F-11D3-BF4B-00C04F79EFBC}") = "logjoint.chromium.model.tests", "..\..\extensions\chromium\model\Tests\logjoint.chromium.model.tests.csproj", "{3BCCAD02-5763-4867-9044-F2DB5065DF6C}"
EndProject
Project("{2150E333-8FDC-42A3-9474-1A3956D46DE8}") = "Tools", "Tools", "{E77958ED-BAD9-4F26-8BC0-6CDF0F88B77C}"
EndProject
Project("{FAE04EC0-301F-11D3-BF4B-00C04F79EFBC}") = "logjoint.test.logging.app", "logjoint.test.logging.app\logjoint.test.logging.app.csproj", "{4E3A38C0-3AE7-4140-AEC3-C7A34566979B}"
EndProject
Project("{2150E333-8FDC-42A3-9474-1A3956D46DE8}") = "PacketAnalysis", "PacketAnalysis", "{09B349A1-3052-4DC3-A2C5-70506B5FE2A2}"
EndProject
Project("{FAE04EC0-301F-11D3-BF4B-00C04F79EFBC}") = "logjoint.packet-analysis.plugin.model", "..\..\extensions\packet-analysis\platforms\windows\logjoint.packet-analysis.plugin.model\logjoint.packet-analysis.plugin.model.csproj", "{3C4AABD0-7BD7-4403-B7D5-210CC4409F0B}"
EndProject
Project("{FAE04EC0-301F-11D3-BF4B-00C04F79EFBC}") = "logjoint.packet-analysis.plugin", "..\..\extensions\packet-analysis\platforms\windows\logjoint.packet-analysis.plugin\logjoint.packet-analysis.plugin.csproj", "{E84CB001-5D95-437B-BF2C-B72E1441A173}"
EndProject
Project("{FAE04EC0-301F-11D3-BF4B-00C04F79EFBC}") = "logjoint.packet-analysis.plugin.presenters", "..\..\extensions\packet-analysis\platforms\windows\logjoint.packet-analysis.plugin.presenters\logjoint.packet-analysis.plugin.presenters.csproj", "{654565EA-946E-4244-BF23-518DBDD65221}"
EndProject
Project("{2150E333-8FDC-42A3-9474-1A3956D46DE8}") = "sdk", "sdk", "{54ED413E-138D-4FC9-853B-29C3476F9ECB}"
EndProject
Project("{FAE04EC0-301F-11D3-BF4B-00C04F79EFBC}") = "logjoint.sdk", "sdk\logjoint.sdk\logjoint.sdk.csproj", "{4726350D-E0C1-43A2-A491-6C4558115A62}"
EndProject
Project("{2150E333-8FDC-42A3-9474-1A3956D46DE8}") = "Symphony", "Symphony", "{0FCF12A4-38EA-4B09-B5ED-E7037C33A93B}"
EndProject
Project("{FAE04EC0-301F-11D3-BF4B-00C04F79EFBC}") = "logjoint.symphony.plugin.model", "..\..\extensions\symphony\platforms\windows\logjoint.symphony.plugin.model\logjoint.symphony.plugin.model.csproj", "{4BD42113-F5DA-46BC-AD12-66509397D97D}"
EndProject
Project("{FAE04EC0-301F-11D3-BF4B-00C04F79EFBC}") = "logjoint.symphony.plugin", "..\..\extensions\symphony\platforms\windows\logjoint.symphony.plugin\logjoint.symphony.plugin.csproj", "{346CB34B-0307-46BE-B21A-1CCECF3A9209}"
EndProject
Project("{FAE04EC0-301F-11D3-BF4B-00C04F79EFBC}") = "logjoint.integration.tests", "logjoint.integration.tests\logjoint.integration.tests.csproj", "{772957CF-1DBF-4D5F-B4DA-A878DE0659EA}"
EndProject
Project("{FAE04EC0-301F-11D3-BF4B-00C04F79EFBC}") = "logjoint.plugintool", "logjoint.plugintool\logjoint.plugintool.csproj", "{293D987C-62BE-4F1C-88A1-E1B1EE42F8E6}"
EndProject
Project("{9A19103F-16F7-4668-BE54-9A1E7A4F7556}") = "logjoint.model.sdk", "..\..\sdk\model\logjoint.model.sdk.csproj", "{AEABDCA0-469B-4B49-9904-B04699E88858}"
EndProject
Project("{9A19103F-16F7-4668-BE54-9A1E7A4F7556}") = "logjoint.presentation.sdk", "..\..\sdk\presentation\logjoint.presentation.sdk.csproj", "{E5D1D49D-FDFA-42DF-B2D1-1E97B3658B9D}"
EndProject
Project("{9A19103F-16F7-4668-BE54-9A1E7A4F7556}") = "logjoint.chromium.plugin.model.sdk", "..\..\extensions\chromium\model.sdk\logjoint.chromium.plugin.model.sdk.csproj", "{28BA2B03-97D0-4A56-807C-81EAD4B1EFBA}"
EndProject
Project("{9A19103F-16F7-4668-BE54-9A1E7A4F7556}") = "logjoint.chromium.plugin.model", "..\..\extensions\chromium\model\logjoint.chromium.plugin.model.csproj", "{5380585C-795F-45BF-86AC-3E634992E709}"
EndProject
Project("{9A19103F-16F7-4668-BE54-9A1E7A4F7556}") = "logjoint.chromium.plugin.presentation", "..\..\extensions\chromium\presentation\logjoint.chromium.plugin.presentation.csproj", "{B9D611E2-03E2-48F1-AC5F-3745033091E4}"
EndProject
Project("{9A19103F-16F7-4668-BE54-9A1E7A4F7556}") = "logjoint.chromium.plugin", "..\..\extensions\chromium\plugin\logjoint.chromium.plugin.csproj", "{CC560C2A-CDE8-45B1-BEC6-FED6DDEB1346}"
EndProject
Global
	GlobalSection(SolutionConfigurationPlatforms) = preSolution
		Debug|Any CPU = Debug|Any CPU
		Debug|Mixed Platforms = Debug|Mixed Platforms
		Release|Any CPU = Release|Any CPU
		Release|Mixed Platforms = Release|Mixed Platforms
	EndGlobalSection
	GlobalSection(ProjectConfigurationPlatforms) = postSolution
		{BD86CFB6-6F33-49C4-9D37-B8B7C98AA045}.Debug|Any CPU.ActiveCfg = Debug|Any CPU
		{BD86CFB6-6F33-49C4-9D37-B8B7C98AA045}.Debug|Any CPU.Build.0 = Debug|Any CPU
		{BD86CFB6-6F33-49C4-9D37-B8B7C98AA045}.Debug|Mixed Platforms.ActiveCfg = Debug|Any CPU
		{BD86CFB6-6F33-49C4-9D37-B8B7C98AA045}.Debug|Mixed Platforms.Build.0 = Debug|Any CPU
		{BD86CFB6-6F33-49C4-9D37-B8B7C98AA045}.Release|Any CPU.ActiveCfg = Release|Any CPU
		{BD86CFB6-6F33-49C4-9D37-B8B7C98AA045}.Release|Any CPU.Build.0 = Release|Any CPU
		{BD86CFB6-6F33-49C4-9D37-B8B7C98AA045}.Release|Mixed Platforms.ActiveCfg = Release|Any CPU
		{BD86CFB6-6F33-49C4-9D37-B8B7C98AA045}.Release|Mixed Platforms.Build.0 = Release|Any CPU
		{A1048F3E-CB94-4217-890E-14E1037D8510}.Debug|Any CPU.ActiveCfg = Debug|Any CPU
		{A1048F3E-CB94-4217-890E-14E1037D8510}.Debug|Any CPU.Build.0 = Debug|Any CPU
		{A1048F3E-CB94-4217-890E-14E1037D8510}.Debug|Mixed Platforms.ActiveCfg = Debug|Any CPU
		{A1048F3E-CB94-4217-890E-14E1037D8510}.Debug|Mixed Platforms.Build.0 = Debug|Any CPU
		{A1048F3E-CB94-4217-890E-14E1037D8510}.Release|Any CPU.ActiveCfg = Release|Any CPU
		{A1048F3E-CB94-4217-890E-14E1037D8510}.Release|Any CPU.Build.0 = Release|Any CPU
		{A1048F3E-CB94-4217-890E-14E1037D8510}.Release|Mixed Platforms.ActiveCfg = Release|Any CPU
		{A1048F3E-CB94-4217-890E-14E1037D8510}.Release|Mixed Platforms.Build.0 = Release|Any CPU
		{DBB4D413-3A1F-4595-864C-B534BC756284}.Debug|Any CPU.ActiveCfg = Debug|Any CPU
		{DBB4D413-3A1F-4595-864C-B534BC756284}.Debug|Any CPU.Build.0 = Debug|Any CPU
		{DBB4D413-3A1F-4595-864C-B534BC756284}.Debug|Mixed Platforms.ActiveCfg = Debug|Any CPU
		{DBB4D413-3A1F-4595-864C-B534BC756284}.Debug|Mixed Platforms.Build.0 = Debug|Any CPU
		{DBB4D413-3A1F-4595-864C-B534BC756284}.Release|Any CPU.ActiveCfg = Release|Any CPU
		{DBB4D413-3A1F-4595-864C-B534BC756284}.Release|Any CPU.Build.0 = Release|Any CPU
		{DBB4D413-3A1F-4595-864C-B534BC756284}.Release|Mixed Platforms.ActiveCfg = Release|Any CPU
		{DBB4D413-3A1F-4595-864C-B534BC756284}.Release|Mixed Platforms.Build.0 = Release|Any CPU
		{929F7C79-E2BB-4E6C-AF17-F21E5025265A}.Debug|Any CPU.ActiveCfg = Debug|Any CPU
		{929F7C79-E2BB-4E6C-AF17-F21E5025265A}.Debug|Any CPU.Build.0 = Debug|Any CPU
		{929F7C79-E2BB-4E6C-AF17-F21E5025265A}.Debug|Mixed Platforms.ActiveCfg = Debug|Any CPU
		{929F7C79-E2BB-4E6C-AF17-F21E5025265A}.Debug|Mixed Platforms.Build.0 = Debug|Any CPU
		{929F7C79-E2BB-4E6C-AF17-F21E5025265A}.Release|Any CPU.ActiveCfg = Release|Any CPU
		{929F7C79-E2BB-4E6C-AF17-F21E5025265A}.Release|Any CPU.Build.0 = Release|Any CPU
		{929F7C79-E2BB-4E6C-AF17-F21E5025265A}.Release|Mixed Platforms.ActiveCfg = Release|Any CPU
		{929F7C79-E2BB-4E6C-AF17-F21E5025265A}.Release|Mixed Platforms.Build.0 = Release|Any CPU
		{BE661D5D-8A37-47A5-BB6E-2EB743C99A45}.Debug|Any CPU.ActiveCfg = Debug|Any CPU
		{BE661D5D-8A37-47A5-BB6E-2EB743C99A45}.Debug|Any CPU.Build.0 = Debug|Any CPU
		{BE661D5D-8A37-47A5-BB6E-2EB743C99A45}.Debug|Mixed Platforms.ActiveCfg = Debug|Any CPU
		{BE661D5D-8A37-47A5-BB6E-2EB743C99A45}.Debug|Mixed Platforms.Build.0 = Debug|Any CPU
		{BE661D5D-8A37-47A5-BB6E-2EB743C99A45}.Release|Any CPU.ActiveCfg = Release|Any CPU
		{BE661D5D-8A37-47A5-BB6E-2EB743C99A45}.Release|Any CPU.Build.0 = Release|Any CPU
		{BE661D5D-8A37-47A5-BB6E-2EB743C99A45}.Release|Mixed Platforms.ActiveCfg = Release|Any CPU
		{BE661D5D-8A37-47A5-BB6E-2EB743C99A45}.Release|Mixed Platforms.Build.0 = Release|Any CPU
		{57872D23-1C9A-4185-8FC7-823EDC17523D}.Debug|Any CPU.ActiveCfg = Debug|Any CPU
		{57872D23-1C9A-4185-8FC7-823EDC17523D}.Debug|Any CPU.Build.0 = Debug|Any CPU
		{57872D23-1C9A-4185-8FC7-823EDC17523D}.Debug|Mixed Platforms.ActiveCfg = Debug|Any CPU
		{57872D23-1C9A-4185-8FC7-823EDC17523D}.Debug|Mixed Platforms.Build.0 = Debug|Any CPU
		{57872D23-1C9A-4185-8FC7-823EDC17523D}.Release|Any CPU.ActiveCfg = Release|Any CPU
		{57872D23-1C9A-4185-8FC7-823EDC17523D}.Release|Any CPU.Build.0 = Release|Any CPU
		{57872D23-1C9A-4185-8FC7-823EDC17523D}.Release|Mixed Platforms.ActiveCfg = Release|Any CPU
		{57872D23-1C9A-4185-8FC7-823EDC17523D}.Release|Mixed Platforms.Build.0 = Release|Any CPU
		{09F1AEF4-B2F1-4E79-A138-D3E54C5EA561}.Debug|Any CPU.ActiveCfg = Debug|Any CPU
		{09F1AEF4-B2F1-4E79-A138-D3E54C5EA561}.Debug|Any CPU.Build.0 = Debug|Any CPU
		{09F1AEF4-B2F1-4E79-A138-D3E54C5EA561}.Debug|Mixed Platforms.ActiveCfg = Debug|Any CPU
		{09F1AEF4-B2F1-4E79-A138-D3E54C5EA561}.Debug|Mixed Platforms.Build.0 = Debug|Any CPU
		{09F1AEF4-B2F1-4E79-A138-D3E54C5EA561}.Release|Any CPU.ActiveCfg = Release|Any CPU
		{09F1AEF4-B2F1-4E79-A138-D3E54C5EA561}.Release|Any CPU.Build.0 = Release|Any CPU
		{09F1AEF4-B2F1-4E79-A138-D3E54C5EA561}.Release|Mixed Platforms.ActiveCfg = Release|Any CPU
		{09F1AEF4-B2F1-4E79-A138-D3E54C5EA561}.Release|Mixed Platforms.Build.0 = Release|Any CPU
		{1BA8AC55-DFD6-4184-8E2D-A63133CEA115}.Debug|Any CPU.ActiveCfg = Debug|Any CPU
		{1BA8AC55-DFD6-4184-8E2D-A63133CEA115}.Debug|Any CPU.Build.0 = Debug|Any CPU
		{1BA8AC55-DFD6-4184-8E2D-A63133CEA115}.Debug|Mixed Platforms.ActiveCfg = Debug|Any CPU
		{1BA8AC55-DFD6-4184-8E2D-A63133CEA115}.Debug|Mixed Platforms.Build.0 = Debug|Any CPU
		{1BA8AC55-DFD6-4184-8E2D-A63133CEA115}.Release|Any CPU.ActiveCfg = Release|Any CPU
		{1BA8AC55-DFD6-4184-8E2D-A63133CEA115}.Release|Any CPU.Build.0 = Release|Any CPU
		{1BA8AC55-DFD6-4184-8E2D-A63133CEA115}.Release|Mixed Platforms.ActiveCfg = Release|Any CPU
		{1BA8AC55-DFD6-4184-8E2D-A63133CEA115}.Release|Mixed Platforms.Build.0 = Release|Any CPU
		{8D7F3DB3-D15D-4EE0-97A3-CD42889AD5EA}.Debug|Any CPU.ActiveCfg = Debug|Any CPU
		{8D7F3DB3-D15D-4EE0-97A3-CD42889AD5EA}.Debug|Any CPU.Build.0 = Debug|Any CPU
		{8D7F3DB3-D15D-4EE0-97A3-CD42889AD5EA}.Debug|Mixed Platforms.ActiveCfg = Debug|Any CPU
		{8D7F3DB3-D15D-4EE0-97A3-CD42889AD5EA}.Debug|Mixed Platforms.Build.0 = Debug|Any CPU
		{8D7F3DB3-D15D-4EE0-97A3-CD42889AD5EA}.Release|Any CPU.ActiveCfg = Release|Any CPU
		{8D7F3DB3-D15D-4EE0-97A3-CD42889AD5EA}.Release|Any CPU.Build.0 = Release|Any CPU
		{8D7F3DB3-D15D-4EE0-97A3-CD42889AD5EA}.Release|Mixed Platforms.ActiveCfg = Release|Any CPU
		{8D7F3DB3-D15D-4EE0-97A3-CD42889AD5EA}.Release|Mixed Platforms.Build.0 = Release|Any CPU
		{16FBDD8B-1442-4752-9F27-655D36DE3342}.Debug|Any CPU.ActiveCfg = Debug|Any CPU
		{16FBDD8B-1442-4752-9F27-655D36DE3342}.Debug|Any CPU.Build.0 = Debug|Any CPU
		{16FBDD8B-1442-4752-9F27-655D36DE3342}.Debug|Mixed Platforms.ActiveCfg = Debug|Any CPU
		{16FBDD8B-1442-4752-9F27-655D36DE3342}.Debug|Mixed Platforms.Build.0 = Debug|Any CPU
		{16FBDD8B-1442-4752-9F27-655D36DE3342}.Release|Any CPU.ActiveCfg = Release|Any CPU
		{16FBDD8B-1442-4752-9F27-655D36DE3342}.Release|Any CPU.Build.0 = Release|Any CPU
		{16FBDD8B-1442-4752-9F27-655D36DE3342}.Release|Mixed Platforms.ActiveCfg = Release|Any CPU
		{16FBDD8B-1442-4752-9F27-655D36DE3342}.Release|Mixed Platforms.Build.0 = Release|Any CPU
		{37291EB6-75CE-4708-BF88-D4E9B7EE976A}.Debug|Any CPU.ActiveCfg = Debug|Any CPU
		{37291EB6-75CE-4708-BF88-D4E9B7EE976A}.Debug|Any CPU.Build.0 = Debug|Any CPU
		{37291EB6-75CE-4708-BF88-D4E9B7EE976A}.Debug|Mixed Platforms.ActiveCfg = Debug|Any CPU
		{37291EB6-75CE-4708-BF88-D4E9B7EE976A}.Debug|Mixed Platforms.Build.0 = Debug|Any CPU
		{37291EB6-75CE-4708-BF88-D4E9B7EE976A}.Release|Any CPU.ActiveCfg = Release|Any CPU
		{37291EB6-75CE-4708-BF88-D4E9B7EE976A}.Release|Any CPU.Build.0 = Release|Any CPU
		{37291EB6-75CE-4708-BF88-D4E9B7EE976A}.Release|Mixed Platforms.ActiveCfg = Release|Any CPU
		{37291EB6-75CE-4708-BF88-D4E9B7EE976A}.Release|Mixed Platforms.Build.0 = Release|Any CPU
		{C6E3265F-DB48-4566-8617-A9EBC4133C5D}.Debug|Any CPU.ActiveCfg = Debug|Any CPU
		{C6E3265F-DB48-4566-8617-A9EBC4133C5D}.Debug|Any CPU.Build.0 = Debug|Any CPU
		{C6E3265F-DB48-4566-8617-A9EBC4133C5D}.Debug|Mixed Platforms.ActiveCfg = Debug|Any CPU
		{C6E3265F-DB48-4566-8617-A9EBC4133C5D}.Debug|Mixed Platforms.Build.0 = Debug|Any CPU
		{C6E3265F-DB48-4566-8617-A9EBC4133C5D}.Release|Any CPU.ActiveCfg = Release|Any CPU
		{C6E3265F-DB48-4566-8617-A9EBC4133C5D}.Release|Any CPU.Build.0 = Release|Any CPU
		{C6E3265F-DB48-4566-8617-A9EBC4133C5D}.Release|Mixed Platforms.ActiveCfg = Release|Any CPU
		{C6E3265F-DB48-4566-8617-A9EBC4133C5D}.Release|Mixed Platforms.Build.0 = Release|Any CPU
		{FAB05787-2D40-4AAA-8B8B-D63459709110}.Debug|Any CPU.ActiveCfg = Debug|Any CPU
		{FAB05787-2D40-4AAA-8B8B-D63459709110}.Debug|Any CPU.Build.0 = Debug|Any CPU
		{FAB05787-2D40-4AAA-8B8B-D63459709110}.Debug|Mixed Platforms.ActiveCfg = Debug|Any CPU
		{FAB05787-2D40-4AAA-8B8B-D63459709110}.Debug|Mixed Platforms.Build.0 = Debug|Any CPU
		{FAB05787-2D40-4AAA-8B8B-D63459709110}.Release|Any CPU.ActiveCfg = Release|Any CPU
		{FAB05787-2D40-4AAA-8B8B-D63459709110}.Release|Any CPU.Build.0 = Release|Any CPU
		{FAB05787-2D40-4AAA-8B8B-D63459709110}.Release|Mixed Platforms.ActiveCfg = Release|Any CPU
		{FAB05787-2D40-4AAA-8B8B-D63459709110}.Release|Mixed Platforms.Build.0 = Release|Any CPU
		{AAF9ABC9-DA69-4007-BC8A-B6A361C55064}.Debug|Any CPU.ActiveCfg = Debug|Any CPU
		{AAF9ABC9-DA69-4007-BC8A-B6A361C55064}.Debug|Any CPU.Build.0 = Debug|Any CPU
		{AAF9ABC9-DA69-4007-BC8A-B6A361C55064}.Debug|Mixed Platforms.ActiveCfg = Debug|Any CPU
		{AAF9ABC9-DA69-4007-BC8A-B6A361C55064}.Debug|Mixed Platforms.Build.0 = Debug|Any CPU
		{AAF9ABC9-DA69-4007-BC8A-B6A361C55064}.Release|Any CPU.ActiveCfg = Release|Any CPU
		{AAF9ABC9-DA69-4007-BC8A-B6A361C55064}.Release|Any CPU.Build.0 = Release|Any CPU
		{AAF9ABC9-DA69-4007-BC8A-B6A361C55064}.Release|Mixed Platforms.ActiveCfg = Release|Any CPU
		{AAF9ABC9-DA69-4007-BC8A-B6A361C55064}.Release|Mixed Platforms.Build.0 = Release|Any CPU
		{3BCCAD02-5763-4867-9044-F2DB5065DF6C}.Debug|Any CPU.ActiveCfg = Debug|Any CPU
		{3BCCAD02-5763-4867-9044-F2DB5065DF6C}.Debug|Any CPU.Build.0 = Debug|Any CPU
		{3BCCAD02-5763-4867-9044-F2DB5065DF6C}.Debug|Mixed Platforms.ActiveCfg = Debug|Any CPU
		{3BCCAD02-5763-4867-9044-F2DB5065DF6C}.Debug|Mixed Platforms.Build.0 = Debug|Any CPU
		{3BCCAD02-5763-4867-9044-F2DB5065DF6C}.Release|Any CPU.ActiveCfg = Release|Any CPU
		{3BCCAD02-5763-4867-9044-F2DB5065DF6C}.Release|Any CPU.Build.0 = Release|Any CPU
		{3BCCAD02-5763-4867-9044-F2DB5065DF6C}.Release|Mixed Platforms.ActiveCfg = Release|Any CPU
		{3BCCAD02-5763-4867-9044-F2DB5065DF6C}.Release|Mixed Platforms.Build.0 = Release|Any CPU
		{4E3A38C0-3AE7-4140-AEC3-C7A34566979B}.Debug|Any CPU.ActiveCfg = Debug|Any CPU
		{4E3A38C0-3AE7-4140-AEC3-C7A34566979B}.Debug|Any CPU.Build.0 = Debug|Any CPU
		{4E3A38C0-3AE7-4140-AEC3-C7A34566979B}.Debug|Mixed Platforms.ActiveCfg = Debug|Any CPU
		{4E3A38C0-3AE7-4140-AEC3-C7A34566979B}.Debug|Mixed Platforms.Build.0 = Debug|Any CPU
		{4E3A38C0-3AE7-4140-AEC3-C7A34566979B}.Release|Any CPU.ActiveCfg = Release|Any CPU
		{4E3A38C0-3AE7-4140-AEC3-C7A34566979B}.Release|Any CPU.Build.0 = Release|Any CPU
		{4E3A38C0-3AE7-4140-AEC3-C7A34566979B}.Release|Mixed Platforms.ActiveCfg = Release|Any CPU
		{4E3A38C0-3AE7-4140-AEC3-C7A34566979B}.Release|Mixed Platforms.Build.0 = Release|Any CPU
		{3C4AABD0-7BD7-4403-B7D5-210CC4409F0B}.Debug|Any CPU.ActiveCfg = Debug|Any CPU
		{3C4AABD0-7BD7-4403-B7D5-210CC4409F0B}.Debug|Any CPU.Build.0 = Debug|Any CPU
		{3C4AABD0-7BD7-4403-B7D5-210CC4409F0B}.Debug|Mixed Platforms.ActiveCfg = Debug|Any CPU
		{3C4AABD0-7BD7-4403-B7D5-210CC4409F0B}.Debug|Mixed Platforms.Build.0 = Debug|Any CPU
		{3C4AABD0-7BD7-4403-B7D5-210CC4409F0B}.Release|Any CPU.ActiveCfg = Release|Any CPU
		{3C4AABD0-7BD7-4403-B7D5-210CC4409F0B}.Release|Any CPU.Build.0 = Release|Any CPU
		{3C4AABD0-7BD7-4403-B7D5-210CC4409F0B}.Release|Mixed Platforms.ActiveCfg = Release|Any CPU
		{3C4AABD0-7BD7-4403-B7D5-210CC4409F0B}.Release|Mixed Platforms.Build.0 = Release|Any CPU
		{E84CB001-5D95-437B-BF2C-B72E1441A173}.Debug|Any CPU.ActiveCfg = Debug|Any CPU
		{E84CB001-5D95-437B-BF2C-B72E1441A173}.Debug|Any CPU.Build.0 = Debug|Any CPU
		{E84CB001-5D95-437B-BF2C-B72E1441A173}.Debug|Mixed Platforms.ActiveCfg = Debug|Any CPU
		{E84CB001-5D95-437B-BF2C-B72E1441A173}.Debug|Mixed Platforms.Build.0 = Debug|Any CPU
		{E84CB001-5D95-437B-BF2C-B72E1441A173}.Release|Any CPU.ActiveCfg = Release|Any CPU
		{E84CB001-5D95-437B-BF2C-B72E1441A173}.Release|Any CPU.Build.0 = Release|Any CPU
		{E84CB001-5D95-437B-BF2C-B72E1441A173}.Release|Mixed Platforms.ActiveCfg = Release|Any CPU
		{E84CB001-5D95-437B-BF2C-B72E1441A173}.Release|Mixed Platforms.Build.0 = Release|Any CPU
		{654565EA-946E-4244-BF23-518DBDD65221}.Debug|Any CPU.ActiveCfg = Debug|Any CPU
		{654565EA-946E-4244-BF23-518DBDD65221}.Debug|Any CPU.Build.0 = Debug|Any CPU
		{654565EA-946E-4244-BF23-518DBDD65221}.Debug|Mixed Platforms.ActiveCfg = Debug|Any CPU
		{654565EA-946E-4244-BF23-518DBDD65221}.Debug|Mixed Platforms.Build.0 = Debug|Any CPU
		{654565EA-946E-4244-BF23-518DBDD65221}.Release|Any CPU.ActiveCfg = Release|Any CPU
		{654565EA-946E-4244-BF23-518DBDD65221}.Release|Any CPU.Build.0 = Release|Any CPU
		{654565EA-946E-4244-BF23-518DBDD65221}.Release|Mixed Platforms.ActiveCfg = Release|Any CPU
		{654565EA-946E-4244-BF23-518DBDD65221}.Release|Mixed Platforms.Build.0 = Release|Any CPU
		{4726350D-E0C1-43A2-A491-6C4558115A62}.Debug|Any CPU.ActiveCfg = Debug|Any CPU
		{4726350D-E0C1-43A2-A491-6C4558115A62}.Debug|Any CPU.Build.0 = Debug|Any CPU
		{4726350D-E0C1-43A2-A491-6C4558115A62}.Debug|Mixed Platforms.ActiveCfg = Debug|Any CPU
		{4726350D-E0C1-43A2-A491-6C4558115A62}.Debug|Mixed Platforms.Build.0 = Debug|Any CPU
		{4726350D-E0C1-43A2-A491-6C4558115A62}.Release|Any CPU.ActiveCfg = Release|Any CPU
		{4726350D-E0C1-43A2-A491-6C4558115A62}.Release|Any CPU.Build.0 = Release|Any CPU
		{4726350D-E0C1-43A2-A491-6C4558115A62}.Release|Mixed Platforms.ActiveCfg = Release|Any CPU
		{4726350D-E0C1-43A2-A491-6C4558115A62}.Release|Mixed Platforms.Build.0 = Release|Any CPU
		{4BD42113-F5DA-46BC-AD12-66509397D97D}.Debug|Any CPU.ActiveCfg = Debug|Any CPU
		{4BD42113-F5DA-46BC-AD12-66509397D97D}.Debug|Any CPU.Build.0 = Debug|Any CPU
		{4BD42113-F5DA-46BC-AD12-66509397D97D}.Debug|Mixed Platforms.ActiveCfg = Debug|Any CPU
		{4BD42113-F5DA-46BC-AD12-66509397D97D}.Debug|Mixed Platforms.Build.0 = Debug|Any CPU
		{4BD42113-F5DA-46BC-AD12-66509397D97D}.Release|Any CPU.ActiveCfg = Release|Any CPU
		{4BD42113-F5DA-46BC-AD12-66509397D97D}.Release|Any CPU.Build.0 = Release|Any CPU
		{4BD42113-F5DA-46BC-AD12-66509397D97D}.Release|Mixed Platforms.ActiveCfg = Release|Any CPU
		{4BD42113-F5DA-46BC-AD12-66509397D97D}.Release|Mixed Platforms.Build.0 = Release|Any CPU
		{346CB34B-0307-46BE-B21A-1CCECF3A9209}.Debug|Any CPU.ActiveCfg = Debug|Any CPU
		{346CB34B-0307-46BE-B21A-1CCECF3A9209}.Debug|Any CPU.Build.0 = Debug|Any CPU
		{346CB34B-0307-46BE-B21A-1CCECF3A9209}.Debug|Mixed Platforms.ActiveCfg = Debug|Any CPU
		{346CB34B-0307-46BE-B21A-1CCECF3A9209}.Debug|Mixed Platforms.Build.0 = Debug|Any CPU
		{346CB34B-0307-46BE-B21A-1CCECF3A9209}.Release|Any CPU.ActiveCfg = Release|Any CPU
		{346CB34B-0307-46BE-B21A-1CCECF3A9209}.Release|Any CPU.Build.0 = Release|Any CPU
		{346CB34B-0307-46BE-B21A-1CCECF3A9209}.Release|Mixed Platforms.ActiveCfg = Release|Any CPU
		{346CB34B-0307-46BE-B21A-1CCECF3A9209}.Release|Mixed Platforms.Build.0 = Release|Any CPU
		{772957CF-1DBF-4D5F-B4DA-A878DE0659EA}.Debug|Any CPU.ActiveCfg = Debug|Any CPU
		{772957CF-1DBF-4D5F-B4DA-A878DE0659EA}.Debug|Any CPU.Build.0 = Debug|Any CPU
		{772957CF-1DBF-4D5F-B4DA-A878DE0659EA}.Debug|Mixed Platforms.ActiveCfg = Debug|Any CPU
		{772957CF-1DBF-4D5F-B4DA-A878DE0659EA}.Debug|Mixed Platforms.Build.0 = Debug|Any CPU
		{772957CF-1DBF-4D5F-B4DA-A878DE0659EA}.Release|Any CPU.ActiveCfg = Release|Any CPU
		{772957CF-1DBF-4D5F-B4DA-A878DE0659EA}.Release|Any CPU.Build.0 = Release|Any CPU
		{772957CF-1DBF-4D5F-B4DA-A878DE0659EA}.Release|Mixed Platforms.ActiveCfg = Release|Any CPU
		{772957CF-1DBF-4D5F-B4DA-A878DE0659EA}.Release|Mixed Platforms.Build.0 = Release|Any CPU
		{293D987C-62BE-4F1C-88A1-E1B1EE42F8E6}.Debug|Any CPU.ActiveCfg = Debug|Any CPU
		{293D987C-62BE-4F1C-88A1-E1B1EE42F8E6}.Debug|Any CPU.Build.0 = Debug|Any CPU
		{293D987C-62BE-4F1C-88A1-E1B1EE42F8E6}.Debug|Mixed Platforms.ActiveCfg = Debug|Any CPU
		{293D987C-62BE-4F1C-88A1-E1B1EE42F8E6}.Debug|Mixed Platforms.Build.0 = Debug|Any CPU
		{293D987C-62BE-4F1C-88A1-E1B1EE42F8E6}.Release|Any CPU.ActiveCfg = Release|Any CPU
		{293D987C-62BE-4F1C-88A1-E1B1EE42F8E6}.Release|Any CPU.Build.0 = Release|Any CPU
		{293D987C-62BE-4F1C-88A1-E1B1EE42F8E6}.Release|Mixed Platforms.ActiveCfg = Release|Any CPU
		{293D987C-62BE-4F1C-88A1-E1B1EE42F8E6}.Release|Mixed Platforms.Build.0 = Release|Any CPU
		{AEABDCA0-469B-4B49-9904-B04699E88858}.Debug|Any CPU.ActiveCfg = Debug|Any CPU
		{AEABDCA0-469B-4B49-9904-B04699E88858}.Debug|Any CPU.Build.0 = Debug|Any CPU
		{AEABDCA0-469B-4B49-9904-B04699E88858}.Debug|Mixed Platforms.ActiveCfg = Debug|Any CPU
		{AEABDCA0-469B-4B49-9904-B04699E88858}.Debug|Mixed Platforms.Build.0 = Debug|Any CPU
		{AEABDCA0-469B-4B49-9904-B04699E88858}.Release|Any CPU.ActiveCfg = Release|Any CPU
		{AEABDCA0-469B-4B49-9904-B04699E88858}.Release|Any CPU.Build.0 = Release|Any CPU
		{AEABDCA0-469B-4B49-9904-B04699E88858}.Release|Mixed Platforms.ActiveCfg = Release|Any CPU
		{AEABDCA0-469B-4B49-9904-B04699E88858}.Release|Mixed Platforms.Build.0 = Release|Any CPU
		{E5D1D49D-FDFA-42DF-B2D1-1E97B3658B9D}.Debug|Any CPU.ActiveCfg = Debug|Any CPU
		{E5D1D49D-FDFA-42DF-B2D1-1E97B3658B9D}.Debug|Any CPU.Build.0 = Debug|Any CPU
		{E5D1D49D-FDFA-42DF-B2D1-1E97B3658B9D}.Debug|Mixed Platforms.ActiveCfg = Debug|Any CPU
		{E5D1D49D-FDFA-42DF-B2D1-1E97B3658B9D}.Debug|Mixed Platforms.Build.0 = Debug|Any CPU
		{E5D1D49D-FDFA-42DF-B2D1-1E97B3658B9D}.Release|Any CPU.ActiveCfg = Release|Any CPU
		{E5D1D49D-FDFA-42DF-B2D1-1E97B3658B9D}.Release|Any CPU.Build.0 = Release|Any CPU
		{E5D1D49D-FDFA-42DF-B2D1-1E97B3658B9D}.Release|Mixed Platforms.ActiveCfg = Release|Any CPU
		{E5D1D49D-FDFA-42DF-B2D1-1E97B3658B9D}.Release|Mixed Platforms.Build.0 = Release|Any CPU
		{28BA2B03-97D0-4A56-807C-81EAD4B1EFBA}.Debug|Any CPU.ActiveCfg = Debug|Any CPU
		{28BA2B03-97D0-4A56-807C-81EAD4B1EFBA}.Debug|Any CPU.Build.0 = Debug|Any CPU
		{28BA2B03-97D0-4A56-807C-81EAD4B1EFBA}.Debug|Mixed Platforms.ActiveCfg = Debug|Any CPU
		{28BA2B03-97D0-4A56-807C-81EAD4B1EFBA}.Debug|Mixed Platforms.Build.0 = Debug|Any CPU
		{28BA2B03-97D0-4A56-807C-81EAD4B1EFBA}.Release|Any CPU.ActiveCfg = Release|Any CPU
		{28BA2B03-97D0-4A56-807C-81EAD4B1EFBA}.Release|Any CPU.Build.0 = Release|Any CPU
		{28BA2B03-97D0-4A56-807C-81EAD4B1EFBA}.Release|Mixed Platforms.ActiveCfg = Release|Any CPU
		{28BA2B03-97D0-4A56-807C-81EAD4B1EFBA}.Release|Mixed Platforms.Build.0 = Release|Any CPU
		{5380585C-795F-45BF-86AC-3E634992E709}.Debug|Any CPU.ActiveCfg = Debug|Any CPU
		{5380585C-795F-45BF-86AC-3E634992E709}.Debug|Any CPU.Build.0 = Debug|Any CPU
		{5380585C-795F-45BF-86AC-3E634992E709}.Debug|Mixed Platforms.ActiveCfg = Debug|Any CPU
		{5380585C-795F-45BF-86AC-3E634992E709}.Debug|Mixed Platforms.Build.0 = Debug|Any CPU
		{5380585C-795F-45BF-86AC-3E634992E709}.Release|Any CPU.ActiveCfg = Release|Any CPU
		{5380585C-795F-45BF-86AC-3E634992E709}.Release|Any CPU.Build.0 = Release|Any CPU
		{5380585C-795F-45BF-86AC-3E634992E709}.Release|Mixed Platforms.ActiveCfg = Release|Any CPU
		{5380585C-795F-45BF-86AC-3E634992E709}.Release|Mixed Platforms.Build.0 = Release|Any CPU
		{B9D611E2-03E2-48F1-AC5F-3745033091E4}.Debug|Any CPU.ActiveCfg = Debug|Any CPU
		{B9D611E2-03E2-48F1-AC5F-3745033091E4}.Debug|Any CPU.Build.0 = Debug|Any CPU
		{B9D611E2-03E2-48F1-AC5F-3745033091E4}.Debug|Mixed Platforms.ActiveCfg = Debug|Any CPU
		{B9D611E2-03E2-48F1-AC5F-3745033091E4}.Debug|Mixed Platforms.Build.0 = Debug|Any CPU
		{B9D611E2-03E2-48F1-AC5F-3745033091E4}.Release|Any CPU.ActiveCfg = Release|Any CPU
		{B9D611E2-03E2-48F1-AC5F-3745033091E4}.Release|Any CPU.Build.0 = Release|Any CPU
		{B9D611E2-03E2-48F1-AC5F-3745033091E4}.Release|Mixed Platforms.ActiveCfg = Release|Any CPU
		{B9D611E2-03E2-48F1-AC5F-3745033091E4}.Release|Mixed Platforms.Build.0 = Release|Any CPU
		{CC560C2A-CDE8-45B1-BEC6-FED6DDEB1346}.Debug|Any CPU.ActiveCfg = Debug|Any CPU
		{CC560C2A-CDE8-45B1-BEC6-FED6DDEB1346}.Debug|Any CPU.Build.0 = Debug|Any CPU
		{CC560C2A-CDE8-45B1-BEC6-FED6DDEB1346}.Debug|Mixed Platforms.ActiveCfg = Debug|Any CPU
		{CC560C2A-CDE8-45B1-BEC6-FED6DDEB1346}.Debug|Mixed Platforms.Build.0 = Debug|Any CPU
		{CC560C2A-CDE8-45B1-BEC6-FED6DDEB1346}.Release|Any CPU.ActiveCfg = Release|Any CPU
		{CC560C2A-CDE8-45B1-BEC6-FED6DDEB1346}.Release|Any CPU.Build.0 = Release|Any CPU
		{CC560C2A-CDE8-45B1-BEC6-FED6DDEB1346}.Release|Mixed Platforms.ActiveCfg = Release|Any CPU
		{CC560C2A-CDE8-45B1-BEC6-FED6DDEB1346}.Release|Mixed Platforms.Build.0 = Release|Any CPU
	EndGlobalSection
	GlobalSection(SolutionProperties) = preSolution
		HideSolutionNode = FALSE
	EndGlobalSection
	GlobalSection(NestedProjects) = preSolution
		{BD16F09F-0A5F-4280-889C-A2DC9C03F823} = {73B4E9E2-4534-4F37-940F-CD74CE8229D6}
		{62459631-E182-4541-9C9E-FEBA1F619A18} = {73B4E9E2-4534-4F37-940F-CD74CE8229D6}
		{57872D23-1C9A-4185-8FC7-823EDC17523D} = {62459631-E182-4541-9C9E-FEBA1F619A18}
		{09F1AEF4-B2F1-4E79-A138-D3E54C5EA561} = {62459631-E182-4541-9C9E-FEBA1F619A18}
		{1BA8AC55-DFD6-4184-8E2D-A63133CEA115} = {62459631-E182-4541-9C9E-FEBA1F619A18}
		{8D7F3DB3-D15D-4EE0-97A3-CD42889AD5EA} = {BD16F09F-0A5F-4280-889C-A2DC9C03F823}
		{16FBDD8B-1442-4752-9F27-655D36DE3342} = {BD16F09F-0A5F-4280-889C-A2DC9C03F823}
		{CEABF9D9-BEF3-4421-ACA7-477BB356197A} = {73B4E9E2-4534-4F37-940F-CD74CE8229D6}
		{FAB05787-2D40-4AAA-8B8B-D63459709110} = {E5ECBEAD-F934-46D0-8B0A-DFD7921195FE}
		{AAF9ABC9-DA69-4007-BC8A-B6A361C55064} = {E5ECBEAD-F934-46D0-8B0A-DFD7921195FE}
		{3BCCAD02-5763-4867-9044-F2DB5065DF6C} = {CEABF9D9-BEF3-4421-ACA7-477BB356197A}
		{4E3A38C0-3AE7-4140-AEC3-C7A34566979B} = {E77958ED-BAD9-4F26-8BC0-6CDF0F88B77C}
		{09B349A1-3052-4DC3-A2C5-70506B5FE2A2} = {73B4E9E2-4534-4F37-940F-CD74CE8229D6}
		{3C4AABD0-7BD7-4403-B7D5-210CC4409F0B} = {09B349A1-3052-4DC3-A2C5-70506B5FE2A2}
		{E84CB001-5D95-437B-BF2C-B72E1441A173} = {09B349A1-3052-4DC3-A2C5-70506B5FE2A2}
		{654565EA-946E-4244-BF23-518DBDD65221} = {09B349A1-3052-4DC3-A2C5-70506B5FE2A2}
		{4726350D-E0C1-43A2-A491-6C4558115A62} = {54ED413E-138D-4FC9-853B-29C3476F9ECB}
		{0FCF12A4-38EA-4B09-B5ED-E7037C33A93B} = {73B4E9E2-4534-4F37-940F-CD74CE8229D6}
		{4BD42113-F5DA-46BC-AD12-66509397D97D} = {0FCF12A4-38EA-4B09-B5ED-E7037C33A93B}
		{346CB34B-0307-46BE-B21A-1CCECF3A9209} = {0FCF12A4-38EA-4B09-B5ED-E7037C33A93B}
		{772957CF-1DBF-4D5F-B4DA-A878DE0659EA} = {E5ECBEAD-F934-46D0-8B0A-DFD7921195FE}
		{293D987C-62BE-4F1C-88A1-E1B1EE42F8E6} = {54ED413E-138D-4FC9-853B-29C3476F9ECB}
		{AEABDCA0-469B-4B49-9904-B04699E88858} = {54ED413E-138D-4FC9-853B-29C3476F9ECB}
		{E5D1D49D-FDFA-42DF-B2D1-1E97B3658B9D} = {54ED413E-138D-4FC9-853B-29C3476F9ECB}
		{28BA2B03-97D0-4A56-807C-81EAD4B1EFBA} = {CEABF9D9-BEF3-4421-ACA7-477BB356197A}
		{5380585C-795F-45BF-86AC-3E634992E709} = {CEABF9D9-BEF3-4421-ACA7-477BB356197A}
		{B9D611E2-03E2-48F1-AC5F-3745033091E4} = {CEABF9D9-BEF3-4421-ACA7-477BB356197A}
		{CC560C2A-CDE8-45B1-BEC6-FED6DDEB1346} = {CEABF9D9-BEF3-4421-ACA7-477BB356197A}
	EndGlobalSection
	GlobalSection(ExtensibilityGlobals) = postSolution
		SolutionGuid = {F60C2567-FE95-48E5-95F5-0AB036505E21}
	EndGlobalSection
	GlobalSection(TestCaseManagementSettings) = postSolution
		CategoryFile = logjoint.vsmdi
	EndGlobalSection
EndGlobal
