
Microsoft Visual Studio Solution File, Format Version 11.00
# Visual Studio 2010
Project("{FAE04EC0-301F-11D3-BF4B-00C04F79EFBC}") = "logjoint.regex", "logjoint.regex\logjoint.regex.csproj", "{BD86CFB6-6F33-49C4-9D37-B8B7C98AA045}"
EndProject
Project("{FAE04EC0-301F-11D3-BF4B-00C04F79EFBC}") = "logjoint.mac", "logjoint.mac\logjoint.mac.csproj", "{9F528C3D-D79B-4394-A6C2-7FF3AB7F91C3}"
EndProject
Project("{FAE04EC0-301F-11D3-BF4B-00C04F79EFBC}") = "logjoint.updater", "logjoint.updater\logjoint.updater.csproj", "{BE661D5D-8A37-47A5-BB6E-2EB743C99A45}"
EndProject
Project("{2150E333-8FDC-42A3-9474-1A3956D46DE8}") = "plugins", "plugins", "{68F58D7E-4D53-4F62-9338-E965AE399D8A}"
EndProject
Project("{2150E333-8FDC-42A3-9474-1A3956D46DE8}") = "chromium", "chromium", "{BBD959F6-F28F-40E4-B007-4F32AD177CAB}"
EndProject
Project("{FAE04EC0-301F-11D3-BF4B-00C04F79EFBC}") = "logjoint.updatetool", "logjoint.updatetool\logjoint.updatetool.csproj", "{D0C01D23-263B-4A79-B0A8-0C8B890F9628}"
EndProject
Project("{2150E333-8FDC-42A3-9474-1A3956D46DE8}") = "tests", "tests", "{55CBF29E-56AA-4DDB-89AB-66573C80313B}"
EndProject
Project("{2150E333-8FDC-42A3-9474-1A3956D46DE8}") = "tools", "tools", "{D53860DE-DE18-4D16-AE61-A4D66BB9B51B}"
EndProject
Project("{FAE04EC0-301F-11D3-BF4B-00C04F79EFBC}") = "logjoint.test.logging.app", "logjoint.test.logging.app\logjoint.test.logging.app.csproj", "{4E3A38C0-3AE7-4140-AEC3-C7A34566979B}"
EndProject
Project("{2150E333-8FDC-42A3-9474-1A3956D46DE8}") = "packet-analysis", "packet-analysis", "{F14D10AD-3F32-4793-AB6A-450DB99EE65F}"
EndProject
Project("{FAE04EC0-301F-11D3-BF4B-00C04F79EFBC}") = "logjoint.packet-analysis.plugin", "..\..\extensions\packet-analysis\platforms\osx\logjoint.packet-analysis.plugin\logjoint.packet-analysis.plugin.csproj", "{C04BD9F7-2731-4BE7-A980-7719E789EF91}"
EndProject
Project("{2150E333-8FDC-42A3-9474-1A3956D46DE8}") = "sdk", "sdk", "{255420E4-67A9-441B-8DA0-67A77DE25034}"
EndProject
Project("{FAE04EC0-301F-11D3-BF4B-00C04F79EFBC}") = "logjoint.sdk", "sdk\logjoint.sdk\logjoint.sdk.csproj", "{C90306F2-3BB8-4D1B-BF0A-3C07DE799340}"
EndProject
Project("{FAE04EC0-301F-11D3-BF4B-00C04F79EFBC}") = "logjoint.model.sdk", "..\..\sdk\model\logjoint.model.sdk.csproj", "{D9942354-A4EC-412F-A120-A96E8F1C58A3}"
EndProject
Project("{FAE04EC0-301F-11D3-BF4B-00C04F79EFBC}") = "logjoint.presentation.sdk", "..\..\sdk\presentation\logjoint.presentation.sdk.csproj", "{731F60CB-87A0-4C4E-8553-EE9259A05AAF}"
EndProject
Project("{FAE04EC0-301F-11D3-BF4B-00C04F79EFBC}") = "logjoint.chromium.plugin.model.sdk", "..\..\extensions\chromium\model.sdk\logjoint.chromium.plugin.model.sdk.csproj", "{F2EE0B46-5582-4F05-B55D-869D5F302DE1}"
EndProject
Project("{FAE04EC0-301F-11D3-BF4B-00C04F79EFBC}") = "logjoint.chromium.plugin.model", "..\..\extensions\chromium\model\logjoint.chromium.plugin.model.csproj", "{1358758C-D6F5-44CF-8564-714A82CF3FA1}"
EndProject
Project("{FAE04EC0-301F-11D3-BF4B-00C04F79EFBC}") = "logjoint.chromium.plugin.presentation", "..\..\extensions\chromium\presentation\logjoint.chromium.plugin.presentation.csproj", "{B64CC532-A7D8-402C-A024-B2F0A900B309}"
EndProject
Project("{FAE04EC0-301F-11D3-BF4B-00C04F79EFBC}") = "logjoint.chromium.plugin", "..\..\extensions\chromium\plugin\logjoint.chromium.plugin.csproj", "{04585440-5849-4FB3-84DD-A33A9C5F7E8A}"
EndProject
Project("{FAE04EC0-301F-11D3-BF4B-00C04F79EFBC}") = "logjoint.packet-analysis.plugin.model", "..\..\extensions\packet-analysis\model\logjoint.packet-analysis.plugin.model.csproj", "{74F02DF1-BCAD-431A-9B67-EE31E5B03DA7}"
EndProject
Project("{FAE04EC0-301F-11D3-BF4B-00C04F79EFBC}") = "logjoint.packet-analysis.plugin.presentation", "..\..\extensions\packet-analysis\presentation\logjoint.packet-analysis.plugin.presentation.csproj", "{E43E55BE-22B9-4BA0-868F-C2A2468BF477}"
EndProject
Project("{FAE04EC0-301F-11D3-BF4B-00C04F79EFBC}") = "logjoint.model", "..\..\model\logjoint.model.csproj", "{A13EFFC2-BA8E-48BF-A8D9-5D0B774EA266}"
EndProject
Project("{FAE04EC0-301F-11D3-BF4B-00C04F79EFBC}") = "logjoint.presenters", "..\..\presenters\logjoint.presenters.csproj", "{51B3C06E-37DD-4463-8AC3-87F36E5BB787}"
EndProject
Project("{FAE04EC0-301F-11D3-BF4B-00C04F79EFBC}") = "logjoint.presentation.tests", "..\..\tests\presentation\logjoint.presentation.tests.csproj", "{5E1D1A3A-6993-4905-A375-C4760EC78D63}"
EndProject
Project("{FAE04EC0-301F-11D3-BF4B-00C04F79EFBC}") = "logjoint.model.tests", "..\..\tests\model\logjoint.model.tests.csproj", "{B8F100A7-7D1E-4606-B72D-88813ECBEF9E}"
EndProject
Project("{FAE04EC0-301F-11D3-BF4B-00C04F79EFBC}") = "logjoint.integration.tests", "..\..\tests\integration\logjoint.integration.tests.csproj", "{F80C0680-37C0-4EC8-A3DF-3E3F106BFA8D}"
EndProject
Project("{2150E333-8FDC-42A3-9474-1A3956D46DE8}") = "tests", "tests", "{CFF526BB-734E-4001-B0C0-24689BDB2DD9}"
EndProject
Project("{2150E333-8FDC-42A3-9474-1A3956D46DE8}") = "tests", "tests", "{3FA88828-D238-4768-85B5-39DD313F00E6}"
EndProject
Project("{FAE04EC0-301F-11D3-BF4B-00C04F79EFBC}") = "logjoint.plugintool", "..\..\sdk\tools\logjoint.plugintool\logjoint.plugintool.csproj", "{237D4AAE-85F4-439E-82A0-5057C4B8014D}"
EndProject
Project("{FAE04EC0-301F-11D3-BF4B-00C04F79EFBC}") = "logjoint.chromium.plugin.integration", "..\..\extensions\chromium\tests\integration\logjoint.chromium.plugin.integration.csproj", "{CDBD8575-489A-4656-9E99-564D2A866B02}"
EndProject
Project("{FAE04EC0-301F-11D3-BF4B-00C04F79EFBC}") = "logjoint.packet-analysis.plugin.integration", "..\..\extensions\packet-analysis\tests\integration\logjoint.packet-analysis.plugin.integration.csproj", "{A50FBF1E-A845-4318-B6CD-BA195524839E}"
EndProject
Project("{FAE04EC0-301F-11D3-BF4B-00C04F79EFBC}") = "logjoint.testing.sdk", "..\..\sdk\testing\logjoint.testing.sdk.csproj", "{1398641F-E175-4BB2-A3CA-550B6B7EA1CE}"
EndProject
Project("{FAE04EC0-301F-11D3-BF4B-00C04F79EFBC}") = "logjoint.wasm", "..\blazor\logjoint.wasm\logjoint.wasm.csproj", "{58B18D14-E86D-4E6A-88AA-34BCE1FA1795}"
EndProject
Global
	GlobalSection(SolutionConfigurationPlatforms) = preSolution
		Debug|Any CPU = Debug|Any CPU
		Release|Any CPU = Release|Any CPU
		Debug|x86 = Debug|x86
		Release|x86 = Release|x86
	EndGlobalSection
	GlobalSection(ProjectConfigurationPlatforms) = postSolution
		{9F528C3D-D79B-4394-A6C2-7FF3AB7F91C3}.Debug|Any CPU.ActiveCfg = Debug|Any CPU
		{9F528C3D-D79B-4394-A6C2-7FF3AB7F91C3}.Debug|Any CPU.Build.0 = Debug|Any CPU
		{9F528C3D-D79B-4394-A6C2-7FF3AB7F91C3}.Release|Any CPU.ActiveCfg = Release|Any CPU
		{9F528C3D-D79B-4394-A6C2-7FF3AB7F91C3}.Release|Any CPU.Build.0 = Release|Any CPU
		{9F528C3D-D79B-4394-A6C2-7FF3AB7F91C3}.Debug|x86.ActiveCfg = Debug|Any CPU
		{9F528C3D-D79B-4394-A6C2-7FF3AB7F91C3}.Debug|x86.Build.0 = Debug|Any CPU
		{9F528C3D-D79B-4394-A6C2-7FF3AB7F91C3}.Release|x86.ActiveCfg = Release|Any CPU
		{9F528C3D-D79B-4394-A6C2-7FF3AB7F91C3}.Release|x86.Build.0 = Release|Any CPU
		{BD86CFB6-6F33-49C4-9D37-B8B7C98AA045}.Debug|Any CPU.ActiveCfg = Debug|Any CPU
		{BD86CFB6-6F33-49C4-9D37-B8B7C98AA045}.Debug|Any CPU.Build.0 = Debug|Any CPU
		{BD86CFB6-6F33-49C4-9D37-B8B7C98AA045}.Release|Any CPU.ActiveCfg = Release|Any CPU
		{BD86CFB6-6F33-49C4-9D37-B8B7C98AA045}.Release|Any CPU.Build.0 = Release|Any CPU
		{BD86CFB6-6F33-49C4-9D37-B8B7C98AA045}.Debug|x86.ActiveCfg = Debug|Any CPU
		{BD86CFB6-6F33-49C4-9D37-B8B7C98AA045}.Debug|x86.Build.0 = Debug|Any CPU
		{BD86CFB6-6F33-49C4-9D37-B8B7C98AA045}.Release|x86.ActiveCfg = Release|Any CPU
		{BD86CFB6-6F33-49C4-9D37-B8B7C98AA045}.Release|x86.Build.0 = Release|Any CPU
		{BE661D5D-8A37-47A5-BB6E-2EB743C99A45}.Debug|Any CPU.ActiveCfg = Debug|Any CPU
		{BE661D5D-8A37-47A5-BB6E-2EB743C99A45}.Debug|Any CPU.Build.0 = Debug|Any CPU
		{BE661D5D-8A37-47A5-BB6E-2EB743C99A45}.Release|Any CPU.ActiveCfg = Release|Any CPU
		{BE661D5D-8A37-47A5-BB6E-2EB743C99A45}.Release|Any CPU.Build.0 = Release|Any CPU
		{BE661D5D-8A37-47A5-BB6E-2EB743C99A45}.Debug|x86.ActiveCfg = Debug|Any CPU
		{BE661D5D-8A37-47A5-BB6E-2EB743C99A45}.Debug|x86.Build.0 = Debug|Any CPU
		{BE661D5D-8A37-47A5-BB6E-2EB743C99A45}.Release|x86.ActiveCfg = Release|Any CPU
		{BE661D5D-8A37-47A5-BB6E-2EB743C99A45}.Release|x86.Build.0 = Release|Any CPU
		{D0C01D23-263B-4A79-B0A8-0C8B890F9628}.Debug|Any CPU.ActiveCfg = Debug|Any CPU
		{D0C01D23-263B-4A79-B0A8-0C8B890F9628}.Debug|Any CPU.Build.0 = Debug|Any CPU
		{D0C01D23-263B-4A79-B0A8-0C8B890F9628}.Release|Any CPU.ActiveCfg = Release|Any CPU
		{D0C01D23-263B-4A79-B0A8-0C8B890F9628}.Release|Any CPU.Build.0 = Release|Any CPU
		{D0C01D23-263B-4A79-B0A8-0C8B890F9628}.Debug|x86.ActiveCfg = Debug|Any CPU
		{D0C01D23-263B-4A79-B0A8-0C8B890F9628}.Debug|x86.Build.0 = Debug|Any CPU
		{D0C01D23-263B-4A79-B0A8-0C8B890F9628}.Release|x86.ActiveCfg = Release|Any CPU
		{D0C01D23-263B-4A79-B0A8-0C8B890F9628}.Release|x86.Build.0 = Release|Any CPU
		{4E3A38C0-3AE7-4140-AEC3-C7A34566979B}.Debug|Any CPU.ActiveCfg = Debug|Any CPU
		{4E3A38C0-3AE7-4140-AEC3-C7A34566979B}.Debug|Any CPU.Build.0 = Debug|Any CPU
		{4E3A38C0-3AE7-4140-AEC3-C7A34566979B}.Release|Any CPU.ActiveCfg = Release|Any CPU
		{4E3A38C0-3AE7-4140-AEC3-C7A34566979B}.Release|Any CPU.Build.0 = Release|Any CPU
		{4E3A38C0-3AE7-4140-AEC3-C7A34566979B}.Debug|x86.ActiveCfg = Debug|Any CPU
		{4E3A38C0-3AE7-4140-AEC3-C7A34566979B}.Debug|x86.Build.0 = Debug|Any CPU
		{4E3A38C0-3AE7-4140-AEC3-C7A34566979B}.Release|x86.ActiveCfg = Release|Any CPU
		{4E3A38C0-3AE7-4140-AEC3-C7A34566979B}.Release|x86.Build.0 = Release|Any CPU
		{C04BD9F7-2731-4BE7-A980-7719E789EF91}.Debug|Any CPU.ActiveCfg = Debug|Any CPU
		{C04BD9F7-2731-4BE7-A980-7719E789EF91}.Debug|Any CPU.Build.0 = Debug|Any CPU
		{C04BD9F7-2731-4BE7-A980-7719E789EF91}.Release|Any CPU.ActiveCfg = Release|Any CPU
		{C04BD9F7-2731-4BE7-A980-7719E789EF91}.Release|Any CPU.Build.0 = Release|Any CPU
		{C04BD9F7-2731-4BE7-A980-7719E789EF91}.Debug|x86.ActiveCfg = Debug|Any CPU
		{C04BD9F7-2731-4BE7-A980-7719E789EF91}.Debug|x86.Build.0 = Debug|Any CPU
		{C04BD9F7-2731-4BE7-A980-7719E789EF91}.Release|x86.ActiveCfg = Release|Any CPU
		{C04BD9F7-2731-4BE7-A980-7719E789EF91}.Release|x86.Build.0 = Release|Any CPU
		{C90306F2-3BB8-4D1B-BF0A-3C07DE799340}.Debug|Any CPU.ActiveCfg = Debug|Any CPU
		{C90306F2-3BB8-4D1B-BF0A-3C07DE799340}.Debug|Any CPU.Build.0 = Debug|Any CPU
		{C90306F2-3BB8-4D1B-BF0A-3C07DE799340}.Release|Any CPU.ActiveCfg = Release|Any CPU
		{C90306F2-3BB8-4D1B-BF0A-3C07DE799340}.Release|Any CPU.Build.0 = Release|Any CPU
		{C90306F2-3BB8-4D1B-BF0A-3C07DE799340}.Debug|x86.ActiveCfg = Debug|Any CPU
		{C90306F2-3BB8-4D1B-BF0A-3C07DE799340}.Debug|x86.Build.0 = Debug|Any CPU
		{C90306F2-3BB8-4D1B-BF0A-3C07DE799340}.Release|x86.ActiveCfg = Release|Any CPU
		{C90306F2-3BB8-4D1B-BF0A-3C07DE799340}.Release|x86.Build.0 = Release|Any CPU
		{D9942354-A4EC-412F-A120-A96E8F1C58A3}.Debug|Any CPU.ActiveCfg = Debug|Any CPU
		{D9942354-A4EC-412F-A120-A96E8F1C58A3}.Debug|Any CPU.Build.0 = Debug|Any CPU
		{D9942354-A4EC-412F-A120-A96E8F1C58A3}.Release|Any CPU.ActiveCfg = Release|Any CPU
		{D9942354-A4EC-412F-A120-A96E8F1C58A3}.Release|Any CPU.Build.0 = Release|Any CPU
		{D9942354-A4EC-412F-A120-A96E8F1C58A3}.Debug|x86.ActiveCfg = Debug|Any CPU
		{D9942354-A4EC-412F-A120-A96E8F1C58A3}.Debug|x86.Build.0 = Debug|Any CPU
		{D9942354-A4EC-412F-A120-A96E8F1C58A3}.Release|x86.ActiveCfg = Release|Any CPU
		{D9942354-A4EC-412F-A120-A96E8F1C58A3}.Release|x86.Build.0 = Release|Any CPU
		{731F60CB-87A0-4C4E-8553-EE9259A05AAF}.Debug|Any CPU.ActiveCfg = Debug|Any CPU
		{731F60CB-87A0-4C4E-8553-EE9259A05AAF}.Debug|Any CPU.Build.0 = Debug|Any CPU
		{731F60CB-87A0-4C4E-8553-EE9259A05AAF}.Release|Any CPU.ActiveCfg = Release|Any CPU
		{731F60CB-87A0-4C4E-8553-EE9259A05AAF}.Release|Any CPU.Build.0 = Release|Any CPU
		{731F60CB-87A0-4C4E-8553-EE9259A05AAF}.Debug|x86.ActiveCfg = Debug|Any CPU
		{731F60CB-87A0-4C4E-8553-EE9259A05AAF}.Debug|x86.Build.0 = Debug|Any CPU
		{731F60CB-87A0-4C4E-8553-EE9259A05AAF}.Release|x86.ActiveCfg = Release|Any CPU
		{731F60CB-87A0-4C4E-8553-EE9259A05AAF}.Release|x86.Build.0 = Release|Any CPU
		{F2EE0B46-5582-4F05-B55D-869D5F302DE1}.Debug|Any CPU.ActiveCfg = Debug|Any CPU
		{F2EE0B46-5582-4F05-B55D-869D5F302DE1}.Debug|Any CPU.Build.0 = Debug|Any CPU
		{F2EE0B46-5582-4F05-B55D-869D5F302DE1}.Release|Any CPU.ActiveCfg = Release|Any CPU
		{F2EE0B46-5582-4F05-B55D-869D5F302DE1}.Release|Any CPU.Build.0 = Release|Any CPU
		{F2EE0B46-5582-4F05-B55D-869D5F302DE1}.Debug|x86.ActiveCfg = Debug|Any CPU
		{F2EE0B46-5582-4F05-B55D-869D5F302DE1}.Debug|x86.Build.0 = Debug|Any CPU
		{F2EE0B46-5582-4F05-B55D-869D5F302DE1}.Release|x86.ActiveCfg = Release|Any CPU
		{F2EE0B46-5582-4F05-B55D-869D5F302DE1}.Release|x86.Build.0 = Release|Any CPU
		{1358758C-D6F5-44CF-8564-714A82CF3FA1}.Debug|Any CPU.ActiveCfg = Debug|Any CPU
		{1358758C-D6F5-44CF-8564-714A82CF3FA1}.Debug|Any CPU.Build.0 = Debug|Any CPU
		{1358758C-D6F5-44CF-8564-714A82CF3FA1}.Release|Any CPU.ActiveCfg = Release|Any CPU
		{1358758C-D6F5-44CF-8564-714A82CF3FA1}.Release|Any CPU.Build.0 = Release|Any CPU
		{1358758C-D6F5-44CF-8564-714A82CF3FA1}.Debug|x86.ActiveCfg = Debug|Any CPU
		{1358758C-D6F5-44CF-8564-714A82CF3FA1}.Debug|x86.Build.0 = Debug|Any CPU
		{1358758C-D6F5-44CF-8564-714A82CF3FA1}.Release|x86.ActiveCfg = Release|Any CPU
		{1358758C-D6F5-44CF-8564-714A82CF3FA1}.Release|x86.Build.0 = Release|Any CPU
		{B64CC532-A7D8-402C-A024-B2F0A900B309}.Debug|Any CPU.ActiveCfg = Debug|Any CPU
		{B64CC532-A7D8-402C-A024-B2F0A900B309}.Debug|Any CPU.Build.0 = Debug|Any CPU
		{B64CC532-A7D8-402C-A024-B2F0A900B309}.Release|Any CPU.ActiveCfg = Release|Any CPU
		{B64CC532-A7D8-402C-A024-B2F0A900B309}.Release|Any CPU.Build.0 = Release|Any CPU
		{B64CC532-A7D8-402C-A024-B2F0A900B309}.Debug|x86.ActiveCfg = Debug|Any CPU
		{B64CC532-A7D8-402C-A024-B2F0A900B309}.Debug|x86.Build.0 = Debug|Any CPU
		{B64CC532-A7D8-402C-A024-B2F0A900B309}.Release|x86.ActiveCfg = Release|Any CPU
		{B64CC532-A7D8-402C-A024-B2F0A900B309}.Release|x86.Build.0 = Release|Any CPU
		{04585440-5849-4FB3-84DD-A33A9C5F7E8A}.Debug|Any CPU.ActiveCfg = Debug|Any CPU
		{04585440-5849-4FB3-84DD-A33A9C5F7E8A}.Debug|Any CPU.Build.0 = Debug|Any CPU
		{04585440-5849-4FB3-84DD-A33A9C5F7E8A}.Release|Any CPU.ActiveCfg = Release|Any CPU
		{04585440-5849-4FB3-84DD-A33A9C5F7E8A}.Release|Any CPU.Build.0 = Release|Any CPU
		{04585440-5849-4FB3-84DD-A33A9C5F7E8A}.Debug|x86.ActiveCfg = Debug|Any CPU
		{04585440-5849-4FB3-84DD-A33A9C5F7E8A}.Debug|x86.Build.0 = Debug|Any CPU
		{04585440-5849-4FB3-84DD-A33A9C5F7E8A}.Release|x86.ActiveCfg = Release|Any CPU
		{04585440-5849-4FB3-84DD-A33A9C5F7E8A}.Release|x86.Build.0 = Release|Any CPU
		{74F02DF1-BCAD-431A-9B67-EE31E5B03DA7}.Debug|Any CPU.ActiveCfg = Debug|Any CPU
		{74F02DF1-BCAD-431A-9B67-EE31E5B03DA7}.Debug|Any CPU.Build.0 = Debug|Any CPU
		{74F02DF1-BCAD-431A-9B67-EE31E5B03DA7}.Release|Any CPU.ActiveCfg = Release|Any CPU
		{74F02DF1-BCAD-431A-9B67-EE31E5B03DA7}.Release|Any CPU.Build.0 = Release|Any CPU
		{74F02DF1-BCAD-431A-9B67-EE31E5B03DA7}.Debug|x86.ActiveCfg = Debug|Any CPU
		{74F02DF1-BCAD-431A-9B67-EE31E5B03DA7}.Debug|x86.Build.0 = Debug|Any CPU
		{74F02DF1-BCAD-431A-9B67-EE31E5B03DA7}.Release|x86.ActiveCfg = Release|Any CPU
		{74F02DF1-BCAD-431A-9B67-EE31E5B03DA7}.Release|x86.Build.0 = Release|Any CPU
		{E43E55BE-22B9-4BA0-868F-C2A2468BF477}.Debug|Any CPU.ActiveCfg = Debug|Any CPU
		{E43E55BE-22B9-4BA0-868F-C2A2468BF477}.Debug|Any CPU.Build.0 = Debug|Any CPU
		{E43E55BE-22B9-4BA0-868F-C2A2468BF477}.Release|Any CPU.ActiveCfg = Release|Any CPU
		{E43E55BE-22B9-4BA0-868F-C2A2468BF477}.Release|Any CPU.Build.0 = Release|Any CPU
		{E43E55BE-22B9-4BA0-868F-C2A2468BF477}.Debug|x86.ActiveCfg = Debug|Any CPU
		{E43E55BE-22B9-4BA0-868F-C2A2468BF477}.Debug|x86.Build.0 = Debug|Any CPU
		{E43E55BE-22B9-4BA0-868F-C2A2468BF477}.Release|x86.ActiveCfg = Release|Any CPU
		{E43E55BE-22B9-4BA0-868F-C2A2468BF477}.Release|x86.Build.0 = Release|Any CPU
		{A13EFFC2-BA8E-48BF-A8D9-5D0B774EA266}.Debug|Any CPU.ActiveCfg = Debug|Any CPU
		{A13EFFC2-BA8E-48BF-A8D9-5D0B774EA266}.Debug|Any CPU.Build.0 = Debug|Any CPU
		{A13EFFC2-BA8E-48BF-A8D9-5D0B774EA266}.Release|Any CPU.ActiveCfg = Release|Any CPU
		{A13EFFC2-BA8E-48BF-A8D9-5D0B774EA266}.Release|Any CPU.Build.0 = Release|Any CPU
		{A13EFFC2-BA8E-48BF-A8D9-5D0B774EA266}.Debug|x86.ActiveCfg = Debug|Any CPU
		{A13EFFC2-BA8E-48BF-A8D9-5D0B774EA266}.Debug|x86.Build.0 = Debug|Any CPU
		{A13EFFC2-BA8E-48BF-A8D9-5D0B774EA266}.Release|x86.ActiveCfg = Release|Any CPU
		{A13EFFC2-BA8E-48BF-A8D9-5D0B774EA266}.Release|x86.Build.0 = Release|Any CPU
		{51B3C06E-37DD-4463-8AC3-87F36E5BB787}.Debug|Any CPU.ActiveCfg = Debug|Any CPU
		{51B3C06E-37DD-4463-8AC3-87F36E5BB787}.Debug|Any CPU.Build.0 = Debug|Any CPU
		{51B3C06E-37DD-4463-8AC3-87F36E5BB787}.Release|Any CPU.ActiveCfg = Release|Any CPU
		{51B3C06E-37DD-4463-8AC3-87F36E5BB787}.Release|Any CPU.Build.0 = Release|Any CPU
		{51B3C06E-37DD-4463-8AC3-87F36E5BB787}.Debug|x86.ActiveCfg = Debug|Any CPU
		{51B3C06E-37DD-4463-8AC3-87F36E5BB787}.Debug|x86.Build.0 = Debug|Any CPU
		{51B3C06E-37DD-4463-8AC3-87F36E5BB787}.Release|x86.ActiveCfg = Release|Any CPU
		{51B3C06E-37DD-4463-8AC3-87F36E5BB787}.Release|x86.Build.0 = Release|Any CPU
		{5E1D1A3A-6993-4905-A375-C4760EC78D63}.Debug|Any CPU.ActiveCfg = Debug|Any CPU
		{5E1D1A3A-6993-4905-A375-C4760EC78D63}.Debug|Any CPU.Build.0 = Debug|Any CPU
		{5E1D1A3A-6993-4905-A375-C4760EC78D63}.Release|Any CPU.ActiveCfg = Release|Any CPU
		{5E1D1A3A-6993-4905-A375-C4760EC78D63}.Release|Any CPU.Build.0 = Release|Any CPU
		{5E1D1A3A-6993-4905-A375-C4760EC78D63}.Debug|x86.ActiveCfg = Debug|Any CPU
		{5E1D1A3A-6993-4905-A375-C4760EC78D63}.Debug|x86.Build.0 = Debug|Any CPU
		{5E1D1A3A-6993-4905-A375-C4760EC78D63}.Release|x86.ActiveCfg = Release|Any CPU
		{5E1D1A3A-6993-4905-A375-C4760EC78D63}.Release|x86.Build.0 = Release|Any CPU
		{B8F100A7-7D1E-4606-B72D-88813ECBEF9E}.Debug|Any CPU.ActiveCfg = Debug|Any CPU
		{B8F100A7-7D1E-4606-B72D-88813ECBEF9E}.Debug|Any CPU.Build.0 = Debug|Any CPU
		{B8F100A7-7D1E-4606-B72D-88813ECBEF9E}.Release|Any CPU.ActiveCfg = Release|Any CPU
		{B8F100A7-7D1E-4606-B72D-88813ECBEF9E}.Release|Any CPU.Build.0 = Release|Any CPU
		{B8F100A7-7D1E-4606-B72D-88813ECBEF9E}.Debug|x86.ActiveCfg = Debug|Any CPU
		{B8F100A7-7D1E-4606-B72D-88813ECBEF9E}.Debug|x86.Build.0 = Debug|Any CPU
		{B8F100A7-7D1E-4606-B72D-88813ECBEF9E}.Release|x86.ActiveCfg = Release|Any CPU
		{B8F100A7-7D1E-4606-B72D-88813ECBEF9E}.Release|x86.Build.0 = Release|Any CPU
		{F80C0680-37C0-4EC8-A3DF-3E3F106BFA8D}.Debug|Any CPU.ActiveCfg = DebugWithMacHost|Any CPU
		{F80C0680-37C0-4EC8-A3DF-3E3F106BFA8D}.Debug|Any CPU.Build.0 = DebugWithMacHost|Any CPU
		{F80C0680-37C0-4EC8-A3DF-3E3F106BFA8D}.Release|Any CPU.ActiveCfg = Release|Any CPU
		{F80C0680-37C0-4EC8-A3DF-3E3F106BFA8D}.Release|Any CPU.Build.0 = Release|Any CPU
		{F80C0680-37C0-4EC8-A3DF-3E3F106BFA8D}.Debug|x86.ActiveCfg = Debug|Any CPU
		{F80C0680-37C0-4EC8-A3DF-3E3F106BFA8D}.Debug|x86.Build.0 = Debug|Any CPU
		{F80C0680-37C0-4EC8-A3DF-3E3F106BFA8D}.Release|x86.ActiveCfg = Release|Any CPU
		{F80C0680-37C0-4EC8-A3DF-3E3F106BFA8D}.Release|x86.Build.0 = Release|Any CPU
		{237D4AAE-85F4-439E-82A0-5057C4B8014D}.Debug|Any CPU.ActiveCfg = Debug|Any CPU
		{237D4AAE-85F4-439E-82A0-5057C4B8014D}.Debug|Any CPU.Build.0 = Debug|Any CPU
		{237D4AAE-85F4-439E-82A0-5057C4B8014D}.Release|Any CPU.ActiveCfg = Release|Any CPU
		{237D4AAE-85F4-439E-82A0-5057C4B8014D}.Release|Any CPU.Build.0 = Release|Any CPU
		{237D4AAE-85F4-439E-82A0-5057C4B8014D}.Debug|x86.ActiveCfg = Debug|Any CPU
		{237D4AAE-85F4-439E-82A0-5057C4B8014D}.Debug|x86.Build.0 = Debug|Any CPU
		{237D4AAE-85F4-439E-82A0-5057C4B8014D}.Release|x86.ActiveCfg = Release|Any CPU
		{237D4AAE-85F4-439E-82A0-5057C4B8014D}.Release|x86.Build.0 = Release|Any CPU
		{CDBD8575-489A-4656-9E99-564D2A866B02}.Debug|Any CPU.ActiveCfg = Debug|Any CPU
		{CDBD8575-489A-4656-9E99-564D2A866B02}.Debug|Any CPU.Build.0 = Debug|Any CPU
		{CDBD8575-489A-4656-9E99-564D2A866B02}.Release|Any CPU.ActiveCfg = Release|Any CPU
		{CDBD8575-489A-4656-9E99-564D2A866B02}.Release|Any CPU.Build.0 = Release|Any CPU
		{CDBD8575-489A-4656-9E99-564D2A866B02}.Debug|x86.ActiveCfg = Debug|Any CPU
		{CDBD8575-489A-4656-9E99-564D2A866B02}.Debug|x86.Build.0 = Debug|Any CPU
		{CDBD8575-489A-4656-9E99-564D2A866B02}.Release|x86.ActiveCfg = Release|Any CPU
		{CDBD8575-489A-4656-9E99-564D2A866B02}.Release|x86.Build.0 = Release|Any CPU
		{A50FBF1E-A845-4318-B6CD-BA195524839E}.Debug|Any CPU.ActiveCfg = Debug|Any CPU
		{A50FBF1E-A845-4318-B6CD-BA195524839E}.Debug|Any CPU.Build.0 = Debug|Any CPU
		{A50FBF1E-A845-4318-B6CD-BA195524839E}.Release|Any CPU.ActiveCfg = Release|Any CPU
		{A50FBF1E-A845-4318-B6CD-BA195524839E}.Release|Any CPU.Build.0 = Release|Any CPU
		{A50FBF1E-A845-4318-B6CD-BA195524839E}.Debug|x86.ActiveCfg = Debug|Any CPU
		{A50FBF1E-A845-4318-B6CD-BA195524839E}.Debug|x86.Build.0 = Debug|Any CPU
		{A50FBF1E-A845-4318-B6CD-BA195524839E}.Release|x86.ActiveCfg = Release|Any CPU
		{A50FBF1E-A845-4318-B6CD-BA195524839E}.Release|x86.Build.0 = Release|Any CPU
		{1398641F-E175-4BB2-A3CA-550B6B7EA1CE}.Debug|Any CPU.ActiveCfg = Debug|Any CPU
		{1398641F-E175-4BB2-A3CA-550B6B7EA1CE}.Debug|Any CPU.Build.0 = Debug|Any CPU
		{1398641F-E175-4BB2-A3CA-550B6B7EA1CE}.Release|Any CPU.ActiveCfg = Release|Any CPU
		{1398641F-E175-4BB2-A3CA-550B6B7EA1CE}.Release|Any CPU.Build.0 = Release|Any CPU
		{1398641F-E175-4BB2-A3CA-550B6B7EA1CE}.Debug|x86.ActiveCfg = Debug|Any CPU
		{1398641F-E175-4BB2-A3CA-550B6B7EA1CE}.Debug|x86.Build.0 = Debug|Any CPU
		{1398641F-E175-4BB2-A3CA-550B6B7EA1CE}.Release|x86.ActiveCfg = Release|Any CPU
		{1398641F-E175-4BB2-A3CA-550B6B7EA1CE}.Release|x86.Build.0 = Release|Any CPU
		{58B18D14-E86D-4E6A-88AA-34BCE1FA1795}.Debug|Any CPU.ActiveCfg = Debug|Any CPU
		{58B18D14-E86D-4E6A-88AA-34BCE1FA1795}.Debug|Any CPU.Build.0 = Debug|Any CPU
		{58B18D14-E86D-4E6A-88AA-34BCE1FA1795}.Release|Any CPU.ActiveCfg = Release|Any CPU
		{58B18D14-E86D-4E6A-88AA-34BCE1FA1795}.Release|Any CPU.Build.0 = Release|Any CPU
		{58B18D14-E86D-4E6A-88AA-34BCE1FA1795}.Debug|x86.ActiveCfg = Debug|Any CPU
		{58B18D14-E86D-4E6A-88AA-34BCE1FA1795}.Debug|x86.Build.0 = Debug|Any CPU
		{58B18D14-E86D-4E6A-88AA-34BCE1FA1795}.Release|x86.ActiveCfg = Release|Any CPU
		{58B18D14-E86D-4E6A-88AA-34BCE1FA1795}.Release|x86.Build.0 = Release|Any CPU
	EndGlobalSection
	GlobalSection(MonoDevelopProperties) = preSolution
		Policies = $0
		$0.DotNetNamingPolicy = $1
		$0.TextStylePolicy = $2
		$2.EolMarker = Windows
		$2.scope = text/x-csharp
		$2.FileWidth = 80
		$0.CSharpFormattingPolicy = $3
		$3.IndentSwitchBody = True
		$3.IndentBlocksInsideExpressions = True
		$3.AnonymousMethodBraceStyle = NextLine
		$3.PropertyBraceStyle = NextLine
		$3.PropertyGetBraceStyle = NextLine
		$3.PropertySetBraceStyle = NextLine
		$3.EventBraceStyle = NextLine
		$3.EventAddBraceStyle = NextLine
		$3.EventRemoveBraceStyle = NextLine
		$3.StatementBraceStyle = NextLine
		$3.ElseNewLinePlacement = NewLine
		$3.CatchNewLinePlacement = NewLine
		$3.FinallyNewLinePlacement = NewLine
		$3.WhileNewLinePlacement = DoNotCare
		$3.ArrayInitializerWrapping = DoNotChange
		$3.ArrayInitializerBraceStyle = NextLine
		$3.BeforeMethodDeclarationParentheses = False
		$3.BeforeMethodCallParentheses = False
		$3.BeforeConstructorDeclarationParentheses = False
		$3.NewLineBeforeConstructorInitializerColon = NewLine
		$3.NewLineAfterConstructorInitializerColon = SameLine
		$3.BeforeDelegateDeclarationParentheses = False
		$3.NewParentheses = False
		$3.SpacesBeforeBrackets = False
		$3.scope = text/x-csharp
		$0.TextStylePolicy = $4
		$4.scope = text/plain
	EndGlobalSection
	GlobalSection(NestedProjects) = preSolution
		{BBD959F6-F28F-40E4-B007-4F32AD177CAB} = {68F58D7E-4D53-4F62-9338-E965AE399D8A}
		{4E3A38C0-3AE7-4140-AEC3-C7A34566979B} = {D53860DE-DE18-4D16-AE61-A4D66BB9B51B}
		{F14D10AD-3F32-4793-AB6A-450DB99EE65F} = {68F58D7E-4D53-4F62-9338-E965AE399D8A}
		{C04BD9F7-2731-4BE7-A980-7719E789EF91} = {F14D10AD-3F32-4793-AB6A-450DB99EE65F}
		{C90306F2-3BB8-4D1B-BF0A-3C07DE799340} = {255420E4-67A9-441B-8DA0-67A77DE25034}
		{D9942354-A4EC-412F-A120-A96E8F1C58A3} = {255420E4-67A9-441B-8DA0-67A77DE25034}
		{731F60CB-87A0-4C4E-8553-EE9259A05AAF} = {255420E4-67A9-441B-8DA0-67A77DE25034}
		{F2EE0B46-5582-4F05-B55D-869D5F302DE1} = {BBD959F6-F28F-40E4-B007-4F32AD177CAB}
		{1358758C-D6F5-44CF-8564-714A82CF3FA1} = {BBD959F6-F28F-40E4-B007-4F32AD177CAB}
		{B64CC532-A7D8-402C-A024-B2F0A900B309} = {BBD959F6-F28F-40E4-B007-4F32AD177CAB}
		{04585440-5849-4FB3-84DD-A33A9C5F7E8A} = {BBD959F6-F28F-40E4-B007-4F32AD177CAB}
		{74F02DF1-BCAD-431A-9B67-EE31E5B03DA7} = {F14D10AD-3F32-4793-AB6A-450DB99EE65F}
		{E43E55BE-22B9-4BA0-868F-C2A2468BF477} = {F14D10AD-3F32-4793-AB6A-450DB99EE65F}
		{5E1D1A3A-6993-4905-A375-C4760EC78D63} = {55CBF29E-56AA-4DDB-89AB-66573C80313B}
		{B8F100A7-7D1E-4606-B72D-88813ECBEF9E} = {55CBF29E-56AA-4DDB-89AB-66573C80313B}
		{F80C0680-37C0-4EC8-A3DF-3E3F106BFA8D} = {55CBF29E-56AA-4DDB-89AB-66573C80313B}
		{CFF526BB-734E-4001-B0C0-24689BDB2DD9} = {BBD959F6-F28F-40E4-B007-4F32AD177CAB}
		{3FA88828-D238-4768-85B5-39DD313F00E6} = {F14D10AD-3F32-4793-AB6A-450DB99EE65F}
		{237D4AAE-85F4-439E-82A0-5057C4B8014D} = {255420E4-67A9-441B-8DA0-67A77DE25034}
		{CDBD8575-489A-4656-9E99-564D2A866B02} = {CFF526BB-734E-4001-B0C0-24689BDB2DD9}
		{A50FBF1E-A845-4318-B6CD-BA195524839E} = {3FA88828-D238-4768-85B5-39DD313F00E6}
		{1398641F-E175-4BB2-A3CA-550B6B7EA1CE} = {255420E4-67A9-441B-8DA0-67A77DE25034}
	EndGlobalSection
EndGlobal
