
Microsoft Visual Studio Solution File, Format Version 11.00
# Visual Studio 2010
Project("{FAE04EC0-301F-11D3-BF4B-00C04F79EFBC}") = "logjoint.regex", "logjoint.regex\logjoint.regex.csproj", "{BD86CFB6-6F33-49C4-9D37-B8B7C98AA045}"
EndProject
Project("{FAE04EC0-301F-11D3-BF4B-00C04F79EFBC}") = "logjoint.model", "logjoint.model\logjoint.model.csproj", "{A1048F3E-CB94-4217-890E-14E1037D8510}"
EndProject
Project("{FAE04EC0-301F-11D3-BF4B-00C04F79EFBC}") = "logjoint.presenters", "logjoint.presenters\logjoint.presenters.csproj", "{DBB4D413-3A1F-4595-864C-B534BC756284}"
EndProject
Project("{FAE04EC0-301F-11D3-BF4B-00C04F79EFBC}") = "logjoint.mac", "logjoint.mac\logjoint.mac.csproj", "{9F528C3D-D79B-4394-A6C2-7FF3AB7F91C3}"
EndProject
Project("{FAE04EC0-301F-11D3-BF4B-00C04F79EFBC}") = "logjoint.updater", "logjoint.updater\logjoint.updater.csproj", "{BE661D5D-8A37-47A5-BB6E-2EB743C99A45}"
EndProject
Project("{FAE04EC0-301F-11D3-BF4B-00C04F79EFBC}") = "logjoint.analytics", "logjoint.analytics\logjoint.analytics.csproj", "{FE8354CF-FD5C-4E86-B015-7CC5331AFED3}"
EndProject
Project("{2150E333-8FDC-42A3-9474-1A3956D46DE8}") = "plugins", "plugins", "{68F58D7E-4D53-4F62-9338-E965AE399D8A}"
EndProject
Project("{2150E333-8FDC-42A3-9474-1A3956D46DE8}") = "chromium", "chromium", "{BBD959F6-F28F-40E4-B007-4F32AD177CAB}"
EndProject
Project("{FAE04EC0-301F-11D3-BF4B-00C04F79EFBC}") = "logjoint.chromium.plugin.model", "..\..\extensions\chromium\platforms\osx\logjoint.chromium.plugin.model\logjoint.chromium.plugin.model.csproj", "{5C3545DB-36B8-4DE2-A2CA-B816910D389B}"
EndProject
Project("{FAE04EC0-301F-11D3-BF4B-00C04F79EFBC}") = "logjoint.ortoolswrp", "logjoint.ortoolswrp\logjoint.ortoolswrp.csproj", "{31964146-885E-482E-A50D-FB719E4D6EE1}"
EndProject
Project("{FAE04EC0-301F-11D3-BF4B-00C04F79EFBC}") = "logjoint.updatetool", "logjoint.updatetool\logjoint.updatetool.csproj", "{D0C01D23-263B-4A79-B0A8-0C8B890F9628}"
EndProject
Project("{2150E333-8FDC-42A3-9474-1A3956D46DE8}") = "tests", "tests", "{55CBF29E-56AA-4DDB-89AB-66573C80313B}"
EndProject
Project("{FAE04EC0-301F-11D3-BF4B-00C04F79EFBC}") = "logjoint.model.tests", "logjoint.model.tests\logjoint.model.tests.csproj", "{2A5DB897-6268-4BA0-8050-BC04C2F37702}"
EndProject
Project("{FAE04EC0-301F-11D3-BF4B-00C04F79EFBC}") = "logjoint.presenters.tests", "logjoint.presenters.tests\logjoint.presenters.tests.csproj", "{AAF9ABC9-DA69-4007-BC8A-B6A361C55064}"
EndProject
Project("{2150E333-8FDC-42A3-9474-1A3956D46DE8}") = "tools", "tools", "{D53860DE-DE18-4D16-AE61-A4D66BB9B51B}"
EndProject
Project("{FAE04EC0-301F-11D3-BF4B-00C04F79EFBC}") = "logjoint.test.logging.app", "logjoint.test.logging.app\logjoint.test.logging.app.csproj", "{4E3A38C0-3AE7-4140-AEC3-C7A34566979B}"
EndProject
Project("{2150E333-8FDC-42A3-9474-1A3956D46DE8}") = "packet-analysis", "packet-analysis", "{F14D10AD-3F32-4793-AB6A-450DB99EE65F}"
EndProject
Project("{FAE04EC0-301F-11D3-BF4B-00C04F79EFBC}") = "logjoint.packet-analysis.plugin.model", "..\..\extensions\packet-analysis\platforms\osx\logjoint.packet-analysis.plugin.model\logjoint.packet-analysis.plugin.model.csproj", "{C5749013-A5CA-4519-ACF5-0FAD1980EF4A}"
EndProject
Project("{FAE04EC0-301F-11D3-BF4B-00C04F79EFBC}") = "logjoint.packet-analysis.plugin.presenters", "..\..\extensions\packet-analysis\platforms\osx\logjoint.packet-analysis.plugin.presenters\logjoint.packet-analysis.plugin.presenters.csproj", "{87CA79A3-9E7C-4202-AC90-BFD757C6E2BA}"
EndProject
Project("{FAE04EC0-301F-11D3-BF4B-00C04F79EFBC}") = "logjoint.packet-analysis.plugin", "..\..\extensions\packet-analysis\platforms\osx\logjoint.packet-analysis.plugin\logjoint.packet-analysis.plugin.csproj", "{16824BF1-AE6A-4EE6-BCB5-FEF0A177A9EB}"
EndProject
Global
	GlobalSection(SolutionConfigurationPlatforms) = preSolution
		Debug|Any CPU = Debug|Any CPU
		Release|Any CPU = Release|Any CPU
		Debug|x86 = Debug|x86
		Release|x86 = Release|x86
	EndGlobalSection
	GlobalSection(ProjectConfigurationPlatforms) = postSolution
		{9F528C3D-D79B-4394-A6C2-7FF3AB7F91C3}.Debug|Any CPU.ActiveCfg = Debug|Any CPU
		{9F528C3D-D79B-4394-A6C2-7FF3AB7F91C3}.Debug|Any CPU.Build.0 = Debug|Any CPU
		{9F528C3D-D79B-4394-A6C2-7FF3AB7F91C3}.Release|Any CPU.ActiveCfg = Release|Any CPU
		{9F528C3D-D79B-4394-A6C2-7FF3AB7F91C3}.Release|Any CPU.Build.0 = Release|Any CPU
		{9F528C3D-D79B-4394-A6C2-7FF3AB7F91C3}.Debug|x86.ActiveCfg = Debug|Any CPU
		{9F528C3D-D79B-4394-A6C2-7FF3AB7F91C3}.Debug|x86.Build.0 = Debug|Any CPU
		{9F528C3D-D79B-4394-A6C2-7FF3AB7F91C3}.Release|x86.ActiveCfg = Release|Any CPU
		{9F528C3D-D79B-4394-A6C2-7FF3AB7F91C3}.Release|x86.Build.0 = Release|Any CPU
		{A1048F3E-CB94-4217-890E-14E1037D8510}.Debug|Any CPU.ActiveCfg = Debug|Any CPU
		{A1048F3E-CB94-4217-890E-14E1037D8510}.Debug|Any CPU.Build.0 = Debug|Any CPU
		{A1048F3E-CB94-4217-890E-14E1037D8510}.Release|Any CPU.ActiveCfg = Release|Any CPU
		{A1048F3E-CB94-4217-890E-14E1037D8510}.Release|Any CPU.Build.0 = Release|Any CPU
		{A1048F3E-CB94-4217-890E-14E1037D8510}.Debug|x86.ActiveCfg = Debug|Any CPU
		{A1048F3E-CB94-4217-890E-14E1037D8510}.Debug|x86.Build.0 = Debug|Any CPU
		{A1048F3E-CB94-4217-890E-14E1037D8510}.Release|x86.ActiveCfg = Release|Any CPU
		{A1048F3E-CB94-4217-890E-14E1037D8510}.Release|x86.Build.0 = Release|Any CPU
		{BD86CFB6-6F33-49C4-9D37-B8B7C98AA045}.Debug|Any CPU.ActiveCfg = Debug|Any CPU
		{BD86CFB6-6F33-49C4-9D37-B8B7C98AA045}.Debug|Any CPU.Build.0 = Debug|Any CPU
		{BD86CFB6-6F33-49C4-9D37-B8B7C98AA045}.Release|Any CPU.ActiveCfg = Release|Any CPU
		{BD86CFB6-6F33-49C4-9D37-B8B7C98AA045}.Release|Any CPU.Build.0 = Release|Any CPU
		{BD86CFB6-6F33-49C4-9D37-B8B7C98AA045}.Debug|x86.ActiveCfg = Debug|Any CPU
		{BD86CFB6-6F33-49C4-9D37-B8B7C98AA045}.Debug|x86.Build.0 = Debug|Any CPU
		{BD86CFB6-6F33-49C4-9D37-B8B7C98AA045}.Release|x86.ActiveCfg = Release|Any CPU
		{BD86CFB6-6F33-49C4-9D37-B8B7C98AA045}.Release|x86.Build.0 = Release|Any CPU
		{BE661D5D-8A37-47A5-BB6E-2EB743C99A45}.Debug|Any CPU.ActiveCfg = Debug|Any CPU
		{BE661D5D-8A37-47A5-BB6E-2EB743C99A45}.Debug|Any CPU.Build.0 = Debug|Any CPU
		{BE661D5D-8A37-47A5-BB6E-2EB743C99A45}.Release|Any CPU.ActiveCfg = Release|Any CPU
		{BE661D5D-8A37-47A5-BB6E-2EB743C99A45}.Release|Any CPU.Build.0 = Release|Any CPU
		{BE661D5D-8A37-47A5-BB6E-2EB743C99A45}.Debug|x86.ActiveCfg = Debug|Any CPU
		{BE661D5D-8A37-47A5-BB6E-2EB743C99A45}.Debug|x86.Build.0 = Debug|Any CPU
		{BE661D5D-8A37-47A5-BB6E-2EB743C99A45}.Release|x86.ActiveCfg = Release|Any CPU
		{BE661D5D-8A37-47A5-BB6E-2EB743C99A45}.Release|x86.Build.0 = Release|Any CPU
		{DBB4D413-3A1F-4595-864C-B534BC756284}.Debug|Any CPU.ActiveCfg = Debug|Any CPU
		{DBB4D413-3A1F-4595-864C-B534BC756284}.Debug|Any CPU.Build.0 = Debug|Any CPU
		{DBB4D413-3A1F-4595-864C-B534BC756284}.Release|Any CPU.ActiveCfg = Release|Any CPU
		{DBB4D413-3A1F-4595-864C-B534BC756284}.Release|Any CPU.Build.0 = Release|Any CPU
		{DBB4D413-3A1F-4595-864C-B534BC756284}.Debug|x86.ActiveCfg = Debug|Any CPU
		{DBB4D413-3A1F-4595-864C-B534BC756284}.Debug|x86.Build.0 = Debug|Any CPU
		{DBB4D413-3A1F-4595-864C-B534BC756284}.Release|x86.ActiveCfg = Release|Any CPU
		{DBB4D413-3A1F-4595-864C-B534BC756284}.Release|x86.Build.0 = Release|Any CPU
		{FE8354CF-FD5C-4E86-B015-7CC5331AFED3}.Debug|Any CPU.ActiveCfg = Debug|Any CPU
		{FE8354CF-FD5C-4E86-B015-7CC5331AFED3}.Debug|Any CPU.Build.0 = Debug|Any CPU
		{FE8354CF-FD5C-4E86-B015-7CC5331AFED3}.Release|Any CPU.ActiveCfg = Release|Any CPU
		{FE8354CF-FD5C-4E86-B015-7CC5331AFED3}.Release|Any CPU.Build.0 = Release|Any CPU
		{FE8354CF-FD5C-4E86-B015-7CC5331AFED3}.Debug|x86.ActiveCfg = Debug|Any CPU
		{FE8354CF-FD5C-4E86-B015-7CC5331AFED3}.Debug|x86.Build.0 = Debug|Any CPU
		{FE8354CF-FD5C-4E86-B015-7CC5331AFED3}.Release|x86.ActiveCfg = Release|Any CPU
		{FE8354CF-FD5C-4E86-B015-7CC5331AFED3}.Release|x86.Build.0 = Release|Any CPU
		{5C3545DB-36B8-4DE2-A2CA-B816910D389B}.Debug|Any CPU.ActiveCfg = Debug|Any CPU
		{5C3545DB-36B8-4DE2-A2CA-B816910D389B}.Debug|Any CPU.Build.0 = Debug|Any CPU
		{5C3545DB-36B8-4DE2-A2CA-B816910D389B}.Release|Any CPU.ActiveCfg = Release|Any CPU
		{5C3545DB-36B8-4DE2-A2CA-B816910D389B}.Release|Any CPU.Build.0 = Release|Any CPU
		{5C3545DB-36B8-4DE2-A2CA-B816910D389B}.Debug|x86.ActiveCfg = Debug|Any CPU
		{5C3545DB-36B8-4DE2-A2CA-B816910D389B}.Debug|x86.Build.0 = Debug|Any CPU
		{5C3545DB-36B8-4DE2-A2CA-B816910D389B}.Release|x86.ActiveCfg = Release|Any CPU
		{5C3545DB-36B8-4DE2-A2CA-B816910D389B}.Release|x86.Build.0 = Release|Any CPU
		{31964146-885E-482E-A50D-FB719E4D6EE1}.Debug|Any CPU.ActiveCfg = Debug|x86
		{31964146-885E-482E-A50D-FB719E4D6EE1}.Debug|Any CPU.Build.0 = Debug|x86
		{31964146-885E-482E-A50D-FB719E4D6EE1}.Release|Any CPU.ActiveCfg = Release|x86
		{31964146-885E-482E-A50D-FB719E4D6EE1}.Release|Any CPU.Build.0 = Release|x86
		{31964146-885E-482E-A50D-FB719E4D6EE1}.Debug|x86.ActiveCfg = Debug|x86
		{31964146-885E-482E-A50D-FB719E4D6EE1}.Debug|x86.Build.0 = Debug|x86
		{31964146-885E-482E-A50D-FB719E4D6EE1}.Release|x86.ActiveCfg = Release|x86
		{31964146-885E-482E-A50D-FB719E4D6EE1}.Release|x86.Build.0 = Release|x86
		{D0C01D23-263B-4A79-B0A8-0C8B890F9628}.Debug|Any CPU.ActiveCfg = Debug|Any CPU
		{D0C01D23-263B-4A79-B0A8-0C8B890F9628}.Debug|Any CPU.Build.0 = Debug|Any CPU
		{D0C01D23-263B-4A79-B0A8-0C8B890F9628}.Release|Any CPU.ActiveCfg = Release|Any CPU
		{D0C01D23-263B-4A79-B0A8-0C8B890F9628}.Release|Any CPU.Build.0 = Release|Any CPU
		{D0C01D23-263B-4A79-B0A8-0C8B890F9628}.Debug|x86.ActiveCfg = Debug|Any CPU
		{D0C01D23-263B-4A79-B0A8-0C8B890F9628}.Debug|x86.Build.0 = Debug|Any CPU
		{D0C01D23-263B-4A79-B0A8-0C8B890F9628}.Release|x86.ActiveCfg = Release|Any CPU
		{D0C01D23-263B-4A79-B0A8-0C8B890F9628}.Release|x86.Build.0 = Release|Any CPU
		{2A5DB897-6268-4BA0-8050-BC04C2F37702}.Debug|Any CPU.ActiveCfg = Debug|Any CPU
		{2A5DB897-6268-4BA0-8050-BC04C2F37702}.Debug|Any CPU.Build.0 = Debug|Any CPU
		{2A5DB897-6268-4BA0-8050-BC04C2F37702}.Release|Any CPU.ActiveCfg = Release|Any CPU
		{2A5DB897-6268-4BA0-8050-BC04C2F37702}.Release|Any CPU.Build.0 = Release|Any CPU
		{2A5DB897-6268-4BA0-8050-BC04C2F37702}.Debug|x86.ActiveCfg = Debug|Any CPU
		{2A5DB897-6268-4BA0-8050-BC04C2F37702}.Debug|x86.Build.0 = Debug|Any CPU
		{2A5DB897-6268-4BA0-8050-BC04C2F37702}.Release|x86.ActiveCfg = Release|Any CPU
		{2A5DB897-6268-4BA0-8050-BC04C2F37702}.Release|x86.Build.0 = Release|Any CPU
		{AAF9ABC9-DA69-4007-BC8A-B6A361C55064}.Debug|Any CPU.ActiveCfg = Debug|Any CPU
		{AAF9ABC9-DA69-4007-BC8A-B6A361C55064}.Debug|Any CPU.Build.0 = Debug|Any CPU
		{AAF9ABC9-DA69-4007-BC8A-B6A361C55064}.Release|Any CPU.ActiveCfg = Release|Any CPU
		{AAF9ABC9-DA69-4007-BC8A-B6A361C55064}.Release|Any CPU.Build.0 = Release|Any CPU
		{AAF9ABC9-DA69-4007-BC8A-B6A361C55064}.Debug|x86.ActiveCfg = Debug|Any CPU
		{AAF9ABC9-DA69-4007-BC8A-B6A361C55064}.Debug|x86.Build.0 = Debug|Any CPU
		{AAF9ABC9-DA69-4007-BC8A-B6A361C55064}.Release|x86.ActiveCfg = Release|Any CPU
		{AAF9ABC9-DA69-4007-BC8A-B6A361C55064}.Release|x86.Build.0 = Release|Any CPU
		{4E3A38C0-3AE7-4140-AEC3-C7A34566979B}.Debug|Any CPU.ActiveCfg = Debug|Any CPU
		{4E3A38C0-3AE7-4140-AEC3-C7A34566979B}.Debug|Any CPU.Build.0 = Debug|Any CPU
		{4E3A38C0-3AE7-4140-AEC3-C7A34566979B}.Release|Any CPU.ActiveCfg = Release|Any CPU
		{4E3A38C0-3AE7-4140-AEC3-C7A34566979B}.Release|Any CPU.Build.0 = Release|Any CPU
		{4E3A38C0-3AE7-4140-AEC3-C7A34566979B}.Debug|x86.ActiveCfg = Debug|Any CPU
		{4E3A38C0-3AE7-4140-AEC3-C7A34566979B}.Debug|x86.Build.0 = Debug|Any CPU
		{4E3A38C0-3AE7-4140-AEC3-C7A34566979B}.Release|x86.ActiveCfg = Release|Any CPU
		{4E3A38C0-3AE7-4140-AEC3-C7A34566979B}.Release|x86.Build.0 = Release|Any CPU
		{C5749013-A5CA-4519-ACF5-0FAD1980EF4A}.Debug|Any CPU.ActiveCfg = Debug|Any CPU
		{C5749013-A5CA-4519-ACF5-0FAD1980EF4A}.Debug|Any CPU.Build.0 = Debug|Any CPU
		{C5749013-A5CA-4519-ACF5-0FAD1980EF4A}.Release|Any CPU.ActiveCfg = Release|Any CPU
		{C5749013-A5CA-4519-ACF5-0FAD1980EF4A}.Release|Any CPU.Build.0 = Release|Any CPU
		{C5749013-A5CA-4519-ACF5-0FAD1980EF4A}.Debug|x86.ActiveCfg = Debug|Any CPU
		{C5749013-A5CA-4519-ACF5-0FAD1980EF4A}.Debug|x86.Build.0 = Debug|Any CPU
		{C5749013-A5CA-4519-ACF5-0FAD1980EF4A}.Release|x86.ActiveCfg = Release|Any CPU
		{C5749013-A5CA-4519-ACF5-0FAD1980EF4A}.Release|x86.Build.0 = Release|Any CPU
		{87CA79A3-9E7C-4202-AC90-BFD757C6E2BA}.Debug|Any CPU.ActiveCfg = Debug|Any CPU
		{87CA79A3-9E7C-4202-AC90-BFD757C6E2BA}.Debug|Any CPU.Build.0 = Debug|Any CPU
		{87CA79A3-9E7C-4202-AC90-BFD757C6E2BA}.Release|Any CPU.ActiveCfg = Release|Any CPU
		{87CA79A3-9E7C-4202-AC90-BFD757C6E2BA}.Release|Any CPU.Build.0 = Release|Any CPU
		{87CA79A3-9E7C-4202-AC90-BFD757C6E2BA}.Debug|x86.ActiveCfg = Debug|Any CPU
		{87CA79A3-9E7C-4202-AC90-BFD757C6E2BA}.Debug|x86.Build.0 = Debug|Any CPU
		{87CA79A3-9E7C-4202-AC90-BFD757C6E2BA}.Release|x86.ActiveCfg = Release|Any CPU
		{87CA79A3-9E7C-4202-AC90-BFD757C6E2BA}.Release|x86.Build.0 = Release|Any CPU
		{16824BF1-AE6A-4EE6-BCB5-FEF0A177A9EB}.Debug|Any CPU.ActiveCfg = Debug|Any CPU
		{16824BF1-AE6A-4EE6-BCB5-FEF0A177A9EB}.Debug|Any CPU.Build.0 = Debug|Any CPU
		{16824BF1-AE6A-4EE6-BCB5-FEF0A177A9EB}.Release|Any CPU.ActiveCfg = Release|Any CPU
		{16824BF1-AE6A-4EE6-BCB5-FEF0A177A9EB}.Release|Any CPU.Build.0 = Release|Any CPU
		{16824BF1-AE6A-4EE6-BCB5-FEF0A177A9EB}.Debug|x86.ActiveCfg = Debug|Any CPU
		{16824BF1-AE6A-4EE6-BCB5-FEF0A177A9EB}.Debug|x86.Build.0 = Debug|Any CPU
		{16824BF1-AE6A-4EE6-BCB5-FEF0A177A9EB}.Release|x86.ActiveCfg = Release|Any CPU
		{16824BF1-AE6A-4EE6-BCB5-FEF0A177A9EB}.Release|x86.Build.0 = Release|Any CPU
	EndGlobalSection
	GlobalSection(MonoDevelopProperties) = preSolution
		Policies = $0
		$0.DotNetNamingPolicy = $1
		$0.TextStylePolicy = $2
		$2.EolMarker = Windows
		$2.scope = text/x-csharp
		$2.FileWidth = 80
		$0.CSharpFormattingPolicy = $3
		$3.IndentSwitchBody = True
		$3.IndentBlocksInsideExpressions = True
		$3.AnonymousMethodBraceStyle = NextLine
		$3.PropertyBraceStyle = NextLine
		$3.PropertyGetBraceStyle = NextLine
		$3.PropertySetBraceStyle = NextLine
		$3.EventBraceStyle = NextLine
		$3.EventAddBraceStyle = NextLine
		$3.EventRemoveBraceStyle = NextLine
		$3.StatementBraceStyle = NextLine
		$3.ElseNewLinePlacement = NewLine
		$3.CatchNewLinePlacement = NewLine
		$3.FinallyNewLinePlacement = NewLine
		$3.WhileNewLinePlacement = DoNotCare
		$3.ArrayInitializerWrapping = DoNotChange
		$3.ArrayInitializerBraceStyle = NextLine
		$3.BeforeMethodDeclarationParentheses = False
		$3.BeforeMethodCallParentheses = False
		$3.BeforeConstructorDeclarationParentheses = False
		$3.NewLineBeforeConstructorInitializerColon = NewLine
		$3.NewLineAfterConstructorInitializerColon = SameLine
		$3.BeforeDelegateDeclarationParentheses = False
		$3.NewParentheses = False
		$3.SpacesBeforeBrackets = False
		$3.scope = text/x-csharp
		$0.TextStylePolicy = $4
		$4.scope = text/plain
	EndGlobalSection
	GlobalSection(NestedProjects) = preSolution
		{BBD959F6-F28F-40E4-B007-4F32AD177CAB} = {68F58D7E-4D53-4F62-9338-E965AE399D8A}
		{5C3545DB-36B8-4DE2-A2CA-B816910D389B} = {BBD959F6-F28F-40E4-B007-4F32AD177CAB}
		{2A5DB897-6268-4BA0-8050-BC04C2F37702} = {55CBF29E-56AA-4DDB-89AB-66573C80313B}
		{AAF9ABC9-DA69-4007-BC8A-B6A361C55064} = {55CBF29E-56AA-4DDB-89AB-66573C80313B}
		{4E3A38C0-3AE7-4140-AEC3-C7A34566979B} = {D53860DE-DE18-4D16-AE61-A4D66BB9B51B}
		{F14D10AD-3F32-4793-AB6A-450DB99EE65F} = {68F58D7E-4D53-4F62-9338-E965AE399D8A}
		{C5749013-A5CA-4519-ACF5-0FAD1980EF4A} = {F14D10AD-3F32-4793-AB6A-450DB99EE65F}
		{87CA79A3-9E7C-4202-AC90-BFD757C6E2BA} = {F14D10AD-3F32-4793-AB6A-450DB99EE65F}
		{16824BF1-AE6A-4EE6-BCB5-FEF0A177A9EB} = {F14D10AD-3F32-4793-AB6A-450DB99EE65F}
	EndGlobalSection
EndGlobal
