
Microsoft Visual Studio Solution File, Format Version 12.00
# Visual Studio 2013
VisualStudioVersion = 12.0.30723.0
MinimumVisualStudioVersion = 10.0.40219.1
Project("{2150E333-8FDC-42A3-9474-1A3956D46DE8}") = "Windows", "Windows", "{5391C552-B7AC-4306-ACFA-8015F90975E2}"
EndProject
Project("{2150E333-8FDC-42A3-9474-1A3956D46DE8}") = "Silverlight", "Silverlight", "{62ABB3D6-F247-43D4-8933-3F207477646B}"
EndProject
Project("{FAE04EC0-301F-11D3-BF4B-00C04F79EFBC}") = "logjoint.regex", "platforms\windows\logjoint.regex\logjoint.regex.csproj", "{BD86CFB6-6F33-49C4-9D37-B8B7C98AA045}"
EndProject
Project("{FAE04EC0-301F-11D3-BF4B-00C04F79EFBC}") = "logjoint.model", "platforms\windows\logjoint.model\logjoint.model.csproj", "{A1048F3E-CB94-4217-890E-14E1037D8510}"
EndProject
Project("{FAE04EC0-301F-11D3-BF4B-00C04F79EFBC}") = "logjoint", "platforms\windows\logjoint.winforms\logjoint.csproj", "{929F7C79-E2BB-4E6C-AF17-F21E5025265A}"
EndProject
Project("{FAE04EC0-301F-11D3-BF4B-00C04F79EFBC}") = "logjoint.presenters", "platforms\windows\logjoint.presenters\logjoint.presenters.csproj", "{DBB4D413-3A1F-4595-864C-B534BC756284}"
EndProject
Project("{FAE04EC0-301F-11D3-BF4B-00C04F79EFBC}") = "logjoint.model", "platforms\silverlight\logjoint.model\logjoint.model.csproj", "{1956080E-13E2-47D9-85FA-4A81149B92E9}"
EndProject
Project("{2150E333-8FDC-42A3-9474-1A3956D46DE8}") = "Tests", "Tests", "{E5ECBEAD-F934-46D0-8B0A-DFD7921195FE}"
EndProject
Project("{2150E333-8FDC-42A3-9474-1A3956D46DE8}") = "Solution Items", "Solution Items", "{F810DCB6-7C6A-4C7C-BD69-34D7ACBE84DA}"
	ProjectSection(SolutionItems) = preProject
		Local.testsettings = Local.testsettings
		logjoint.vsmdi = logjoint.vsmdi
		TraceAndTestImpact.testsettings = TraceAndTestImpact.testsettings
	EndProjectSection
EndProject
Project("{FAE04EC0-301F-11D3-BF4B-00C04F79EFBC}") = "logjoint.model.tests", "model\tests\logjoint.model.tests.csproj", "{C70ACAAA-ED42-4071-B9EA-792C4D0F5CFC}"
EndProject
Project("{FAE04EC0-301F-11D3-BF4B-00C04F79EFBC}") = "logjoint.skype.plugin", "extensions\skype\platforms\windows\logjoint.skype.plugin\logjoint.skype.plugin.csproj", "{6D5337F1-2EC0-4208-940E-95DDFCF89B98}"
EndProject
Project("{FAE04EC0-301F-11D3-BF4B-00C04F79EFBC}") = "logjoint.skype.plugin.model", "extensions\skype\platforms\windows\logjoint.skype.plugin.model\logjoint.skype.plugin.model.csproj", "{486535E7-88D6-4705-BEB9-FEF0DA3653CC}"
EndProject
Project("{FAE04EC0-301F-11D3-BF4B-00C04F79EFBC}") = "logjoint.skype.plugin.presenters", "extensions\skype\platforms\windows\logjoint.skype.plugin.presenters\logjoint.skype.plugin.presenters.csproj", "{BB39AF59-1A11-4DC7-BFA6-E3E3F1F35850}"
EndProject
Project("{2150E333-8FDC-42A3-9474-1A3956D46DE8}") = "Plug-ins", "Plug-ins", "{73B4E9E2-4534-4F37-940F-CD74CE8229D6}"
EndProject
Project("{2150E333-8FDC-42A3-9474-1A3956D46DE8}") = "Skype", "Skype", "{51EE11F1-8F6F-41D6-9067-67D95948F043}"
EndProject
Project("{2150E333-8FDC-42A3-9474-1A3956D46DE8}") = "Sysinternals", "Sysinternals", "{BD16F09F-0A5F-4280-889C-A2DC9C03F823}"
EndProject
Project("{FAE04EC0-301F-11D3-BF4B-00C04F79EFBC}") = "logjoint.skype.plugin.model.tests", "extensions\skype\model\tests\logjoint.skype.plugin.model.tests.csproj", "{E710A354-0448-46F3-B4EE-B48ED7FA2E74}"
EndProject
Project("{FAE04EC0-301F-11D3-BF4B-00C04F79EFBC}") = "logjoint.sysinternals.plugin.model", "extensions\sysinternals\platforms\windows\logjoint.sysinternals.plugin.model\logjoint.sysinternals.plugin.model.csproj", "{8D7F3DB3-D15D-4EE0-97A3-CD42889AD5EA}"
EndProject
Project("{FAE04EC0-301F-11D3-BF4B-00C04F79EFBC}") = "logjoint.sysinternals.plugin", "extensions\sysinternals\platforms\windows\logjoint.sysinternals.plugin\logjoint.sysinternals.plugin.csproj", "{16FBDD8B-1442-4752-9F27-655D36DE3342}"
EndProject
Project("{FAE04EC0-301F-11D3-BF4B-00C04F79EFBC}") = "logjoint.web", "platforms\silverlight\logjoint.web\logjoint.web.csproj", "{9F2A1EDB-5FF8-4E39-8AFB-9051C7BF5D08}"
	ProjectSection(ProjectDependencies) = postProject
		{C1E8E156-449D-413B-9AA3-3958121BE792} = {C1E8E156-449D-413B-9AA3-3958121BE792}
	EndProjectSection
EndProject
Project("{FAE04EC0-301F-11D3-BF4B-00C04F79EFBC}") = "Precompiler", "tools\Precompiler\Precompiler.csproj", "{C1E8E156-449D-413B-9AA3-3958121BE792}"
EndProject
Project("{2150E333-8FDC-42A3-9474-1A3956D46DE8}") = "Tools", "Tools", "{882D5B26-B1C3-43BD-87A1-72A5CE0B8B16}"
EndProject
Project("{2150E333-8FDC-42A3-9474-1A3956D46DE8}") = "Plug-ins", "Plug-ins", "{8452ABCB-8B48-4C98-B564-3A25BD3907CB}"
EndProject
Project("{2150E333-8FDC-42A3-9474-1A3956D46DE8}") = "Skype", "Skype", "{DEC69A3C-13DF-44E0-AFCC-E8AE92F7D0BA}"
EndProject
Project("{FAE04EC0-301F-11D3-BF4B-00C04F79EFBC}") = "logjoint.skype.plugin.model", "extensions\skype\platforms\silverlight\logjoint.skype.plugin.model\logjoint.skype.plugin.model.csproj", "{A1870DB8-890D-477E-895C-557C64A79561}"
EndProject
Project("{2150E333-8FDC-42A3-9474-1A3956D46DE8}") = "Users", "Users", "{93EBB8AE-4BC6-47AC-998B-EA663F6FBF36}"
EndProject
Project("{2150E333-8FDC-42A3-9474-1A3956D46DE8}") = "David Marshall", "David Marshall", "{F5425610-534C-4762-9C95-44FDBDD9F667}"
EndProject
Project("{FAE04EC0-301F-11D3-BF4B-00C04F79EFBC}") = "logjoint.dmarshal.plugin", "users\David Marshall\platforms\windows\logjoint.dmarshal.plugin\logjoint.dmarshal.plugin.csproj", "{878B7BC3-C8FE-49B0-8C22-5A8E7C2607FE}"
EndProject
Project("{FAE04EC0-301F-11D3-BF4B-00C04F79EFBC}") = "logjoint.dmarshal.tests", "users\David Marshall\model\tests\logjoint.dmarshal.tests\logjoint.dmarshal.tests.csproj", "{211A6F47-BEA3-46FB-AD2D-432F5F59700E}"
EndProject
Project("{2150E333-8FDC-42A3-9474-1A3956D46DE8}") = "Azure", "Azure", "{62459631-E182-4541-9C9E-FEBA1F619A18}"
EndProject
Project("{FAE04EC0-301F-11D3-BF4B-00C04F79EFBC}") = "logjoint.azure.plugin", "extensions\azure\platforms\windows\logjoint.azure.plugin\logjoint.azure.plugin.csproj", "{09F1AEF4-B2F1-4E79-A138-D3E54C5EA561}"
EndProject
Project("{FAE04EC0-301F-11D3-BF4B-00C04F79EFBC}") = "logjoint.azure.model", "extensions\azure\platforms\windows\logjoint.azure.model\logjoint.azure.model.csproj", "{1BA8AC55-DFD6-4184-8E2D-A63133CEA115}"
EndProject
Project("{FAE04EC0-301F-11D3-BF4B-00C04F79EFBC}") = "logjoint.azure.model.tests", "extensions\azure\platforms\windows\logjoint.azure.model.tests\logjoint.azure.model.tests.csproj", "{57872D23-1C9A-4185-8FC7-823EDC17523D}"
EndProject
Project("{FAE04EC0-301F-11D3-BF4B-00C04F79EFBC}") = "SampleLoggingApp", "tools\SampleLoggingApp\SampleLoggingApp.csproj", "{4E3A38C0-3AE7-4140-AEC3-C7A34566979B}"
EndProject
Global
	GlobalSection(SolutionConfigurationPlatforms) = preSolution
		Debug|Any CPU = Debug|Any CPU
		Debug|Mixed Platforms = Debug|Mixed Platforms
		Debug|x86 = Debug|x86
		Release|Any CPU = Release|Any CPU
		Release|Mixed Platforms = Release|Mixed Platforms
		Release|x86 = Release|x86
	EndGlobalSection
	GlobalSection(ProjectConfigurationPlatforms) = postSolution
		{BD86CFB6-6F33-49C4-9D37-B8B7C98AA045}.Debug|Any CPU.ActiveCfg = Debug|Any CPU
		{BD86CFB6-6F33-49C4-9D37-B8B7C98AA045}.Debug|Any CPU.Build.0 = Debug|Any CPU
		{BD86CFB6-6F33-49C4-9D37-B8B7C98AA045}.Debug|Mixed Platforms.ActiveCfg = Debug|Any CPU
		{BD86CFB6-6F33-49C4-9D37-B8B7C98AA045}.Debug|Mixed Platforms.Build.0 = Debug|Any CPU
		{BD86CFB6-6F33-49C4-9D37-B8B7C98AA045}.Debug|x86.ActiveCfg = Debug|Any CPU
		{BD86CFB6-6F33-49C4-9D37-B8B7C98AA045}.Release|Any CPU.ActiveCfg = Release|Any CPU
		{BD86CFB6-6F33-49C4-9D37-B8B7C98AA045}.Release|Any CPU.Build.0 = Release|Any CPU
		{BD86CFB6-6F33-49C4-9D37-B8B7C98AA045}.Release|Mixed Platforms.ActiveCfg = Release|Any CPU
		{BD86CFB6-6F33-49C4-9D37-B8B7C98AA045}.Release|Mixed Platforms.Build.0 = Release|Any CPU
		{BD86CFB6-6F33-49C4-9D37-B8B7C98AA045}.Release|x86.ActiveCfg = Release|Any CPU
		{A1048F3E-CB94-4217-890E-14E1037D8510}.Debug|Any CPU.ActiveCfg = Debug|Any CPU
		{A1048F3E-CB94-4217-890E-14E1037D8510}.Debug|Any CPU.Build.0 = Debug|Any CPU
		{A1048F3E-CB94-4217-890E-14E1037D8510}.Debug|Mixed Platforms.ActiveCfg = Debug|Any CPU
		{A1048F3E-CB94-4217-890E-14E1037D8510}.Debug|Mixed Platforms.Build.0 = Debug|Any CPU
		{A1048F3E-CB94-4217-890E-14E1037D8510}.Debug|x86.ActiveCfg = Debug|Any CPU
		{A1048F3E-CB94-4217-890E-14E1037D8510}.Release|Any CPU.ActiveCfg = Release|Any CPU
		{A1048F3E-CB94-4217-890E-14E1037D8510}.Release|Any CPU.Build.0 = Release|Any CPU
		{A1048F3E-CB94-4217-890E-14E1037D8510}.Release|Mixed Platforms.ActiveCfg = Release|Any CPU
		{A1048F3E-CB94-4217-890E-14E1037D8510}.Release|Mixed Platforms.Build.0 = Release|Any CPU
		{A1048F3E-CB94-4217-890E-14E1037D8510}.Release|x86.ActiveCfg = Release|Any CPU
		{929F7C79-E2BB-4E6C-AF17-F21E5025265A}.Debug|Any CPU.ActiveCfg = Debug|Any CPU
		{929F7C79-E2BB-4E6C-AF17-F21E5025265A}.Debug|Any CPU.Build.0 = Debug|Any CPU
		{929F7C79-E2BB-4E6C-AF17-F21E5025265A}.Debug|Mixed Platforms.ActiveCfg = Debug|Any CPU
		{929F7C79-E2BB-4E6C-AF17-F21E5025265A}.Debug|Mixed Platforms.Build.0 = Debug|Any CPU
		{929F7C79-E2BB-4E6C-AF17-F21E5025265A}.Debug|x86.ActiveCfg = Debug|Any CPU
		{929F7C79-E2BB-4E6C-AF17-F21E5025265A}.Release|Any CPU.ActiveCfg = Release|Any CPU
		{929F7C79-E2BB-4E6C-AF17-F21E5025265A}.Release|Any CPU.Build.0 = Release|Any CPU
		{929F7C79-E2BB-4E6C-AF17-F21E5025265A}.Release|Mixed Platforms.ActiveCfg = Release|Any CPU
		{929F7C79-E2BB-4E6C-AF17-F21E5025265A}.Release|Mixed Platforms.Build.0 = Release|Any CPU
		{929F7C79-E2BB-4E6C-AF17-F21E5025265A}.Release|x86.ActiveCfg = Release|Any CPU
		{DBB4D413-3A1F-4595-864C-B534BC756284}.Debug|Any CPU.ActiveCfg = Debug|Any CPU
		{DBB4D413-3A1F-4595-864C-B534BC756284}.Debug|Any CPU.Build.0 = Debug|Any CPU
		{DBB4D413-3A1F-4595-864C-B534BC756284}.Debug|Mixed Platforms.ActiveCfg = Debug|Any CPU
		{DBB4D413-3A1F-4595-864C-B534BC756284}.Debug|Mixed Platforms.Build.0 = Debug|Any CPU
		{DBB4D413-3A1F-4595-864C-B534BC756284}.Debug|x86.ActiveCfg = Debug|Any CPU
		{DBB4D413-3A1F-4595-864C-B534BC756284}.Release|Any CPU.ActiveCfg = Release|Any CPU
		{DBB4D413-3A1F-4595-864C-B534BC756284}.Release|Any CPU.Build.0 = Release|Any CPU
		{DBB4D413-3A1F-4595-864C-B534BC756284}.Release|Mixed Platforms.ActiveCfg = Release|Any CPU
		{DBB4D413-3A1F-4595-864C-B534BC756284}.Release|Mixed Platforms.Build.0 = Release|Any CPU
		{DBB4D413-3A1F-4595-864C-B534BC756284}.Release|x86.ActiveCfg = Release|Any CPU
		{1956080E-13E2-47D9-85FA-4A81149B92E9}.Debug|Any CPU.ActiveCfg = Debug|Any CPU
		{1956080E-13E2-47D9-85FA-4A81149B92E9}.Debug|Mixed Platforms.ActiveCfg = Debug|Any CPU
		{1956080E-13E2-47D9-85FA-4A81149B92E9}.Debug|x86.ActiveCfg = Debug|Any CPU
		{1956080E-13E2-47D9-85FA-4A81149B92E9}.Release|Any CPU.ActiveCfg = Release|Any CPU
		{1956080E-13E2-47D9-85FA-4A81149B92E9}.Release|Any CPU.Build.0 = Release|Any CPU
		{1956080E-13E2-47D9-85FA-4A81149B92E9}.Release|Mixed Platforms.ActiveCfg = Release|Any CPU
		{1956080E-13E2-47D9-85FA-4A81149B92E9}.Release|x86.ActiveCfg = Release|Any CPU
		{C70ACAAA-ED42-4071-B9EA-792C4D0F5CFC}.Debug|Any CPU.ActiveCfg = Debug|Any CPU
		{C70ACAAA-ED42-4071-B9EA-792C4D0F5CFC}.Debug|Any CPU.Build.0 = Debug|Any CPU
		{C70ACAAA-ED42-4071-B9EA-792C4D0F5CFC}.Debug|Mixed Platforms.ActiveCfg = Debug|Any CPU
		{C70ACAAA-ED42-4071-B9EA-792C4D0F5CFC}.Debug|Mixed Platforms.Build.0 = Debug|Any CPU
		{C70ACAAA-ED42-4071-B9EA-792C4D0F5CFC}.Debug|x86.ActiveCfg = Debug|Any CPU
		{C70ACAAA-ED42-4071-B9EA-792C4D0F5CFC}.Release|Any CPU.ActiveCfg = Release|Any CPU
		{C70ACAAA-ED42-4071-B9EA-792C4D0F5CFC}.Release|Any CPU.Build.0 = Release|Any CPU
		{C70ACAAA-ED42-4071-B9EA-792C4D0F5CFC}.Release|Mixed Platforms.ActiveCfg = Release|Any CPU
		{C70ACAAA-ED42-4071-B9EA-792C4D0F5CFC}.Release|Mixed Platforms.Build.0 = Release|Any CPU
		{C70ACAAA-ED42-4071-B9EA-792C4D0F5CFC}.Release|x86.ActiveCfg = Release|Any CPU
		{6D5337F1-2EC0-4208-940E-95DDFCF89B98}.Debug|Any CPU.ActiveCfg = Debug|Any CPU
		{6D5337F1-2EC0-4208-940E-95DDFCF89B98}.Debug|Any CPU.Build.0 = Debug|Any CPU
		{6D5337F1-2EC0-4208-940E-95DDFCF89B98}.Debug|Mixed Platforms.ActiveCfg = Debug|Any CPU
		{6D5337F1-2EC0-4208-940E-95DDFCF89B98}.Debug|Mixed Platforms.Build.0 = Debug|Any CPU
		{6D5337F1-2EC0-4208-940E-95DDFCF89B98}.Debug|x86.ActiveCfg = Debug|Any CPU
		{6D5337F1-2EC0-4208-940E-95DDFCF89B98}.Release|Any CPU.ActiveCfg = Release|Any CPU
		{6D5337F1-2EC0-4208-940E-95DDFCF89B98}.Release|Any CPU.Build.0 = Release|Any CPU
		{6D5337F1-2EC0-4208-940E-95DDFCF89B98}.Release|Mixed Platforms.ActiveCfg = Release|Any CPU
		{6D5337F1-2EC0-4208-940E-95DDFCF89B98}.Release|Mixed Platforms.Build.0 = Release|Any CPU
		{6D5337F1-2EC0-4208-940E-95DDFCF89B98}.Release|x86.ActiveCfg = Release|Any CPU
		{486535E7-88D6-4705-BEB9-FEF0DA3653CC}.Debug|Any CPU.ActiveCfg = Debug|Any CPU
		{486535E7-88D6-4705-BEB9-FEF0DA3653CC}.Debug|Any CPU.Build.0 = Debug|Any CPU
		{486535E7-88D6-4705-BEB9-FEF0DA3653CC}.Debug|Mixed Platforms.ActiveCfg = Debug|Any CPU
		{486535E7-88D6-4705-BEB9-FEF0DA3653CC}.Debug|Mixed Platforms.Build.0 = Debug|Any CPU
		{486535E7-88D6-4705-BEB9-FEF0DA3653CC}.Debug|x86.ActiveCfg = Debug|Any CPU
		{486535E7-88D6-4705-BEB9-FEF0DA3653CC}.Release|Any CPU.ActiveCfg = Release|Any CPU
		{486535E7-88D6-4705-BEB9-FEF0DA3653CC}.Release|Any CPU.Build.0 = Release|Any CPU
		{486535E7-88D6-4705-BEB9-FEF0DA3653CC}.Release|Mixed Platforms.ActiveCfg = Release|Any CPU
		{486535E7-88D6-4705-BEB9-FEF0DA3653CC}.Release|Mixed Platforms.Build.0 = Release|Any CPU
		{486535E7-88D6-4705-BEB9-FEF0DA3653CC}.Release|x86.ActiveCfg = Release|Any CPU
		{BB39AF59-1A11-4DC7-BFA6-E3E3F1F35850}.Debug|Any CPU.ActiveCfg = Debug|Any CPU
		{BB39AF59-1A11-4DC7-BFA6-E3E3F1F35850}.Debug|Any CPU.Build.0 = Debug|Any CPU
		{BB39AF59-1A11-4DC7-BFA6-E3E3F1F35850}.Debug|Mixed Platforms.ActiveCfg = Debug|Any CPU
		{BB39AF59-1A11-4DC7-BFA6-E3E3F1F35850}.Debug|Mixed Platforms.Build.0 = Debug|Any CPU
		{BB39AF59-1A11-4DC7-BFA6-E3E3F1F35850}.Debug|x86.ActiveCfg = Debug|Any CPU
		{BB39AF59-1A11-4DC7-BFA6-E3E3F1F35850}.Release|Any CPU.ActiveCfg = Release|Any CPU
		{BB39AF59-1A11-4DC7-BFA6-E3E3F1F35850}.Release|Any CPU.Build.0 = Release|Any CPU
		{BB39AF59-1A11-4DC7-BFA6-E3E3F1F35850}.Release|Mixed Platforms.ActiveCfg = Release|Any CPU
		{BB39AF59-1A11-4DC7-BFA6-E3E3F1F35850}.Release|Mixed Platforms.Build.0 = Release|Any CPU
		{BB39AF59-1A11-4DC7-BFA6-E3E3F1F35850}.Release|x86.ActiveCfg = Release|Any CPU
		{E710A354-0448-46F3-B4EE-B48ED7FA2E74}.Debug|Any CPU.ActiveCfg = Debug|Any CPU
		{E710A354-0448-46F3-B4EE-B48ED7FA2E74}.Debug|Any CPU.Build.0 = Debug|Any CPU
		{E710A354-0448-46F3-B4EE-B48ED7FA2E74}.Debug|Mixed Platforms.ActiveCfg = Debug|Any CPU
		{E710A354-0448-46F3-B4EE-B48ED7FA2E74}.Debug|Mixed Platforms.Build.0 = Debug|Any CPU
		{E710A354-0448-46F3-B4EE-B48ED7FA2E74}.Debug|x86.ActiveCfg = Debug|Any CPU
		{E710A354-0448-46F3-B4EE-B48ED7FA2E74}.Release|Any CPU.ActiveCfg = Release|Any CPU
		{E710A354-0448-46F3-B4EE-B48ED7FA2E74}.Release|Any CPU.Build.0 = Release|Any CPU
		{E710A354-0448-46F3-B4EE-B48ED7FA2E74}.Release|Mixed Platforms.ActiveCfg = Release|Any CPU
		{E710A354-0448-46F3-B4EE-B48ED7FA2E74}.Release|Mixed Platforms.Build.0 = Release|Any CPU
		{E710A354-0448-46F3-B4EE-B48ED7FA2E74}.Release|x86.ActiveCfg = Release|Any CPU
		{8D7F3DB3-D15D-4EE0-97A3-CD42889AD5EA}.Debug|Any CPU.ActiveCfg = Debug|Any CPU
		{8D7F3DB3-D15D-4EE0-97A3-CD42889AD5EA}.Debug|Any CPU.Build.0 = Debug|Any CPU
		{8D7F3DB3-D15D-4EE0-97A3-CD42889AD5EA}.Debug|Mixed Platforms.ActiveCfg = Debug|Any CPU
		{8D7F3DB3-D15D-4EE0-97A3-CD42889AD5EA}.Debug|Mixed Platforms.Build.0 = Debug|Any CPU
		{8D7F3DB3-D15D-4EE0-97A3-CD42889AD5EA}.Debug|x86.ActiveCfg = Debug|Any CPU
		{8D7F3DB3-D15D-4EE0-97A3-CD42889AD5EA}.Release|Any CPU.ActiveCfg = Release|Any CPU
		{8D7F3DB3-D15D-4EE0-97A3-CD42889AD5EA}.Release|Any CPU.Build.0 = Release|Any CPU
		{8D7F3DB3-D15D-4EE0-97A3-CD42889AD5EA}.Release|Mixed Platforms.ActiveCfg = Release|Any CPU
		{8D7F3DB3-D15D-4EE0-97A3-CD42889AD5EA}.Release|Mixed Platforms.Build.0 = Release|Any CPU
		{8D7F3DB3-D15D-4EE0-97A3-CD42889AD5EA}.Release|x86.ActiveCfg = Release|Any CPU
		{16FBDD8B-1442-4752-9F27-655D36DE3342}.Debug|Any CPU.ActiveCfg = Debug|Any CPU
		{16FBDD8B-1442-4752-9F27-655D36DE3342}.Debug|Any CPU.Build.0 = Debug|Any CPU
		{16FBDD8B-1442-4752-9F27-655D36DE3342}.Debug|Mixed Platforms.ActiveCfg = Debug|Any CPU
		{16FBDD8B-1442-4752-9F27-655D36DE3342}.Debug|Mixed Platforms.Build.0 = Debug|Any CPU
		{16FBDD8B-1442-4752-9F27-655D36DE3342}.Debug|x86.ActiveCfg = Debug|Any CPU
		{16FBDD8B-1442-4752-9F27-655D36DE3342}.Release|Any CPU.ActiveCfg = Release|Any CPU
		{16FBDD8B-1442-4752-9F27-655D36DE3342}.Release|Any CPU.Build.0 = Release|Any CPU
		{16FBDD8B-1442-4752-9F27-655D36DE3342}.Release|Mixed Platforms.ActiveCfg = Release|Any CPU
		{16FBDD8B-1442-4752-9F27-655D36DE3342}.Release|Mixed Platforms.Build.0 = Release|Any CPU
		{16FBDD8B-1442-4752-9F27-655D36DE3342}.Release|x86.ActiveCfg = Release|Any CPU
		{9F2A1EDB-5FF8-4E39-8AFB-9051C7BF5D08}.Debug|Any CPU.ActiveCfg = Debug|Any CPU
		{9F2A1EDB-5FF8-4E39-8AFB-9051C7BF5D08}.Debug|Mixed Platforms.ActiveCfg = Debug|Any CPU
		{9F2A1EDB-5FF8-4E39-8AFB-9051C7BF5D08}.Debug|x86.ActiveCfg = Debug|Any CPU
		{9F2A1EDB-5FF8-4E39-8AFB-9051C7BF5D08}.Release|Any CPU.ActiveCfg = Release|Any CPU
		{9F2A1EDB-5FF8-4E39-8AFB-9051C7BF5D08}.Release|Any CPU.Build.0 = Release|Any CPU
		{9F2A1EDB-5FF8-4E39-8AFB-9051C7BF5D08}.Release|Mixed Platforms.ActiveCfg = Release|Any CPU
		{9F2A1EDB-5FF8-4E39-8AFB-9051C7BF5D08}.Release|x86.ActiveCfg = Release|Any CPU
		{C1E8E156-449D-413B-9AA3-3958121BE792}.Debug|Any CPU.ActiveCfg = Debug|x86
		{C1E8E156-449D-413B-9AA3-3958121BE792}.Debug|Mixed Platforms.ActiveCfg = Debug|x86
		{C1E8E156-449D-413B-9AA3-3958121BE792}.Debug|Mixed Platforms.Build.0 = Debug|x86
		{C1E8E156-449D-413B-9AA3-3958121BE792}.Debug|x86.ActiveCfg = Debug|x86
		{C1E8E156-449D-413B-9AA3-3958121BE792}.Debug|x86.Build.0 = Debug|x86
		{C1E8E156-449D-413B-9AA3-3958121BE792}.Release|Any CPU.ActiveCfg = Release|x86
		{C1E8E156-449D-413B-9AA3-3958121BE792}.Release|Mixed Platforms.ActiveCfg = Release|x86
		{C1E8E156-449D-413B-9AA3-3958121BE792}.Release|Mixed Platforms.Build.0 = Release|x86
		{C1E8E156-449D-413B-9AA3-3958121BE792}.Release|x86.ActiveCfg = Release|x86
		{C1E8E156-449D-413B-9AA3-3958121BE792}.Release|x86.Build.0 = Release|x86
		{A1870DB8-890D-477E-895C-557C64A79561}.Debug|Any CPU.ActiveCfg = Debug|Any CPU
		{A1870DB8-890D-477E-895C-557C64A79561}.Debug|Any CPU.Build.0 = Debug|Any CPU
		{A1870DB8-890D-477E-895C-557C64A79561}.Debug|Mixed Platforms.ActiveCfg = Debug|Any CPU
		{A1870DB8-890D-477E-895C-557C64A79561}.Debug|x86.ActiveCfg = Debug|Any CPU
		{A1870DB8-890D-477E-895C-557C64A79561}.Release|Any CPU.ActiveCfg = Release|Any CPU
		{A1870DB8-890D-477E-895C-557C64A79561}.Release|Any CPU.Build.0 = Release|Any CPU
		{A1870DB8-890D-477E-895C-557C64A79561}.Release|Mixed Platforms.ActiveCfg = Release|Any CPU
		{A1870DB8-890D-477E-895C-557C64A79561}.Release|x86.ActiveCfg = Release|Any CPU
		{878B7BC3-C8FE-49B0-8C22-5A8E7C2607FE}.Debug|Any CPU.ActiveCfg = Debug|Any CPU
		{878B7BC3-C8FE-49B0-8C22-5A8E7C2607FE}.Debug|Any CPU.Build.0 = Debug|Any CPU
		{878B7BC3-C8FE-49B0-8C22-5A8E7C2607FE}.Debug|Mixed Platforms.ActiveCfg = Debug|Any CPU
		{878B7BC3-C8FE-49B0-8C22-5A8E7C2607FE}.Debug|Mixed Platforms.Build.0 = Debug|Any CPU
		{878B7BC3-C8FE-49B0-8C22-5A8E7C2607FE}.Debug|x86.ActiveCfg = Debug|Any CPU
		{878B7BC3-C8FE-49B0-8C22-5A8E7C2607FE}.Release|Any CPU.ActiveCfg = Release|Any CPU
		{878B7BC3-C8FE-49B0-8C22-5A8E7C2607FE}.Release|Any CPU.Build.0 = Release|Any CPU
		{878B7BC3-C8FE-49B0-8C22-5A8E7C2607FE}.Release|Mixed Platforms.ActiveCfg = Release|Any CPU
		{878B7BC3-C8FE-49B0-8C22-5A8E7C2607FE}.Release|Mixed Platforms.Build.0 = Release|Any CPU
		{878B7BC3-C8FE-49B0-8C22-5A8E7C2607FE}.Release|x86.ActiveCfg = Release|Any CPU
		{211A6F47-BEA3-46FB-AD2D-432F5F59700E}.Debug|Any CPU.ActiveCfg = Debug|Any CPU
		{211A6F47-BEA3-46FB-AD2D-432F5F59700E}.Debug|Any CPU.Build.0 = Debug|Any CPU
		{211A6F47-BEA3-46FB-AD2D-432F5F59700E}.Debug|Mixed Platforms.ActiveCfg = Debug|Any CPU
		{211A6F47-BEA3-46FB-AD2D-432F5F59700E}.Debug|Mixed Platforms.Build.0 = Debug|Any CPU
		{211A6F47-BEA3-46FB-AD2D-432F5F59700E}.Debug|x86.ActiveCfg = Debug|Any CPU
		{211A6F47-BEA3-46FB-AD2D-432F5F59700E}.Release|Any CPU.ActiveCfg = Release|Any CPU
		{211A6F47-BEA3-46FB-AD2D-432F5F59700E}.Release|Any CPU.Build.0 = Release|Any CPU
		{211A6F47-BEA3-46FB-AD2D-432F5F59700E}.Release|Mixed Platforms.ActiveCfg = Release|Any CPU
		{211A6F47-BEA3-46FB-AD2D-432F5F59700E}.Release|Mixed Platforms.Build.0 = Release|Any CPU
		{211A6F47-BEA3-46FB-AD2D-432F5F59700E}.Release|x86.ActiveCfg = Release|Any CPU
		{09F1AEF4-B2F1-4E79-A138-D3E54C5EA561}.Debug|Any CPU.ActiveCfg = Debug|Any CPU
		{09F1AEF4-B2F1-4E79-A138-D3E54C5EA561}.Debug|Any CPU.Build.0 = Debug|Any CPU
		{09F1AEF4-B2F1-4E79-A138-D3E54C5EA561}.Debug|Mixed Platforms.ActiveCfg = Debug|Any CPU
		{09F1AEF4-B2F1-4E79-A138-D3E54C5EA561}.Debug|Mixed Platforms.Build.0 = Debug|Any CPU
		{09F1AEF4-B2F1-4E79-A138-D3E54C5EA561}.Debug|x86.ActiveCfg = Debug|Any CPU
		{09F1AEF4-B2F1-4E79-A138-D3E54C5EA561}.Release|Any CPU.ActiveCfg = Release|Any CPU
		{09F1AEF4-B2F1-4E79-A138-D3E54C5EA561}.Release|Any CPU.Build.0 = Release|Any CPU
		{09F1AEF4-B2F1-4E79-A138-D3E54C5EA561}.Release|Mixed Platforms.ActiveCfg = Release|Any CPU
		{09F1AEF4-B2F1-4E79-A138-D3E54C5EA561}.Release|Mixed Platforms.Build.0 = Release|Any CPU
		{09F1AEF4-B2F1-4E79-A138-D3E54C5EA561}.Release|x86.ActiveCfg = Release|Any CPU
		{1BA8AC55-DFD6-4184-8E2D-A63133CEA115}.Debug|Any CPU.ActiveCfg = Debug|Any CPU
		{1BA8AC55-DFD6-4184-8E2D-A63133CEA115}.Debug|Any CPU.Build.0 = Debug|Any CPU
		{1BA8AC55-DFD6-4184-8E2D-A63133CEA115}.Debug|Mixed Platforms.ActiveCfg = Debug|Any CPU
		{1BA8AC55-DFD6-4184-8E2D-A63133CEA115}.Debug|Mixed Platforms.Build.0 = Debug|Any CPU
		{1BA8AC55-DFD6-4184-8E2D-A63133CEA115}.Debug|x86.ActiveCfg = Debug|Any CPU
		{1BA8AC55-DFD6-4184-8E2D-A63133CEA115}.Release|Any CPU.ActiveCfg = Release|Any CPU
		{1BA8AC55-DFD6-4184-8E2D-A63133CEA115}.Release|Any CPU.Build.0 = Release|Any CPU
		{1BA8AC55-DFD6-4184-8E2D-A63133CEA115}.Release|Mixed Platforms.ActiveCfg = Release|Any CPU
		{1BA8AC55-DFD6-4184-8E2D-A63133CEA115}.Release|Mixed Platforms.Build.0 = Release|Any CPU
		{1BA8AC55-DFD6-4184-8E2D-A63133CEA115}.Release|x86.ActiveCfg = Release|Any CPU
		{57872D23-1C9A-4185-8FC7-823EDC17523D}.Debug|Any CPU.ActiveCfg = Debug|Any CPU
		{57872D23-1C9A-4185-8FC7-823EDC17523D}.Debug|Any CPU.Build.0 = Debug|Any CPU
		{57872D23-1C9A-4185-8FC7-823EDC17523D}.Debug|Mixed Platforms.ActiveCfg = Debug|Any CPU
		{57872D23-1C9A-4185-8FC7-823EDC17523D}.Debug|Mixed Platforms.Build.0 = Debug|Any CPU
		{57872D23-1C9A-4185-8FC7-823EDC17523D}.Debug|x86.ActiveCfg = Debug|Any CPU
		{57872D23-1C9A-4185-8FC7-823EDC17523D}.Release|Any CPU.ActiveCfg = Release|Any CPU
		{57872D23-1C9A-4185-8FC7-823EDC17523D}.Release|Any CPU.Build.0 = Release|Any CPU
		{57872D23-1C9A-4185-8FC7-823EDC17523D}.Release|Mixed Platforms.ActiveCfg = Release|Any CPU
		{57872D23-1C9A-4185-8FC7-823EDC17523D}.Release|Mixed Platforms.Build.0 = Release|Any CPU
		{57872D23-1C9A-4185-8FC7-823EDC17523D}.Release|x86.ActiveCfg = Release|Any CPU
		{4E3A38C0-3AE7-4140-AEC3-C7A34566979B}.Debug|Any CPU.ActiveCfg = Debug|Any CPU
		{4E3A38C0-3AE7-4140-AEC3-C7A34566979B}.Debug|Any CPU.Build.0 = Debug|Any CPU
		{4E3A38C0-3AE7-4140-AEC3-C7A34566979B}.Debug|Mixed Platforms.ActiveCfg = Debug|Any CPU
		{4E3A38C0-3AE7-4140-AEC3-C7A34566979B}.Debug|Mixed Platforms.Build.0 = Debug|Any CPU
		{4E3A38C0-3AE7-4140-AEC3-C7A34566979B}.Debug|x86.ActiveCfg = Debug|Any CPU
		{4E3A38C0-3AE7-4140-AEC3-C7A34566979B}.Release|Any CPU.ActiveCfg = Release|Any CPU
		{4E3A38C0-3AE7-4140-AEC3-C7A34566979B}.Release|Any CPU.Build.0 = Release|Any CPU
		{4E3A38C0-3AE7-4140-AEC3-C7A34566979B}.Release|Mixed Platforms.ActiveCfg = Release|Any CPU
		{4E3A38C0-3AE7-4140-AEC3-C7A34566979B}.Release|Mixed Platforms.Build.0 = Release|Any CPU
		{4E3A38C0-3AE7-4140-AEC3-C7A34566979B}.Release|x86.ActiveCfg = Release|Any CPU
	EndGlobalSection
	GlobalSection(SolutionProperties) = preSolution
		HideSolutionNode = FALSE
	EndGlobalSection
	GlobalSection(NestedProjects) = preSolution
		{BD86CFB6-6F33-49C4-9D37-B8B7C98AA045} = {5391C552-B7AC-4306-ACFA-8015F90975E2}
		{A1048F3E-CB94-4217-890E-14E1037D8510} = {5391C552-B7AC-4306-ACFA-8015F90975E2}
		{929F7C79-E2BB-4E6C-AF17-F21E5025265A} = {5391C552-B7AC-4306-ACFA-8015F90975E2}
		{DBB4D413-3A1F-4595-864C-B534BC756284} = {5391C552-B7AC-4306-ACFA-8015F90975E2}
		{1956080E-13E2-47D9-85FA-4A81149B92E9} = {62ABB3D6-F247-43D4-8933-3F207477646B}
		{F810DCB6-7C6A-4C7C-BD69-34D7ACBE84DA} = {E5ECBEAD-F934-46D0-8B0A-DFD7921195FE}
		{C70ACAAA-ED42-4071-B9EA-792C4D0F5CFC} = {E5ECBEAD-F934-46D0-8B0A-DFD7921195FE}
		{6D5337F1-2EC0-4208-940E-95DDFCF89B98} = {51EE11F1-8F6F-41D6-9067-67D95948F043}
		{486535E7-88D6-4705-BEB9-FEF0DA3653CC} = {51EE11F1-8F6F-41D6-9067-67D95948F043}
		{BB39AF59-1A11-4DC7-BFA6-E3E3F1F35850} = {51EE11F1-8F6F-41D6-9067-67D95948F043}
		{73B4E9E2-4534-4F37-940F-CD74CE8229D6} = {5391C552-B7AC-4306-ACFA-8015F90975E2}
		{51EE11F1-8F6F-41D6-9067-67D95948F043} = {73B4E9E2-4534-4F37-940F-CD74CE8229D6}
		{BD16F09F-0A5F-4280-889C-A2DC9C03F823} = {73B4E9E2-4534-4F37-940F-CD74CE8229D6}
		{E710A354-0448-46F3-B4EE-B48ED7FA2E74} = {51EE11F1-8F6F-41D6-9067-67D95948F043}
		{8D7F3DB3-D15D-4EE0-97A3-CD42889AD5EA} = {BD16F09F-0A5F-4280-889C-A2DC9C03F823}
		{16FBDD8B-1442-4752-9F27-655D36DE3342} = {BD16F09F-0A5F-4280-889C-A2DC9C03F823}
		{9F2A1EDB-5FF8-4E39-8AFB-9051C7BF5D08} = {62ABB3D6-F247-43D4-8933-3F207477646B}
		{C1E8E156-449D-413B-9AA3-3958121BE792} = {882D5B26-B1C3-43BD-87A1-72A5CE0B8B16}
		{8452ABCB-8B48-4C98-B564-3A25BD3907CB} = {62ABB3D6-F247-43D4-8933-3F207477646B}
		{DEC69A3C-13DF-44E0-AFCC-E8AE92F7D0BA} = {8452ABCB-8B48-4C98-B564-3A25BD3907CB}
		{A1870DB8-890D-477E-895C-557C64A79561} = {DEC69A3C-13DF-44E0-AFCC-E8AE92F7D0BA}
		{93EBB8AE-4BC6-47AC-998B-EA663F6FBF36} = {73B4E9E2-4534-4F37-940F-CD74CE8229D6}
		{F5425610-534C-4762-9C95-44FDBDD9F667} = {93EBB8AE-4BC6-47AC-998B-EA663F6FBF36}
		{878B7BC3-C8FE-49B0-8C22-5A8E7C2607FE} = {F5425610-534C-4762-9C95-44FDBDD9F667}
		{211A6F47-BEA3-46FB-AD2D-432F5F59700E} = {F5425610-534C-4762-9C95-44FDBDD9F667}
		{62459631-E182-4541-9C9E-FEBA1F619A18} = {73B4E9E2-4534-4F37-940F-CD74CE8229D6}
		{09F1AEF4-B2F1-4E79-A138-D3E54C5EA561} = {62459631-E182-4541-9C9E-FEBA1F619A18}
		{1BA8AC55-DFD6-4184-8E2D-A63133CEA115} = {62459631-E182-4541-9C9E-FEBA1F619A18}
		{57872D23-1C9A-4185-8FC7-823EDC17523D} = {62459631-E182-4541-9C9E-FEBA1F619A18}
		{4E3A38C0-3AE7-4140-AEC3-C7A34566979B} = {882D5B26-B1C3-43BD-87A1-72A5CE0B8B16}
	EndGlobalSection
	GlobalSection(TestCaseManagementSettings) = postSolution
		CategoryFile = logjoint.vsmdi
	EndGlobalSection
EndGlobal
