
Microsoft Visual Studio Solution File, Format Version 9.00
# Visual Studio 2005
Project("{FAE04EC0-301F-11D3-BF4B-00C04F79EFBC}") = "LogJoint", "viewer\LogJoint.csproj", "{312C8F7E-0DEA-419E-92C6-6CBAD104284A}"
EndProject
Project("{FAE04EC0-301F-11D3-BF4B-00C04F79EFBC}") = "SampleLoggingApp", "SampleLoggingApp\SampleLoggingApp.csproj", "{4E3A38C0-3AE7-4140-AEC3-C7A34566979B}"
EndProject
Project("{FAE04EC0-301F-11D3-BF4B-00C04F79EFBC}") = "LogJointTests", "LogViewerTests\LogJointTests.csproj", "{8D45D43B-7A41-49D1-9D0E-80501FA24098}"
EndProject
Project("{2150E333-8FDC-42A3-9474-1A3956D46DE8}") = "Solution Items", "Solution Items", "{37D27260-17F5-4AFB-9CDF-3EB6341FA7C8}"
	ProjectSection(SolutionItems) = preProject
		localtestrun.testrunconfig = localtestrun.testrunconfig
		LogJoint.vsmdi = LogJoint.vsmdi
	EndProjectSection
EndProject
Project("{FAE04EC0-301F-11D3-BF4B-00C04F79EFBC}") = "SysinternalsFormats", "SysinternalsFormats\SysinternalsFormats.csproj", "{69C65C26-7646-434C-9322-0A42ECE6C516}"
EndProject
Project("{FAE04EC0-301F-11D3-BF4B-00C04F79EFBC}") = "F-Secure formats pack", "F-Secure formats pack\F-Secure formats pack.csproj", "{AE82BD55-39E6-49B1-883A-5D5623BFD6B1}"
EndProject
Project("{FAE04EC0-301F-11D3-BF4B-00C04F79EFBC}") = "FunctionalTests", "FunctionalTests\FunctionalTests.csproj", "{3155C570-D47D-43D3-84AD-4013DD79B642}"
EndProject
Global
	GlobalSection(TestCaseManagementSettings) = postSolution
		CategoryFile = LogJoint.vsmdi
	EndGlobalSection
	GlobalSection(SolutionConfigurationPlatforms) = preSolution
		Debug|Any CPU = Debug|Any CPU
		Release|Any CPU = Release|Any CPU
	EndGlobalSection
	GlobalSection(ProjectConfigurationPlatforms) = postSolution
		{312C8F7E-0DEA-419E-92C6-6CBAD104284A}.Debug|Any CPU.ActiveCfg = Debug|Any CPU
		{312C8F7E-0DEA-419E-92C6-6CBAD104284A}.Debug|Any CPU.Build.0 = Debug|Any CPU
		{312C8F7E-0DEA-419E-92C6-6CBAD104284A}.Release|Any CPU.ActiveCfg = Release|Any CPU
		{312C8F7E-0DEA-419E-92C6-6CBAD104284A}.Release|Any CPU.Build.0 = Release|Any CPU
		{4E3A38C0-3AE7-4140-AEC3-C7A34566979B}.Debug|Any CPU.ActiveCfg = Debug|Any CPU
		{4E3A38C0-3AE7-4140-AEC3-C7A34566979B}.Debug|Any CPU.Build.0 = Debug|Any CPU
		{4E3A38C0-3AE7-4140-AEC3-C7A34566979B}.Release|Any CPU.ActiveCfg = Release|Any CPU
		{4E3A38C0-3AE7-4140-AEC3-C7A34566979B}.Release|Any CPU.Build.0 = Release|Any CPU
		{8D45D43B-7A41-49D1-9D0E-80501FA24098}.Debug|Any CPU.ActiveCfg = Debug|Any CPU
		{8D45D43B-7A41-49D1-9D0E-80501FA24098}.Debug|Any CPU.Build.0 = Debug|Any CPU
		{8D45D43B-7A41-49D1-9D0E-80501FA24098}.Release|Any CPU.ActiveCfg = Release|Any CPU
		{8D45D43B-7A41-49D1-9D0E-80501FA24098}.Release|Any CPU.Build.0 = Release|Any CPU
		{69C65C26-7646-434C-9322-0A42ECE6C516}.Debug|Any CPU.ActiveCfg = Debug|Any CPU
		{69C65C26-7646-434C-9322-0A42ECE6C516}.Debug|Any CPU.Build.0 = Debug|Any CPU
		{69C65C26-7646-434C-9322-0A42ECE6C516}.Release|Any CPU.ActiveCfg = Release|Any CPU
		{69C65C26-7646-434C-9322-0A42ECE6C516}.Release|Any CPU.Build.0 = Release|Any CPU
		{AE82BD55-39E6-49B1-883A-5D5623BFD6B1}.Debug|Any CPU.ActiveCfg = Debug|Any CPU
		{AE82BD55-39E6-49B1-883A-5D5623BFD6B1}.Debug|Any CPU.Build.0 = Debug|Any CPU
		{AE82BD55-39E6-49B1-883A-5D5623BFD6B1}.Release|Any CPU.ActiveCfg = Release|Any CPU
		{AE82BD55-39E6-49B1-883A-5D5623BFD6B1}.Release|Any CPU.Build.0 = Release|Any CPU
		{3155C570-D47D-43D3-84AD-4013DD79B642}.Debug|Any CPU.ActiveCfg = Debug|Any CPU
		{3155C570-D47D-43D3-84AD-4013DD79B642}.Debug|Any CPU.Build.0 = Debug|Any CPU
		{3155C570-D47D-43D3-84AD-4013DD79B642}.Release|Any CPU.ActiveCfg = Release|Any CPU
		{3155C570-D47D-43D3-84AD-4013DD79B642}.Release|Any CPU.Build.0 = Release|Any CPU
	EndGlobalSection
	GlobalSection(SolutionProperties) = preSolution
		HideSolutionNode = FALSE
	EndGlobalSection
EndGlobal
